
Microsoft Visual Studio Solution File, Format Version 12.00
# Visual Studio 15
VisualStudioVersion = 15.0.27004.2002
MinimumVisualStudioVersion = 10.0.40219.1
Project("{FAE04EC0-301F-11D3-BF4B-00C04F79EFBC}") = "XF_MasterDetail6.Android", "XF_MasterDetail6\XF_MasterDetail6.Android\XF_MasterDetail6.Android.csproj", "{2A792808-CFA9-4C46-99F6-EE28A1EA43E5}"
EndProject
Project("{FAE04EC0-301F-11D3-BF4B-00C04F79EFBC}") = "XF_MasterDetail6", "XF_MasterDetail6\XF_MasterDetail6\XF_MasterDetail6.csproj", "{DCEF9730-D2FA-4DCB-9CA9-1D97BA35D01E}"
EndProject
Project("{FAE04EC0-301F-11D3-BF4B-00C04F79EFBC}") = "XF_MasterDetail6.iOS", "XF_MasterDetail6\XF_MasterDetail6.iOS\XF_MasterDetail6.iOS.csproj", "{A0291936-2B99-474B-BF93-0BDA9C16221A}"
EndProject
Global
	GlobalSection(SolutionConfigurationPlatforms) = preSolution
		Ad-Hoc|Any CPU = Ad-Hoc|Any CPU
		Ad-Hoc|ARM = Ad-Hoc|ARM
		Ad-Hoc|iPhone = Ad-Hoc|iPhone
		Ad-Hoc|iPhoneSimulator = Ad-Hoc|iPhoneSimulator
		Ad-Hoc|x64 = Ad-Hoc|x64
		Ad-Hoc|x86 = Ad-Hoc|x86
		AppStore|Any CPU = AppStore|Any CPU
		AppStore|ARM = AppStore|ARM
		AppStore|iPhone = AppStore|iPhone
		AppStore|iPhoneSimulator = AppStore|iPhoneSimulator
		AppStore|x64 = AppStore|x64
		AppStore|x86 = AppStore|x86
		Debug|Any CPU = Debug|Any CPU
		Debug|ARM = Debug|ARM
		Debug|iPhone = Debug|iPhone
		Debug|iPhoneSimulator = Debug|iPhoneSimulator
		Debug|x64 = Debug|x64
		Debug|x86 = Debug|x86
		Release|Any CPU = Release|Any CPU
		Release|ARM = Release|ARM
		Release|iPhone = Release|iPhone
		Release|iPhoneSimulator = Release|iPhoneSimulator
		Release|x64 = Release|x64
		Release|x86 = Release|x86
	EndGlobalSection
	GlobalSection(ProjectConfigurationPlatforms) = postSolution
		{2A792808-CFA9-4C46-99F6-EE28A1EA43E5}.Ad-Hoc|Any CPU.ActiveCfg = Release|Any CPU
		{2A792808-CFA9-4C46-99F6-EE28A1EA43E5}.Ad-Hoc|Any CPU.Build.0 = Release|Any CPU
		{2A792808-CFA9-4C46-99F6-EE28A1EA43E5}.Ad-Hoc|Any CPU.Deploy.0 = Release|Any CPU
		{2A792808-CFA9-4C46-99F6-EE28A1EA43E5}.Ad-Hoc|ARM.ActiveCfg = Release|Any CPU
		{2A792808-CFA9-4C46-99F6-EE28A1EA43E5}.Ad-Hoc|ARM.Build.0 = Release|Any CPU
		{2A792808-CFA9-4C46-99F6-EE28A1EA43E5}.Ad-Hoc|ARM.Deploy.0 = Release|Any CPU
		{2A792808-CFA9-4C46-99F6-EE28A1EA43E5}.Ad-Hoc|iPhone.ActiveCfg = Release|Any CPU
		{2A792808-CFA9-4C46-99F6-EE28A1EA43E5}.Ad-Hoc|iPhone.Build.0 = Release|Any CPU
		{2A792808-CFA9-4C46-99F6-EE28A1EA43E5}.Ad-Hoc|iPhone.Deploy.0 = Release|Any CPU
		{2A792808-CFA9-4C46-99F6-EE28A1EA43E5}.Ad-Hoc|iPhoneSimulator.ActiveCfg = Release|Any CPU
		{2A792808-CFA9-4C46-99F6-EE28A1EA43E5}.Ad-Hoc|iPhoneSimulator.Build.0 = Release|Any CPU
		{2A792808-CFA9-4C46-99F6-EE28A1EA43E5}.Ad-Hoc|iPhoneSimulator.Deploy.0 = Release|Any CPU
		{2A792808-CFA9-4C46-99F6-EE28A1EA43E5}.Ad-Hoc|x64.ActiveCfg = Release|Any CPU
		{2A792808-CFA9-4C46-99F6-EE28A1EA43E5}.Ad-Hoc|x64.Build.0 = Release|Any CPU
		{2A792808-CFA9-4C46-99F6-EE28A1EA43E5}.Ad-Hoc|x64.Deploy.0 = Release|Any CPU
		{2A792808-CFA9-4C46-99F6-EE28A1EA43E5}.Ad-Hoc|x86.ActiveCfg = Release|Any CPU
		{2A792808-CFA9-4C46-99F6-EE28A1EA43E5}.Ad-Hoc|x86.Build.0 = Release|Any CPU
		{2A792808-CFA9-4C46-99F6-EE28A1EA43E5}.Ad-Hoc|x86.Deploy.0 = Release|Any CPU
		{2A792808-CFA9-4C46-99F6-EE28A1EA43E5}.AppStore|Any CPU.ActiveCfg = Release|Any CPU
		{2A792808-CFA9-4C46-99F6-EE28A1EA43E5}.AppStore|Any CPU.Build.0 = Release|Any CPU
		{2A792808-CFA9-4C46-99F6-EE28A1EA43E5}.AppStore|Any CPU.Deploy.0 = Release|Any CPU
		{2A792808-CFA9-4C46-99F6-EE28A1EA43E5}.AppStore|ARM.ActiveCfg = Release|Any CPU
		{2A792808-CFA9-4C46-99F6-EE28A1EA43E5}.AppStore|ARM.Build.0 = Release|Any CPU
		{2A792808-CFA9-4C46-99F6-EE28A1EA43E5}.AppStore|ARM.Deploy.0 = Release|Any CPU
		{2A792808-CFA9-4C46-99F6-EE28A1EA43E5}.AppStore|iPhone.ActiveCfg = Release|Any CPU
		{2A792808-CFA9-4C46-99F6-EE28A1EA43E5}.AppStore|iPhone.Build.0 = Release|Any CPU
		{2A792808-CFA9-4C46-99F6-EE28A1EA43E5}.AppStore|iPhone.Deploy.0 = Release|Any CPU
		{2A792808-CFA9-4C46-99F6-EE28A1EA43E5}.AppStore|iPhoneSimulator.ActiveCfg = Release|Any CPU
		{2A792808-CFA9-4C46-99F6-EE28A1EA43E5}.AppStore|iPhoneSimulator.Build.0 = Release|Any CPU
		{2A792808-CFA9-4C46-99F6-EE28A1EA43E5}.AppStore|iPhoneSimulator.Deploy.0 = Release|Any CPU
		{2A792808-CFA9-4C46-99F6-EE28A1EA43E5}.AppStore|x64.ActiveCfg = Release|Any CPU
		{2A792808-CFA9-4C46-99F6-EE28A1EA43E5}.AppStore|x64.Build.0 = Release|Any CPU
		{2A792808-CFA9-4C46-99F6-EE28A1EA43E5}.AppStore|x64.Deploy.0 = Release|Any CPU
		{2A792808-CFA9-4C46-99F6-EE28A1EA43E5}.AppStore|x86.ActiveCfg = Release|Any CPU
		{2A792808-CFA9-4C46-99F6-EE28A1EA43E5}.AppStore|x86.Build.0 = Release|Any CPU
		{2A792808-CFA9-4C46-99F6-EE28A1EA43E5}.AppStore|x86.Deploy.0 = Release|Any CPU
		{2A792808-CFA9-4C46-99F6-EE28A1EA43E5}.Debug|Any CPU.ActiveCfg = Debug|Any CPU
		{2A792808-CFA9-4C46-99F6-EE28A1EA43E5}.Debug|Any CPU.Build.0 = Debug|Any CPU
		{2A792808-CFA9-4C46-99F6-EE28A1EA43E5}.Debug|Any CPU.Deploy.0 = Debug|Any CPU
		{2A792808-CFA9-4C46-99F6-EE28A1EA43E5}.Debug|ARM.ActiveCfg = Debug|Any CPU
		{2A792808-CFA9-4C46-99F6-EE28A1EA43E5}.Debug|ARM.Build.0 = Debug|Any CPU
		{2A792808-CFA9-4C46-99F6-EE28A1EA43E5}.Debug|ARM.Deploy.0 = Debug|Any CPU
		{2A792808-CFA9-4C46-99F6-EE28A1EA43E5}.Debug|iPhone.ActiveCfg = Debug|Any CPU
		{2A792808-CFA9-4C46-99F6-EE28A1EA43E5}.Debug|iPhone.Build.0 = Debug|Any CPU
		{2A792808-CFA9-4C46-99F6-EE28A1EA43E5}.Debug|iPhone.Deploy.0 = Debug|Any CPU
		{2A792808-CFA9-4C46-99F6-EE28A1EA43E5}.Debug|iPhoneSimulator.ActiveCfg = Debug|Any CPU
		{2A792808-CFA9-4C46-99F6-EE28A1EA43E5}.Debug|iPhoneSimulator.Build.0 = Debug|Any CPU
		{2A792808-CFA9-4C46-99F6-EE28A1EA43E5}.Debug|iPhoneSimulator.Deploy.0 = Debug|Any CPU
		{2A792808-CFA9-4C46-99F6-EE28A1EA43E5}.Debug|x64.ActiveCfg = Debug|Any CPU
		{2A792808-CFA9-4C46-99F6-EE28A1EA43E5}.Debug|x64.Build.0 = Debug|Any CPU
		{2A792808-CFA9-4C46-99F6-EE28A1EA43E5}.Debug|x64.Deploy.0 = Debug|Any CPU
		{2A792808-CFA9-4C46-99F6-EE28A1EA43E5}.Debug|x86.ActiveCfg = Debug|Any CPU
		{2A792808-CFA9-4C46-99F6-EE28A1EA43E5}.Debug|x86.Build.0 = Debug|Any CPU
		{2A792808-CFA9-4C46-99F6-EE28A1EA43E5}.Debug|x86.Deploy.0 = Debug|Any CPU
		{2A792808-CFA9-4C46-99F6-EE28A1EA43E5}.Release|Any CPU.ActiveCfg = Release|Any CPU
		{2A792808-CFA9-4C46-99F6-EE28A1EA43E5}.Release|Any CPU.Build.0 = Release|Any CPU
		{2A792808-CFA9-4C46-99F6-EE28A1EA43E5}.Release|Any CPU.Deploy.0 = Release|Any CPU
		{2A792808-CFA9-4C46-99F6-EE28A1EA43E5}.Release|ARM.ActiveCfg = Release|Any CPU
		{2A792808-CFA9-4C46-99F6-EE28A1EA43E5}.Release|ARM.Build.0 = Release|Any CPU
		{2A792808-CFA9-4C46-99F6-EE28A1EA43E5}.Release|ARM.Deploy.0 = Release|Any CPU
		{2A792808-CFA9-4C46-99F6-EE28A1EA43E5}.Release|iPhone.ActiveCfg = Release|Any CPU
		{2A792808-CFA9-4C46-99F6-EE28A1EA43E5}.Release|iPhone.Build.0 = Release|Any CPU
		{2A792808-CFA9-4C46-99F6-EE28A1EA43E5}.Release|iPhone.Deploy.0 = Release|Any CPU
		{2A792808-CFA9-4C46-99F6-EE28A1EA43E5}.Release|iPhoneSimulator.ActiveCfg = Release|Any CPU
		{2A792808-CFA9-4C46-99F6-EE28A1EA43E5}.Release|iPhoneSimulator.Build.0 = Release|Any CPU
		{2A792808-CFA9-4C46-99F6-EE28A1EA43E5}.Release|iPhoneSimulator.Deploy.0 = Release|Any CPU
		{2A792808-CFA9-4C46-99F6-EE28A1EA43E5}.Release|x64.ActiveCfg = Release|Any CPU
		{2A792808-CFA9-4C46-99F6-EE28A1EA43E5}.Release|x64.Build.0 = Release|Any CPU
		{2A792808-CFA9-4C46-99F6-EE28A1EA43E5}.Release|x64.Deploy.0 = Release|Any CPU
		{2A792808-CFA9-4C46-99F6-EE28A1EA43E5}.Release|x86.ActiveCfg = Release|Any CPU
		{2A792808-CFA9-4C46-99F6-EE28A1EA43E5}.Release|x86.Build.0 = Release|Any CPU
		{2A792808-CFA9-4C46-99F6-EE28A1EA43E5}.Release|x86.Deploy.0 = Release|Any CPU
		{DCEF9730-D2FA-4DCB-9CA9-1D97BA35D01E}.Ad-Hoc|Any CPU.ActiveCfg = Release|Any CPU
		{DCEF9730-D2FA-4DCB-9CA9-1D97BA35D01E}.Ad-Hoc|Any CPU.Build.0 = Release|Any CPU
		{DCEF9730-D2FA-4DCB-9CA9-1D97BA35D01E}.Ad-Hoc|ARM.ActiveCfg = Release|Any CPU
		{DCEF9730-D2FA-4DCB-9CA9-1D97BA35D01E}.Ad-Hoc|ARM.Build.0 = Release|Any CPU
		{DCEF9730-D2FA-4DCB-9CA9-1D97BA35D01E}.Ad-Hoc|iPhone.ActiveCfg = Release|Any CPU
		{DCEF9730-D2FA-4DCB-9CA9-1D97BA35D01E}.Ad-Hoc|iPhone.Build.0 = Release|Any CPU
		{DCEF9730-D2FA-4DCB-9CA9-1D97BA35D01E}.Ad-Hoc|iPhoneSimulator.ActiveCfg = Release|Any CPU
		{DCEF9730-D2FA-4DCB-9CA9-1D97BA35D01E}.Ad-Hoc|iPhoneSimulator.Build.0 = Release|Any CPU
		{DCEF9730-D2FA-4DCB-9CA9-1D97BA35D01E}.Ad-Hoc|x64.ActiveCfg = Release|Any CPU
		{DCEF9730-D2FA-4DCB-9CA9-1D97BA35D01E}.Ad-Hoc|x64.Build.0 = Release|Any CPU
		{DCEF9730-D2FA-4DCB-9CA9-1D97BA35D01E}.Ad-Hoc|x86.ActiveCfg = Release|Any CPU
		{DCEF9730-D2FA-4DCB-9CA9-1D97BA35D01E}.Ad-Hoc|x86.Build.0 = Release|Any CPU
		{DCEF9730-D2FA-4DCB-9CA9-1D97BA35D01E}.AppStore|Any CPU.ActiveCfg = Release|Any CPU
		{DCEF9730-D2FA-4DCB-9CA9-1D97BA35D01E}.AppStore|Any CPU.Build.0 = Release|Any CPU
		{DCEF9730-D2FA-4DCB-9CA9-1D97BA35D01E}.AppStore|ARM.ActiveCfg = Release|Any CPU
		{DCEF9730-D2FA-4DCB-9CA9-1D97BA35D01E}.AppStore|ARM.Build.0 = Release|Any CPU
		{DCEF9730-D2FA-4DCB-9CA9-1D97BA35D01E}.AppStore|iPhone.ActiveCfg = Release|Any CPU
		{DCEF9730-D2FA-4DCB-9CA9-1D97BA35D01E}.AppStore|iPhone.Build.0 = Release|Any CPU
		{DCEF9730-D2FA-4DCB-9CA9-1D97BA35D01E}.AppStore|iPhoneSimulator.ActiveCfg = Release|Any CPU
		{DCEF9730-D2FA-4DCB-9CA9-1D97BA35D01E}.AppStore|iPhoneSimulator.Build.0 = Release|Any CPU
		{DCEF9730-D2FA-4DCB-9CA9-1D97BA35D01E}.AppStore|x64.ActiveCfg = Release|Any CPU
		{DCEF9730-D2FA-4DCB-9CA9-1D97BA35D01E}.AppStore|x64.Build.0 = Release|Any CPU
		{DCEF9730-D2FA-4DCB-9CA9-1D97BA35D01E}.AppStore|x86.ActiveCfg = Release|Any CPU
		{DCEF9730-D2FA-4DCB-9CA9-1D97BA35D01E}.AppStore|x86.Build.0 = Release|Any CPU
		{DCEF9730-D2FA-4DCB-9CA9-1D97BA35D01E}.Debug|Any CPU.ActiveCfg = Debug|Any CPU
		{DCEF9730-D2FA-4DCB-9CA9-1D97BA35D01E}.Debug|Any CPU.Build.0 = Debug|Any CPU
		{DCEF9730-D2FA-4DCB-9CA9-1D97BA35D01E}.Debug|ARM.ActiveCfg = Debug|Any CPU
		{DCEF9730-D2FA-4DCB-9CA9-1D97BA35D01E}.Debug|ARM.Build.0 = Debug|Any CPU
		{DCEF9730-D2FA-4DCB-9CA9-1D97BA35D01E}.Debug|iPhone.ActiveCfg = Debug|Any CPU
		{DCEF9730-D2FA-4DCB-9CA9-1D97BA35D01E}.Debug|iPhone.Build.0 = Debug|Any CPU
		{DCEF9730-D2FA-4DCB-9CA9-1D97BA35D01E}.Debug|iPhoneSimulator.ActiveCfg = Debug|Any CPU
		{DCEF9730-D2FA-4DCB-9CA9-1D97BA35D01E}.Debug|iPhoneSimulator.Build.0 = Debug|Any CPU
		{DCEF9730-D2FA-4DCB-9CA9-1D97BA35D01E}.Debug|x64.ActiveCfg = Debug|Any CPU
		{DCEF9730-D2FA-4DCB-9CA9-1D97BA35D01E}.Debug|x64.Build.0 = Debug|Any CPU
		{DCEF9730-D2FA-4DCB-9CA9-1D97BA35D01E}.Debug|x86.ActiveCfg = Debug|Any CPU
		{DCEF9730-D2FA-4DCB-9CA9-1D97BA35D01E}.Debug|x86.Build.0 = Debug|Any CPU
		{DCEF9730-D2FA-4DCB-9CA9-1D97BA35D01E}.Release|Any CPU.ActiveCfg = Release|Any CPU
		{DCEF9730-D2FA-4DCB-9CA9-1D97BA35D01E}.Release|Any CPU.Build.0 = Release|Any CPU
		{DCEF9730-D2FA-4DCB-9CA9-1D97BA35D01E}.Release|ARM.ActiveCfg = Release|Any CPU
		{DCEF9730-D2FA-4DCB-9CA9-1D97BA35D01E}.Release|ARM.Build.0 = Release|Any CPU
		{DCEF9730-D2FA-4DCB-9CA9-1D97BA35D01E}.Release|iPhone.ActiveCfg = Release|Any CPU
		{DCEF9730-D2FA-4DCB-9CA9-1D97BA35D01E}.Release|iPhone.Build.0 = Release|Any CPU
		{DCEF9730-D2FA-4DCB-9CA9-1D97BA35D01E}.Release|iPhoneSimulator.ActiveCfg = Release|Any CPU
		{DCEF9730-D2FA-4DCB-9CA9-1D97BA35D01E}.Release|iPhoneSimulator.Build.0 = Release|Any CPU
		{DCEF9730-D2FA-4DCB-9CA9-1D97BA35D01E}.Release|x64.ActiveCfg = Release|Any CPU
		{DCEF9730-D2FA-4DCB-9CA9-1D97BA35D01E}.Release|x64.Build.0 = Release|Any CPU
		{DCEF9730-D2FA-4DCB-9CA9-1D97BA35D01E}.Release|x86.ActiveCfg = Release|Any CPU
		{DCEF9730-D2FA-4DCB-9CA9-1D97BA35D01E}.Release|x86.Build.0 = Release|Any CPU
		{A0291936-2B99-474B-BF93-0BDA9C16221A}.Ad-Hoc|Any CPU.ActiveCfg = Ad-Hoc|iPhoneSimulator
		{A0291936-2B99-474B-BF93-0BDA9C16221A}.Ad-Hoc|ARM.ActiveCfg = Ad-Hoc|iPhone
		{A0291936-2B99-474B-BF93-0BDA9C16221A}.Ad-Hoc|iPhone.ActiveCfg = Ad-Hoc|iPhone
		{A0291936-2B99-474B-BF93-0BDA9C16221A}.Ad-Hoc|iPhone.Build.0 = Ad-Hoc|iPhone
		{A0291936-2B99-474B-BF93-0BDA9C16221A}.Ad-Hoc|iPhoneSimulator.ActiveCfg = Ad-Hoc|iPhoneSimulator
		{A0291936-2B99-474B-BF93-0BDA9C16221A}.Ad-Hoc|iPhoneSimulator.Build.0 = Ad-Hoc|iPhoneSimulator
		{A0291936-2B99-474B-BF93-0BDA9C16221A}.Ad-Hoc|x64.ActiveCfg = Ad-Hoc|iPhone
		{A0291936-2B99-474B-BF93-0BDA9C16221A}.Ad-Hoc|x86.ActiveCfg = Ad-Hoc|iPhone
		{A0291936-2B99-474B-BF93-0BDA9C16221A}.AppStore|Any CPU.ActiveCfg = AppStore|iPhoneSimulator
		{A0291936-2B99-474B-BF93-0BDA9C16221A}.AppStore|ARM.ActiveCfg = AppStore|iPhone
		{A0291936-2B99-474B-BF93-0BDA9C16221A}.AppStore|iPhone.ActiveCfg = AppStore|iPhone
		{A0291936-2B99-474B-BF93-0BDA9C16221A}.AppStore|iPhone.Build.0 = AppStore|iPhone
		{A0291936-2B99-474B-BF93-0BDA9C16221A}.AppStore|iPhoneSimulator.ActiveCfg = AppStore|iPhoneSimulator
		{A0291936-2B99-474B-BF93-0BDA9C16221A}.AppStore|iPhoneSimulator.Build.0 = AppStore|iPhoneSimulator
		{A0291936-2B99-474B-BF93-0BDA9C16221A}.AppStore|x64.ActiveCfg = AppStore|iPhone
		{A0291936-2B99-474B-BF93-0BDA9C16221A}.AppStore|x86.ActiveCfg = AppStore|iPhone
		{A0291936-2B99-474B-BF93-0BDA9C16221A}.Debug|Any CPU.ActiveCfg = Debug|iPhoneSimulator
		{A0291936-2B99-474B-BF93-0BDA9C16221A}.Debug|ARM.ActiveCfg = Debug|iPhone
		{A0291936-2B99-474B-BF93-0BDA9C16221A}.Debug|iPhone.ActiveCfg = Debug|iPhone
		{A0291936-2B99-474B-BF93-0BDA9C16221A}.Debug|iPhone.Build.0 = Debug|iPhone
		{A0291936-2B99-474B-BF93-0BDA9C16221A}.Debug|iPhoneSimulator.ActiveCfg = Debug|iPhoneSimulator
		{A0291936-2B99-474B-BF93-0BDA9C16221A}.Debug|iPhoneSimulator.Build.0 = Debug|iPhoneSimulator
		{A0291936-2B99-474B-BF93-0BDA9C16221A}.Debug|x64.ActiveCfg = Debug|iPhone
		{A0291936-2B99-474B-BF93-0BDA9C16221A}.Debug|x86.ActiveCfg = Debug|iPhone
		{A0291936-2B99-474B-BF93-0BDA9C16221A}.Release|Any CPU.ActiveCfg = Release|iPhoneSimulator
		{A0291936-2B99-474B-BF93-0BDA9C16221A}.Release|ARM.ActiveCfg = Release|iPhone
		{A0291936-2B99-474B-BF93-0BDA9C16221A}.Release|iPhone.ActiveCfg = Release|iPhone
		{A0291936-2B99-474B-BF93-0BDA9C16221A}.Release|iPhone.Build.0 = Release|iPhone
		{A0291936-2B99-474B-BF93-0BDA9C16221A}.Release|iPhoneSimulator.ActiveCfg = Release|iPhoneSimulator
		{A0291936-2B99-474B-BF93-0BDA9C16221A}.Release|iPhoneSimulator.Build.0 = Release|iPhoneSimulator
		{A0291936-2B99-474B-BF93-0BDA9C16221A}.Release|x64.ActiveCfg = Release|iPhone
		{A0291936-2B99-474B-BF93-0BDA9C16221A}.Release|x86.ActiveCfg = Release|iPhone
	EndGlobalSection
	GlobalSection(SolutionProperties) = preSolution
		HideSolutionNode = FALSE
	EndGlobalSection
	GlobalSection(ExtensibilityGlobals) = postSolution
		SolutionGuid = {80171A66-F845-496F-B094-F6F7554C9588}
	EndGlobalSection
EndGlobal
