
Microsoft Visual Studio Solution File, Format Version 12.00
# Visual Studio 14
VisualStudioVersion = 14.0.25420.1
MinimumVisualStudioVersion = 10.0.40219.1
Project("{FAE04EC0-301F-11D3-BF4B-00C04F79EFBC}") = "XF_DisplayAlert", "XF_DisplayAlert\XF_DisplayAlert\XF_DisplayAlert.csproj", "{4E43FC2F-03C3-44BF-BF9F-E3C1EB298FD9}"
EndProject
Project("{FAE04EC0-301F-11D3-BF4B-00C04F79EFBC}") = "XF_DisplayAlert.Droid", "XF_DisplayAlert\XF_DisplayAlert.Droid\XF_DisplayAlert.Droid.csproj", "{2A9DEF78-817F-420E-A94E-E7D2C584FB8B}"
EndProject
Project("{FAE04EC0-301F-11D3-BF4B-00C04F79EFBC}") = "XF_DisplayAlert.iOS", "XF_DisplayAlert\XF_DisplayAlert.iOS\XF_DisplayAlert.iOS.csproj", "{8D8057CF-E883-4DFE-8340-D4573443D8B4}"
EndProject
Project("{FAE04EC0-301F-11D3-BF4B-00C04F79EFBC}") = "XF_DisplayAlert.UWP", "XF_DisplayAlert\XF_DisplayAlert.UWP\XF_DisplayAlert.UWP.csproj", "{DB92422A-9D81-4F12-8755-0FED4514B02D}"
EndProject
Global
	GlobalSection(SolutionConfigurationPlatforms) = preSolution
		Ad-Hoc|Any CPU = Ad-Hoc|Any CPU
		Ad-Hoc|ARM = Ad-Hoc|ARM
		Ad-Hoc|iPhone = Ad-Hoc|iPhone
		Ad-Hoc|iPhoneSimulator = Ad-Hoc|iPhoneSimulator
		Ad-Hoc|x64 = Ad-Hoc|x64
		Ad-Hoc|x86 = Ad-Hoc|x86
		AppStore|Any CPU = AppStore|Any CPU
		AppStore|ARM = AppStore|ARM
		AppStore|iPhone = AppStore|iPhone
		AppStore|iPhoneSimulator = AppStore|iPhoneSimulator
		AppStore|x64 = AppStore|x64
		AppStore|x86 = AppStore|x86
		Debug|Any CPU = Debug|Any CPU
		Debug|ARM = Debug|ARM
		Debug|iPhone = Debug|iPhone
		Debug|iPhoneSimulator = Debug|iPhoneSimulator
		Debug|x64 = Debug|x64
		Debug|x86 = Debug|x86
		Release|Any CPU = Release|Any CPU
		Release|ARM = Release|ARM
		Release|iPhone = Release|iPhone
		Release|iPhoneSimulator = Release|iPhoneSimulator
		Release|x64 = Release|x64
		Release|x86 = Release|x86
	EndGlobalSection
	GlobalSection(ProjectConfigurationPlatforms) = postSolution
		{4E43FC2F-03C3-44BF-BF9F-E3C1EB298FD9}.Ad-Hoc|Any CPU.ActiveCfg = Release|Any CPU
		{4E43FC2F-03C3-44BF-BF9F-E3C1EB298FD9}.Ad-Hoc|Any CPU.Build.0 = Release|Any CPU
		{4E43FC2F-03C3-44BF-BF9F-E3C1EB298FD9}.Ad-Hoc|ARM.ActiveCfg = Release|Any CPU
		{4E43FC2F-03C3-44BF-BF9F-E3C1EB298FD9}.Ad-Hoc|ARM.Build.0 = Release|Any CPU
		{4E43FC2F-03C3-44BF-BF9F-E3C1EB298FD9}.Ad-Hoc|iPhone.ActiveCfg = Release|Any CPU
		{4E43FC2F-03C3-44BF-BF9F-E3C1EB298FD9}.Ad-Hoc|iPhone.Build.0 = Release|Any CPU
		{4E43FC2F-03C3-44BF-BF9F-E3C1EB298FD9}.Ad-Hoc|iPhoneSimulator.ActiveCfg = Release|Any CPU
		{4E43FC2F-03C3-44BF-BF9F-E3C1EB298FD9}.Ad-Hoc|iPhoneSimulator.Build.0 = Release|Any CPU
		{4E43FC2F-03C3-44BF-BF9F-E3C1EB298FD9}.Ad-Hoc|x64.ActiveCfg = Release|Any CPU
		{4E43FC2F-03C3-44BF-BF9F-E3C1EB298FD9}.Ad-Hoc|x64.Build.0 = Release|Any CPU
		{4E43FC2F-03C3-44BF-BF9F-E3C1EB298FD9}.Ad-Hoc|x86.ActiveCfg = Release|Any CPU
		{4E43FC2F-03C3-44BF-BF9F-E3C1EB298FD9}.Ad-Hoc|x86.Build.0 = Release|Any CPU
		{4E43FC2F-03C3-44BF-BF9F-E3C1EB298FD9}.AppStore|Any CPU.ActiveCfg = Release|Any CPU
		{4E43FC2F-03C3-44BF-BF9F-E3C1EB298FD9}.AppStore|Any CPU.Build.0 = Release|Any CPU
		{4E43FC2F-03C3-44BF-BF9F-E3C1EB298FD9}.AppStore|ARM.ActiveCfg = Release|Any CPU
		{4E43FC2F-03C3-44BF-BF9F-E3C1EB298FD9}.AppStore|ARM.Build.0 = Release|Any CPU
		{4E43FC2F-03C3-44BF-BF9F-E3C1EB298FD9}.AppStore|iPhone.ActiveCfg = Release|Any CPU
		{4E43FC2F-03C3-44BF-BF9F-E3C1EB298FD9}.AppStore|iPhone.Build.0 = Release|Any CPU
		{4E43FC2F-03C3-44BF-BF9F-E3C1EB298FD9}.AppStore|iPhoneSimulator.ActiveCfg = Release|Any CPU
		{4E43FC2F-03C3-44BF-BF9F-E3C1EB298FD9}.AppStore|iPhoneSimulator.Build.0 = Release|Any CPU
		{4E43FC2F-03C3-44BF-BF9F-E3C1EB298FD9}.AppStore|x64.ActiveCfg = Release|Any CPU
		{4E43FC2F-03C3-44BF-BF9F-E3C1EB298FD9}.AppStore|x64.Build.0 = Release|Any CPU
		{4E43FC2F-03C3-44BF-BF9F-E3C1EB298FD9}.AppStore|x86.ActiveCfg = Release|Any CPU
		{4E43FC2F-03C3-44BF-BF9F-E3C1EB298FD9}.AppStore|x86.Build.0 = Release|Any CPU
		{4E43FC2F-03C3-44BF-BF9F-E3C1EB298FD9}.Debug|Any CPU.ActiveCfg = Debug|Any CPU
		{4E43FC2F-03C3-44BF-BF9F-E3C1EB298FD9}.Debug|Any CPU.Build.0 = Debug|Any CPU
		{4E43FC2F-03C3-44BF-BF9F-E3C1EB298FD9}.Debug|ARM.ActiveCfg = Debug|Any CPU
		{4E43FC2F-03C3-44BF-BF9F-E3C1EB298FD9}.Debug|ARM.Build.0 = Debug|Any CPU
		{4E43FC2F-03C3-44BF-BF9F-E3C1EB298FD9}.Debug|iPhone.ActiveCfg = Debug|Any CPU
		{4E43FC2F-03C3-44BF-BF9F-E3C1EB298FD9}.Debug|iPhone.Build.0 = Debug|Any CPU
		{4E43FC2F-03C3-44BF-BF9F-E3C1EB298FD9}.Debug|iPhoneSimulator.ActiveCfg = Debug|Any CPU
		{4E43FC2F-03C3-44BF-BF9F-E3C1EB298FD9}.Debug|iPhoneSimulator.Build.0 = Debug|Any CPU
		{4E43FC2F-03C3-44BF-BF9F-E3C1EB298FD9}.Debug|x64.ActiveCfg = Debug|Any CPU
		{4E43FC2F-03C3-44BF-BF9F-E3C1EB298FD9}.Debug|x64.Build.0 = Debug|Any CPU
		{4E43FC2F-03C3-44BF-BF9F-E3C1EB298FD9}.Debug|x86.ActiveCfg = Debug|Any CPU
		{4E43FC2F-03C3-44BF-BF9F-E3C1EB298FD9}.Debug|x86.Build.0 = Debug|Any CPU
		{4E43FC2F-03C3-44BF-BF9F-E3C1EB298FD9}.Release|Any CPU.ActiveCfg = Release|Any CPU
		{4E43FC2F-03C3-44BF-BF9F-E3C1EB298FD9}.Release|Any CPU.Build.0 = Release|Any CPU
		{4E43FC2F-03C3-44BF-BF9F-E3C1EB298FD9}.Release|ARM.ActiveCfg = Release|Any CPU
		{4E43FC2F-03C3-44BF-BF9F-E3C1EB298FD9}.Release|ARM.Build.0 = Release|Any CPU
		{4E43FC2F-03C3-44BF-BF9F-E3C1EB298FD9}.Release|iPhone.ActiveCfg = Release|Any CPU
		{4E43FC2F-03C3-44BF-BF9F-E3C1EB298FD9}.Release|iPhone.Build.0 = Release|Any CPU
		{4E43FC2F-03C3-44BF-BF9F-E3C1EB298FD9}.Release|iPhoneSimulator.ActiveCfg = Release|Any CPU
		{4E43FC2F-03C3-44BF-BF9F-E3C1EB298FD9}.Release|iPhoneSimulator.Build.0 = Release|Any CPU
		{4E43FC2F-03C3-44BF-BF9F-E3C1EB298FD9}.Release|x64.ActiveCfg = Release|Any CPU
		{4E43FC2F-03C3-44BF-BF9F-E3C1EB298FD9}.Release|x64.Build.0 = Release|Any CPU
		{4E43FC2F-03C3-44BF-BF9F-E3C1EB298FD9}.Release|x86.ActiveCfg = Release|Any CPU
		{4E43FC2F-03C3-44BF-BF9F-E3C1EB298FD9}.Release|x86.Build.0 = Release|Any CPU
		{2A9DEF78-817F-420E-A94E-E7D2C584FB8B}.Ad-Hoc|Any CPU.ActiveCfg = Release|Any CPU
		{2A9DEF78-817F-420E-A94E-E7D2C584FB8B}.Ad-Hoc|Any CPU.Build.0 = Release|Any CPU
		{2A9DEF78-817F-420E-A94E-E7D2C584FB8B}.Ad-Hoc|Any CPU.Deploy.0 = Release|Any CPU
		{2A9DEF78-817F-420E-A94E-E7D2C584FB8B}.Ad-Hoc|ARM.ActiveCfg = Release|Any CPU
		{2A9DEF78-817F-420E-A94E-E7D2C584FB8B}.Ad-Hoc|ARM.Build.0 = Release|Any CPU
		{2A9DEF78-817F-420E-A94E-E7D2C584FB8B}.Ad-Hoc|ARM.Deploy.0 = Release|Any CPU
		{2A9DEF78-817F-420E-A94E-E7D2C584FB8B}.Ad-Hoc|iPhone.ActiveCfg = Release|Any CPU
		{2A9DEF78-817F-420E-A94E-E7D2C584FB8B}.Ad-Hoc|iPhone.Build.0 = Release|Any CPU
		{2A9DEF78-817F-420E-A94E-E7D2C584FB8B}.Ad-Hoc|iPhone.Deploy.0 = Release|Any CPU
		{2A9DEF78-817F-420E-A94E-E7D2C584FB8B}.Ad-Hoc|iPhoneSimulator.ActiveCfg = Release|Any CPU
		{2A9DEF78-817F-420E-A94E-E7D2C584FB8B}.Ad-Hoc|iPhoneSimulator.Build.0 = Release|Any CPU
		{2A9DEF78-817F-420E-A94E-E7D2C584FB8B}.Ad-Hoc|iPhoneSimulator.Deploy.0 = Release|Any CPU
		{2A9DEF78-817F-420E-A94E-E7D2C584FB8B}.Ad-Hoc|x64.ActiveCfg = Release|Any CPU
		{2A9DEF78-817F-420E-A94E-E7D2C584FB8B}.Ad-Hoc|x64.Build.0 = Release|Any CPU
		{2A9DEF78-817F-420E-A94E-E7D2C584FB8B}.Ad-Hoc|x64.Deploy.0 = Release|Any CPU
		{2A9DEF78-817F-420E-A94E-E7D2C584FB8B}.Ad-Hoc|x86.ActiveCfg = Release|Any CPU
		{2A9DEF78-817F-420E-A94E-E7D2C584FB8B}.Ad-Hoc|x86.Build.0 = Release|Any CPU
		{2A9DEF78-817F-420E-A94E-E7D2C584FB8B}.Ad-Hoc|x86.Deploy.0 = Release|Any CPU
		{2A9DEF78-817F-420E-A94E-E7D2C584FB8B}.AppStore|Any CPU.ActiveCfg = Release|Any CPU
		{2A9DEF78-817F-420E-A94E-E7D2C584FB8B}.AppStore|Any CPU.Build.0 = Release|Any CPU
		{2A9DEF78-817F-420E-A94E-E7D2C584FB8B}.AppStore|Any CPU.Deploy.0 = Release|Any CPU
		{2A9DEF78-817F-420E-A94E-E7D2C584FB8B}.AppStore|ARM.ActiveCfg = Release|Any CPU
		{2A9DEF78-817F-420E-A94E-E7D2C584FB8B}.AppStore|ARM.Build.0 = Release|Any CPU
		{2A9DEF78-817F-420E-A94E-E7D2C584FB8B}.AppStore|ARM.Deploy.0 = Release|Any CPU
		{2A9DEF78-817F-420E-A94E-E7D2C584FB8B}.AppStore|iPhone.ActiveCfg = Release|Any CPU
		{2A9DEF78-817F-420E-A94E-E7D2C584FB8B}.AppStore|iPhone.Build.0 = Release|Any CPU
		{2A9DEF78-817F-420E-A94E-E7D2C584FB8B}.AppStore|iPhone.Deploy.0 = Release|Any CPU
		{2A9DEF78-817F-420E-A94E-E7D2C584FB8B}.AppStore|iPhoneSimulator.ActiveCfg = Release|Any CPU
		{2A9DEF78-817F-420E-A94E-E7D2C584FB8B}.AppStore|iPhoneSimulator.Build.0 = Release|Any CPU
		{2A9DEF78-817F-420E-A94E-E7D2C584FB8B}.AppStore|iPhoneSimulator.Deploy.0 = Release|Any CPU
		{2A9DEF78-817F-420E-A94E-E7D2C584FB8B}.AppStore|x64.ActiveCfg = Release|Any CPU
		{2A9DEF78-817F-420E-A94E-E7D2C584FB8B}.AppStore|x64.Build.0 = Release|Any CPU
		{2A9DEF78-817F-420E-A94E-E7D2C584FB8B}.AppStore|x64.Deploy.0 = Release|Any CPU
		{2A9DEF78-817F-420E-A94E-E7D2C584FB8B}.AppStore|x86.ActiveCfg = Release|Any CPU
		{2A9DEF78-817F-420E-A94E-E7D2C584FB8B}.AppStore|x86.Build.0 = Release|Any CPU
		{2A9DEF78-817F-420E-A94E-E7D2C584FB8B}.AppStore|x86.Deploy.0 = Release|Any CPU
		{2A9DEF78-817F-420E-A94E-E7D2C584FB8B}.Debug|Any CPU.ActiveCfg = Debug|Any CPU
		{2A9DEF78-817F-420E-A94E-E7D2C584FB8B}.Debug|Any CPU.Build.0 = Debug|Any CPU
		{2A9DEF78-817F-420E-A94E-E7D2C584FB8B}.Debug|Any CPU.Deploy.0 = Debug|Any CPU
		{2A9DEF78-817F-420E-A94E-E7D2C584FB8B}.Debug|ARM.ActiveCfg = Debug|Any CPU
		{2A9DEF78-817F-420E-A94E-E7D2C584FB8B}.Debug|ARM.Build.0 = Debug|Any CPU
		{2A9DEF78-817F-420E-A94E-E7D2C584FB8B}.Debug|ARM.Deploy.0 = Debug|Any CPU
		{2A9DEF78-817F-420E-A94E-E7D2C584FB8B}.Debug|iPhone.ActiveCfg = Debug|Any CPU
		{2A9DEF78-817F-420E-A94E-E7D2C584FB8B}.Debug|iPhone.Build.0 = Debug|Any CPU
		{2A9DEF78-817F-420E-A94E-E7D2C584FB8B}.Debug|iPhone.Deploy.0 = Debug|Any CPU
		{2A9DEF78-817F-420E-A94E-E7D2C584FB8B}.Debug|iPhoneSimulator.ActiveCfg = Debug|Any CPU
		{2A9DEF78-817F-420E-A94E-E7D2C584FB8B}.Debug|iPhoneSimulator.Build.0 = Debug|Any CPU
		{2A9DEF78-817F-420E-A94E-E7D2C584FB8B}.Debug|iPhoneSimulator.Deploy.0 = Debug|Any CPU
		{2A9DEF78-817F-420E-A94E-E7D2C584FB8B}.Debug|x64.ActiveCfg = Debug|Any CPU
		{2A9DEF78-817F-420E-A94E-E7D2C584FB8B}.Debug|x64.Build.0 = Debug|Any CPU
		{2A9DEF78-817F-420E-A94E-E7D2C584FB8B}.Debug|x64.Deploy.0 = Debug|Any CPU
		{2A9DEF78-817F-420E-A94E-E7D2C584FB8B}.Debug|x86.ActiveCfg = Debug|Any CPU
		{2A9DEF78-817F-420E-A94E-E7D2C584FB8B}.Debug|x86.Build.0 = Debug|Any CPU
		{2A9DEF78-817F-420E-A94E-E7D2C584FB8B}.Debug|x86.Deploy.0 = Debug|Any CPU
		{2A9DEF78-817F-420E-A94E-E7D2C584FB8B}.Release|Any CPU.ActiveCfg = Release|Any CPU
		{2A9DEF78-817F-420E-A94E-E7D2C584FB8B}.Release|Any CPU.Build.0 = Release|Any CPU
		{2A9DEF78-817F-420E-A94E-E7D2C584FB8B}.Release|Any CPU.Deploy.0 = Release|Any CPU
		{2A9DEF78-817F-420E-A94E-E7D2C584FB8B}.Release|ARM.ActiveCfg = Release|Any CPU
		{2A9DEF78-817F-420E-A94E-E7D2C584FB8B}.Release|ARM.Build.0 = Release|Any CPU
		{2A9DEF78-817F-420E-A94E-E7D2C584FB8B}.Release|ARM.Deploy.0 = Release|Any CPU
		{2A9DEF78-817F-420E-A94E-E7D2C584FB8B}.Release|iPhone.ActiveCfg = Release|Any CPU
		{2A9DEF78-817F-420E-A94E-E7D2C584FB8B}.Release|iPhone.Build.0 = Release|Any CPU
		{2A9DEF78-817F-420E-A94E-E7D2C584FB8B}.Release|iPhone.Deploy.0 = Release|Any CPU
		{2A9DEF78-817F-420E-A94E-E7D2C584FB8B}.Release|iPhoneSimulator.ActiveCfg = Release|Any CPU
		{2A9DEF78-817F-420E-A94E-E7D2C584FB8B}.Release|iPhoneSimulator.Build.0 = Release|Any CPU
		{2A9DEF78-817F-420E-A94E-E7D2C584FB8B}.Release|iPhoneSimulator.Deploy.0 = Release|Any CPU
		{2A9DEF78-817F-420E-A94E-E7D2C584FB8B}.Release|x64.ActiveCfg = Release|Any CPU
		{2A9DEF78-817F-420E-A94E-E7D2C584FB8B}.Release|x64.Build.0 = Release|Any CPU
		{2A9DEF78-817F-420E-A94E-E7D2C584FB8B}.Release|x64.Deploy.0 = Release|Any CPU
		{2A9DEF78-817F-420E-A94E-E7D2C584FB8B}.Release|x86.ActiveCfg = Release|Any CPU
		{2A9DEF78-817F-420E-A94E-E7D2C584FB8B}.Release|x86.Build.0 = Release|Any CPU
		{2A9DEF78-817F-420E-A94E-E7D2C584FB8B}.Release|x86.Deploy.0 = Release|Any CPU
		{8D8057CF-E883-4DFE-8340-D4573443D8B4}.Ad-Hoc|Any CPU.ActiveCfg = Ad-Hoc|iPhone
		{8D8057CF-E883-4DFE-8340-D4573443D8B4}.Ad-Hoc|ARM.ActiveCfg = Ad-Hoc|iPhone
		{8D8057CF-E883-4DFE-8340-D4573443D8B4}.Ad-Hoc|iPhone.ActiveCfg = Ad-Hoc|iPhone
		{8D8057CF-E883-4DFE-8340-D4573443D8B4}.Ad-Hoc|iPhone.Build.0 = Ad-Hoc|iPhone
		{8D8057CF-E883-4DFE-8340-D4573443D8B4}.Ad-Hoc|iPhoneSimulator.ActiveCfg = Ad-Hoc|iPhoneSimulator
		{8D8057CF-E883-4DFE-8340-D4573443D8B4}.Ad-Hoc|iPhoneSimulator.Build.0 = Ad-Hoc|iPhoneSimulator
		{8D8057CF-E883-4DFE-8340-D4573443D8B4}.Ad-Hoc|x64.ActiveCfg = Ad-Hoc|iPhone
		{8D8057CF-E883-4DFE-8340-D4573443D8B4}.Ad-Hoc|x86.ActiveCfg = Ad-Hoc|iPhone
		{8D8057CF-E883-4DFE-8340-D4573443D8B4}.AppStore|Any CPU.ActiveCfg = AppStore|iPhone
		{8D8057CF-E883-4DFE-8340-D4573443D8B4}.AppStore|ARM.ActiveCfg = AppStore|iPhone
		{8D8057CF-E883-4DFE-8340-D4573443D8B4}.AppStore|iPhone.ActiveCfg = AppStore|iPhone
		{8D8057CF-E883-4DFE-8340-D4573443D8B4}.AppStore|iPhone.Build.0 = AppStore|iPhone
		{8D8057CF-E883-4DFE-8340-D4573443D8B4}.AppStore|iPhoneSimulator.ActiveCfg = AppStore|iPhoneSimulator
		{8D8057CF-E883-4DFE-8340-D4573443D8B4}.AppStore|iPhoneSimulator.Build.0 = AppStore|iPhoneSimulator
		{8D8057CF-E883-4DFE-8340-D4573443D8B4}.AppStore|x64.ActiveCfg = AppStore|iPhone
		{8D8057CF-E883-4DFE-8340-D4573443D8B4}.AppStore|x86.ActiveCfg = AppStore|iPhone
		{8D8057CF-E883-4DFE-8340-D4573443D8B4}.Debug|Any CPU.ActiveCfg = Debug|iPhone
		{8D8057CF-E883-4DFE-8340-D4573443D8B4}.Debug|ARM.ActiveCfg = Debug|iPhone
		{8D8057CF-E883-4DFE-8340-D4573443D8B4}.Debug|iPhone.ActiveCfg = Debug|iPhone
		{8D8057CF-E883-4DFE-8340-D4573443D8B4}.Debug|iPhone.Build.0 = Debug|iPhone
		{8D8057CF-E883-4DFE-8340-D4573443D8B4}.Debug|iPhoneSimulator.ActiveCfg = Debug|iPhoneSimulator
		{8D8057CF-E883-4DFE-8340-D4573443D8B4}.Debug|iPhoneSimulator.Build.0 = Debug|iPhoneSimulator
		{8D8057CF-E883-4DFE-8340-D4573443D8B4}.Debug|x64.ActiveCfg = Debug|iPhone
		{8D8057CF-E883-4DFE-8340-D4573443D8B4}.Debug|x86.ActiveCfg = Debug|iPhone
		{8D8057CF-E883-4DFE-8340-D4573443D8B4}.Release|Any CPU.ActiveCfg = Release|iPhone
		{8D8057CF-E883-4DFE-8340-D4573443D8B4}.Release|ARM.ActiveCfg = Release|iPhone
		{8D8057CF-E883-4DFE-8340-D4573443D8B4}.Release|iPhone.ActiveCfg = Release|iPhone
		{8D8057CF-E883-4DFE-8340-D4573443D8B4}.Release|iPhone.Build.0 = Release|iPhone
		{8D8057CF-E883-4DFE-8340-D4573443D8B4}.Release|iPhoneSimulator.ActiveCfg = Release|iPhoneSimulator
		{8D8057CF-E883-4DFE-8340-D4573443D8B4}.Release|iPhoneSimulator.Build.0 = Release|iPhoneSimulator
		{8D8057CF-E883-4DFE-8340-D4573443D8B4}.Release|x64.ActiveCfg = Release|iPhone
		{8D8057CF-E883-4DFE-8340-D4573443D8B4}.Release|x86.ActiveCfg = Release|iPhone
		{DB92422A-9D81-4F12-8755-0FED4514B02D}.Ad-Hoc|Any CPU.ActiveCfg = Release|x86
		{DB92422A-9D81-4F12-8755-0FED4514B02D}.Ad-Hoc|Any CPU.Build.0 = Release|x86
		{DB92422A-9D81-4F12-8755-0FED4514B02D}.Ad-Hoc|Any CPU.Deploy.0 = Release|x86
		{DB92422A-9D81-4F12-8755-0FED4514B02D}.Ad-Hoc|ARM.ActiveCfg = Release|ARM
		{DB92422A-9D81-4F12-8755-0FED4514B02D}.Ad-Hoc|ARM.Build.0 = Release|ARM
		{DB92422A-9D81-4F12-8755-0FED4514B02D}.Ad-Hoc|ARM.Deploy.0 = Release|ARM
		{DB92422A-9D81-4F12-8755-0FED4514B02D}.Ad-Hoc|iPhone.ActiveCfg = Release|x86
		{DB92422A-9D81-4F12-8755-0FED4514B02D}.Ad-Hoc|iPhone.Build.0 = Release|x86
		{DB92422A-9D81-4F12-8755-0FED4514B02D}.Ad-Hoc|iPhone.Deploy.0 = Release|x86
		{DB92422A-9D81-4F12-8755-0FED4514B02D}.Ad-Hoc|iPhoneSimulator.ActiveCfg = Release|x86
		{DB92422A-9D81-4F12-8755-0FED4514B02D}.Ad-Hoc|iPhoneSimulator.Build.0 = Release|x86
		{DB92422A-9D81-4F12-8755-0FED4514B02D}.Ad-Hoc|iPhoneSimulator.Deploy.0 = Release|x86
		{DB92422A-9D81-4F12-8755-0FED4514B02D}.Ad-Hoc|x64.ActiveCfg = Release|x64
		{DB92422A-9D81-4F12-8755-0FED4514B02D}.Ad-Hoc|x64.Build.0 = Release|x64
		{DB92422A-9D81-4F12-8755-0FED4514B02D}.Ad-Hoc|x64.Deploy.0 = Release|x64
		{DB92422A-9D81-4F12-8755-0FED4514B02D}.Ad-Hoc|x86.ActiveCfg = Release|x86
		{DB92422A-9D81-4F12-8755-0FED4514B02D}.Ad-Hoc|x86.Build.0 = Release|x86
		{DB92422A-9D81-4F12-8755-0FED4514B02D}.Ad-Hoc|x86.Deploy.0 = Release|x86
		{DB92422A-9D81-4F12-8755-0FED4514B02D}.AppStore|Any CPU.ActiveCfg = Release|x86
		{DB92422A-9D81-4F12-8755-0FED4514B02D}.AppStore|Any CPU.Build.0 = Release|x86
		{DB92422A-9D81-4F12-8755-0FED4514B02D}.AppStore|Any CPU.Deploy.0 = Release|x86
		{DB92422A-9D81-4F12-8755-0FED4514B02D}.AppStore|ARM.ActiveCfg = Release|ARM
		{DB92422A-9D81-4F12-8755-0FED4514B02D}.AppStore|ARM.Build.0 = Release|ARM
		{DB92422A-9D81-4F12-8755-0FED4514B02D}.AppStore|ARM.Deploy.0 = Release|ARM
		{DB92422A-9D81-4F12-8755-0FED4514B02D}.AppStore|iPhone.ActiveCfg = Release|x86
		{DB92422A-9D81-4F12-8755-0FED4514B02D}.AppStore|iPhone.Build.0 = Release|x86
		{DB92422A-9D81-4F12-8755-0FED4514B02D}.AppStore|iPhone.Deploy.0 = Release|x86
		{DB92422A-9D81-4F12-8755-0FED4514B02D}.AppStore|iPhoneSimulator.ActiveCfg = Release|x86
		{DB92422A-9D81-4F12-8755-0FED4514B02D}.AppStore|iPhoneSimulator.Build.0 = Release|x86
		{DB92422A-9D81-4F12-8755-0FED4514B02D}.AppStore|iPhoneSimulator.Deploy.0 = Release|x86
		{DB92422A-9D81-4F12-8755-0FED4514B02D}.AppStore|x64.ActiveCfg = Release|x64
		{DB92422A-9D81-4F12-8755-0FED4514B02D}.AppStore|x64.Build.0 = Release|x64
		{DB92422A-9D81-4F12-8755-0FED4514B02D}.AppStore|x64.Deploy.0 = Release|x64
		{DB92422A-9D81-4F12-8755-0FED4514B02D}.AppStore|x86.ActiveCfg = Release|x86
		{DB92422A-9D81-4F12-8755-0FED4514B02D}.AppStore|x86.Build.0 = Release|x86
		{DB92422A-9D81-4F12-8755-0FED4514B02D}.AppStore|x86.Deploy.0 = Release|x86
		{DB92422A-9D81-4F12-8755-0FED4514B02D}.Debug|Any CPU.ActiveCfg = Debug|x86
		{DB92422A-9D81-4F12-8755-0FED4514B02D}.Debug|ARM.ActiveCfg = Debug|ARM
		{DB92422A-9D81-4F12-8755-0FED4514B02D}.Debug|ARM.Build.0 = Debug|ARM
		{DB92422A-9D81-4F12-8755-0FED4514B02D}.Debug|ARM.Deploy.0 = Debug|ARM
		{DB92422A-9D81-4F12-8755-0FED4514B02D}.Debug|iPhone.ActiveCfg = Debug|x86
		{DB92422A-9D81-4F12-8755-0FED4514B02D}.Debug|iPhoneSimulator.ActiveCfg = Debug|x86
		{DB92422A-9D81-4F12-8755-0FED4514B02D}.Debug|x64.ActiveCfg = Debug|x64
		{DB92422A-9D81-4F12-8755-0FED4514B02D}.Debug|x64.Build.0 = Debug|x64
		{DB92422A-9D81-4F12-8755-0FED4514B02D}.Debug|x64.Deploy.0 = Debug|x64
		{DB92422A-9D81-4F12-8755-0FED4514B02D}.Debug|x86.ActiveCfg = Debug|x86
		{DB92422A-9D81-4F12-8755-0FED4514B02D}.Debug|x86.Build.0 = Debug|x86
		{DB92422A-9D81-4F12-8755-0FED4514B02D}.Debug|x86.Deploy.0 = Debug|x86
		{DB92422A-9D81-4F12-8755-0FED4514B02D}.Release|Any CPU.ActiveCfg = Release|x86
		{DB92422A-9D81-4F12-8755-0FED4514B02D}.Release|ARM.ActiveCfg = Release|ARM
		{DB92422A-9D81-4F12-8755-0FED4514B02D}.Release|ARM.Build.0 = Release|ARM
		{DB92422A-9D81-4F12-8755-0FED4514B02D}.Release|ARM.Deploy.0 = Release|ARM
		{DB92422A-9D81-4F12-8755-0FED4514B02D}.Release|iPhone.ActiveCfg = Release|x86
		{DB92422A-9D81-4F12-8755-0FED4514B02D}.Release|iPhoneSimulator.ActiveCfg = Release|x86
		{DB92422A-9D81-4F12-8755-0FED4514B02D}.Release|x64.ActiveCfg = Release|x64
		{DB92422A-9D81-4F12-8755-0FED4514B02D}.Release|x64.Build.0 = Release|x64
		{DB92422A-9D81-4F12-8755-0FED4514B02D}.Release|x64.Deploy.0 = Release|x64
		{DB92422A-9D81-4F12-8755-0FED4514B02D}.Release|x86.ActiveCfg = Release|x86
		{DB92422A-9D81-4F12-8755-0FED4514B02D}.Release|x86.Build.0 = Release|x86
		{DB92422A-9D81-4F12-8755-0FED4514B02D}.Release|x86.Deploy.0 = Release|x86
	EndGlobalSection
	GlobalSection(SolutionProperties) = preSolution
		HideSolutionNode = FALSE
	EndGlobalSection
EndGlobal
