
Microsoft Visual Studio Solution File, Format Version 12.00
# Visual Studio 14
VisualStudioVersion = 14.0.25420.1
MinimumVisualStudioVersion = 10.0.40219.1
Project("{FAE04EC0-301F-11D3-BF4B-00C04F79EFBC}") = "XF_ScrollView_Parte2.Droid", "XF_ScrollView_Parte2\XF_ScrollView_Parte2.Droid\XF_ScrollView_Parte2.Droid.csproj", "{E9BA5B94-E77D-437C-A1AD-C9ED00F0776D}"
EndProject
Project("{FAE04EC0-301F-11D3-BF4B-00C04F79EFBC}") = "XF_ScrollView_Parte2.iOS", "XF_ScrollView_Parte2\XF_ScrollView_Parte2.iOS\XF_ScrollView_Parte2.iOS.csproj", "{4666310A-A042-4C20-A6EA-67689A664E54}"
EndProject
Project("{FAE04EC0-301F-11D3-BF4B-00C04F79EFBC}") = "XF_ScrollView_Parte2.UWP", "XF_ScrollView_Parte2\XF_ScrollView_Parte2.UWP\XF_ScrollView_Parte2.UWP.csproj", "{AB0A63A3-FD4A-4FE1-A7B0-6CE47691CF96}"
EndProject
Project("{FAE04EC0-301F-11D3-BF4B-00C04F79EFBC}") = "XF_ScrollView_Parte2", "XF_ScrollView_Parte2\XF_ScrollView_Parte2\XF_ScrollView_Parte2.csproj", "{621CB437-6B7D-4232-B30A-EBF29E909EAA}"
EndProject
Global
	GlobalSection(SolutionConfigurationPlatforms) = preSolution
		Ad-Hoc|Any CPU = Ad-Hoc|Any CPU
		Ad-Hoc|ARM = Ad-Hoc|ARM
		Ad-Hoc|iPhone = Ad-Hoc|iPhone
		Ad-Hoc|iPhoneSimulator = Ad-Hoc|iPhoneSimulator
		Ad-Hoc|x64 = Ad-Hoc|x64
		Ad-Hoc|x86 = Ad-Hoc|x86
		AppStore|Any CPU = AppStore|Any CPU
		AppStore|ARM = AppStore|ARM
		AppStore|iPhone = AppStore|iPhone
		AppStore|iPhoneSimulator = AppStore|iPhoneSimulator
		AppStore|x64 = AppStore|x64
		AppStore|x86 = AppStore|x86
		Debug|Any CPU = Debug|Any CPU
		Debug|ARM = Debug|ARM
		Debug|iPhone = Debug|iPhone
		Debug|iPhoneSimulator = Debug|iPhoneSimulator
		Debug|x64 = Debug|x64
		Debug|x86 = Debug|x86
		Release|Any CPU = Release|Any CPU
		Release|ARM = Release|ARM
		Release|iPhone = Release|iPhone
		Release|iPhoneSimulator = Release|iPhoneSimulator
		Release|x64 = Release|x64
		Release|x86 = Release|x86
	EndGlobalSection
	GlobalSection(ProjectConfigurationPlatforms) = postSolution
		{E9BA5B94-E77D-437C-A1AD-C9ED00F0776D}.Ad-Hoc|Any CPU.ActiveCfg = Release|Any CPU
		{E9BA5B94-E77D-437C-A1AD-C9ED00F0776D}.Ad-Hoc|Any CPU.Build.0 = Release|Any CPU
		{E9BA5B94-E77D-437C-A1AD-C9ED00F0776D}.Ad-Hoc|Any CPU.Deploy.0 = Release|Any CPU
		{E9BA5B94-E77D-437C-A1AD-C9ED00F0776D}.Ad-Hoc|ARM.ActiveCfg = Release|Any CPU
		{E9BA5B94-E77D-437C-A1AD-C9ED00F0776D}.Ad-Hoc|ARM.Build.0 = Release|Any CPU
		{E9BA5B94-E77D-437C-A1AD-C9ED00F0776D}.Ad-Hoc|ARM.Deploy.0 = Release|Any CPU
		{E9BA5B94-E77D-437C-A1AD-C9ED00F0776D}.Ad-Hoc|iPhone.ActiveCfg = Release|Any CPU
		{E9BA5B94-E77D-437C-A1AD-C9ED00F0776D}.Ad-Hoc|iPhone.Build.0 = Release|Any CPU
		{E9BA5B94-E77D-437C-A1AD-C9ED00F0776D}.Ad-Hoc|iPhone.Deploy.0 = Release|Any CPU
		{E9BA5B94-E77D-437C-A1AD-C9ED00F0776D}.Ad-Hoc|iPhoneSimulator.ActiveCfg = Release|Any CPU
		{E9BA5B94-E77D-437C-A1AD-C9ED00F0776D}.Ad-Hoc|iPhoneSimulator.Build.0 = Release|Any CPU
		{E9BA5B94-E77D-437C-A1AD-C9ED00F0776D}.Ad-Hoc|iPhoneSimulator.Deploy.0 = Release|Any CPU
		{E9BA5B94-E77D-437C-A1AD-C9ED00F0776D}.Ad-Hoc|x64.ActiveCfg = Release|Any CPU
		{E9BA5B94-E77D-437C-A1AD-C9ED00F0776D}.Ad-Hoc|x64.Build.0 = Release|Any CPU
		{E9BA5B94-E77D-437C-A1AD-C9ED00F0776D}.Ad-Hoc|x64.Deploy.0 = Release|Any CPU
		{E9BA5B94-E77D-437C-A1AD-C9ED00F0776D}.Ad-Hoc|x86.ActiveCfg = Release|Any CPU
		{E9BA5B94-E77D-437C-A1AD-C9ED00F0776D}.Ad-Hoc|x86.Build.0 = Release|Any CPU
		{E9BA5B94-E77D-437C-A1AD-C9ED00F0776D}.Ad-Hoc|x86.Deploy.0 = Release|Any CPU
		{E9BA5B94-E77D-437C-A1AD-C9ED00F0776D}.AppStore|Any CPU.ActiveCfg = Release|Any CPU
		{E9BA5B94-E77D-437C-A1AD-C9ED00F0776D}.AppStore|Any CPU.Build.0 = Release|Any CPU
		{E9BA5B94-E77D-437C-A1AD-C9ED00F0776D}.AppStore|Any CPU.Deploy.0 = Release|Any CPU
		{E9BA5B94-E77D-437C-A1AD-C9ED00F0776D}.AppStore|ARM.ActiveCfg = Release|Any CPU
		{E9BA5B94-E77D-437C-A1AD-C9ED00F0776D}.AppStore|ARM.Build.0 = Release|Any CPU
		{E9BA5B94-E77D-437C-A1AD-C9ED00F0776D}.AppStore|ARM.Deploy.0 = Release|Any CPU
		{E9BA5B94-E77D-437C-A1AD-C9ED00F0776D}.AppStore|iPhone.ActiveCfg = Release|Any CPU
		{E9BA5B94-E77D-437C-A1AD-C9ED00F0776D}.AppStore|iPhone.Build.0 = Release|Any CPU
		{E9BA5B94-E77D-437C-A1AD-C9ED00F0776D}.AppStore|iPhone.Deploy.0 = Release|Any CPU
		{E9BA5B94-E77D-437C-A1AD-C9ED00F0776D}.AppStore|iPhoneSimulator.ActiveCfg = Release|Any CPU
		{E9BA5B94-E77D-437C-A1AD-C9ED00F0776D}.AppStore|iPhoneSimulator.Build.0 = Release|Any CPU
		{E9BA5B94-E77D-437C-A1AD-C9ED00F0776D}.AppStore|iPhoneSimulator.Deploy.0 = Release|Any CPU
		{E9BA5B94-E77D-437C-A1AD-C9ED00F0776D}.AppStore|x64.ActiveCfg = Release|Any CPU
		{E9BA5B94-E77D-437C-A1AD-C9ED00F0776D}.AppStore|x64.Build.0 = Release|Any CPU
		{E9BA5B94-E77D-437C-A1AD-C9ED00F0776D}.AppStore|x64.Deploy.0 = Release|Any CPU
		{E9BA5B94-E77D-437C-A1AD-C9ED00F0776D}.AppStore|x86.ActiveCfg = Release|Any CPU
		{E9BA5B94-E77D-437C-A1AD-C9ED00F0776D}.AppStore|x86.Build.0 = Release|Any CPU
		{E9BA5B94-E77D-437C-A1AD-C9ED00F0776D}.AppStore|x86.Deploy.0 = Release|Any CPU
		{E9BA5B94-E77D-437C-A1AD-C9ED00F0776D}.Debug|Any CPU.ActiveCfg = Debug|Any CPU
		{E9BA5B94-E77D-437C-A1AD-C9ED00F0776D}.Debug|Any CPU.Build.0 = Debug|Any CPU
		{E9BA5B94-E77D-437C-A1AD-C9ED00F0776D}.Debug|Any CPU.Deploy.0 = Debug|Any CPU
		{E9BA5B94-E77D-437C-A1AD-C9ED00F0776D}.Debug|ARM.ActiveCfg = Debug|Any CPU
		{E9BA5B94-E77D-437C-A1AD-C9ED00F0776D}.Debug|ARM.Build.0 = Debug|Any CPU
		{E9BA5B94-E77D-437C-A1AD-C9ED00F0776D}.Debug|ARM.Deploy.0 = Debug|Any CPU
		{E9BA5B94-E77D-437C-A1AD-C9ED00F0776D}.Debug|iPhone.ActiveCfg = Debug|Any CPU
		{E9BA5B94-E77D-437C-A1AD-C9ED00F0776D}.Debug|iPhone.Build.0 = Debug|Any CPU
		{E9BA5B94-E77D-437C-A1AD-C9ED00F0776D}.Debug|iPhone.Deploy.0 = Debug|Any CPU
		{E9BA5B94-E77D-437C-A1AD-C9ED00F0776D}.Debug|iPhoneSimulator.ActiveCfg = Debug|Any CPU
		{E9BA5B94-E77D-437C-A1AD-C9ED00F0776D}.Debug|iPhoneSimulator.Build.0 = Debug|Any CPU
		{E9BA5B94-E77D-437C-A1AD-C9ED00F0776D}.Debug|iPhoneSimulator.Deploy.0 = Debug|Any CPU
		{E9BA5B94-E77D-437C-A1AD-C9ED00F0776D}.Debug|x64.ActiveCfg = Debug|Any CPU
		{E9BA5B94-E77D-437C-A1AD-C9ED00F0776D}.Debug|x64.Build.0 = Debug|Any CPU
		{E9BA5B94-E77D-437C-A1AD-C9ED00F0776D}.Debug|x64.Deploy.0 = Debug|Any CPU
		{E9BA5B94-E77D-437C-A1AD-C9ED00F0776D}.Debug|x86.ActiveCfg = Debug|Any CPU
		{E9BA5B94-E77D-437C-A1AD-C9ED00F0776D}.Debug|x86.Build.0 = Debug|Any CPU
		{E9BA5B94-E77D-437C-A1AD-C9ED00F0776D}.Debug|x86.Deploy.0 = Debug|Any CPU
		{E9BA5B94-E77D-437C-A1AD-C9ED00F0776D}.Release|Any CPU.ActiveCfg = Release|Any CPU
		{E9BA5B94-E77D-437C-A1AD-C9ED00F0776D}.Release|Any CPU.Build.0 = Release|Any CPU
		{E9BA5B94-E77D-437C-A1AD-C9ED00F0776D}.Release|Any CPU.Deploy.0 = Release|Any CPU
		{E9BA5B94-E77D-437C-A1AD-C9ED00F0776D}.Release|ARM.ActiveCfg = Release|Any CPU
		{E9BA5B94-E77D-437C-A1AD-C9ED00F0776D}.Release|ARM.Build.0 = Release|Any CPU
		{E9BA5B94-E77D-437C-A1AD-C9ED00F0776D}.Release|ARM.Deploy.0 = Release|Any CPU
		{E9BA5B94-E77D-437C-A1AD-C9ED00F0776D}.Release|iPhone.ActiveCfg = Release|Any CPU
		{E9BA5B94-E77D-437C-A1AD-C9ED00F0776D}.Release|iPhone.Build.0 = Release|Any CPU
		{E9BA5B94-E77D-437C-A1AD-C9ED00F0776D}.Release|iPhone.Deploy.0 = Release|Any CPU
		{E9BA5B94-E77D-437C-A1AD-C9ED00F0776D}.Release|iPhoneSimulator.ActiveCfg = Release|Any CPU
		{E9BA5B94-E77D-437C-A1AD-C9ED00F0776D}.Release|iPhoneSimulator.Build.0 = Release|Any CPU
		{E9BA5B94-E77D-437C-A1AD-C9ED00F0776D}.Release|iPhoneSimulator.Deploy.0 = Release|Any CPU
		{E9BA5B94-E77D-437C-A1AD-C9ED00F0776D}.Release|x64.ActiveCfg = Release|Any CPU
		{E9BA5B94-E77D-437C-A1AD-C9ED00F0776D}.Release|x64.Build.0 = Release|Any CPU
		{E9BA5B94-E77D-437C-A1AD-C9ED00F0776D}.Release|x64.Deploy.0 = Release|Any CPU
		{E9BA5B94-E77D-437C-A1AD-C9ED00F0776D}.Release|x86.ActiveCfg = Release|Any CPU
		{E9BA5B94-E77D-437C-A1AD-C9ED00F0776D}.Release|x86.Build.0 = Release|Any CPU
		{E9BA5B94-E77D-437C-A1AD-C9ED00F0776D}.Release|x86.Deploy.0 = Release|Any CPU
		{4666310A-A042-4C20-A6EA-67689A664E54}.Ad-Hoc|Any CPU.ActiveCfg = Ad-Hoc|iPhone
		{4666310A-A042-4C20-A6EA-67689A664E54}.Ad-Hoc|ARM.ActiveCfg = Ad-Hoc|iPhone
		{4666310A-A042-4C20-A6EA-67689A664E54}.Ad-Hoc|iPhone.ActiveCfg = Ad-Hoc|iPhone
		{4666310A-A042-4C20-A6EA-67689A664E54}.Ad-Hoc|iPhone.Build.0 = Ad-Hoc|iPhone
		{4666310A-A042-4C20-A6EA-67689A664E54}.Ad-Hoc|iPhoneSimulator.ActiveCfg = Ad-Hoc|iPhoneSimulator
		{4666310A-A042-4C20-A6EA-67689A664E54}.Ad-Hoc|iPhoneSimulator.Build.0 = Ad-Hoc|iPhoneSimulator
		{4666310A-A042-4C20-A6EA-67689A664E54}.Ad-Hoc|x64.ActiveCfg = Ad-Hoc|iPhone
		{4666310A-A042-4C20-A6EA-67689A664E54}.Ad-Hoc|x86.ActiveCfg = Ad-Hoc|iPhone
		{4666310A-A042-4C20-A6EA-67689A664E54}.AppStore|Any CPU.ActiveCfg = AppStore|iPhone
		{4666310A-A042-4C20-A6EA-67689A664E54}.AppStore|ARM.ActiveCfg = AppStore|iPhone
		{4666310A-A042-4C20-A6EA-67689A664E54}.AppStore|iPhone.ActiveCfg = AppStore|iPhone
		{4666310A-A042-4C20-A6EA-67689A664E54}.AppStore|iPhone.Build.0 = AppStore|iPhone
		{4666310A-A042-4C20-A6EA-67689A664E54}.AppStore|iPhoneSimulator.ActiveCfg = AppStore|iPhoneSimulator
		{4666310A-A042-4C20-A6EA-67689A664E54}.AppStore|iPhoneSimulator.Build.0 = AppStore|iPhoneSimulator
		{4666310A-A042-4C20-A6EA-67689A664E54}.AppStore|x64.ActiveCfg = AppStore|iPhone
		{4666310A-A042-4C20-A6EA-67689A664E54}.AppStore|x86.ActiveCfg = AppStore|iPhone
		{4666310A-A042-4C20-A6EA-67689A664E54}.Debug|Any CPU.ActiveCfg = Debug|iPhone
		{4666310A-A042-4C20-A6EA-67689A664E54}.Debug|ARM.ActiveCfg = Debug|iPhone
		{4666310A-A042-4C20-A6EA-67689A664E54}.Debug|iPhone.ActiveCfg = Debug|iPhone
		{4666310A-A042-4C20-A6EA-67689A664E54}.Debug|iPhone.Build.0 = Debug|iPhone
		{4666310A-A042-4C20-A6EA-67689A664E54}.Debug|iPhoneSimulator.ActiveCfg = Debug|iPhoneSimulator
		{4666310A-A042-4C20-A6EA-67689A664E54}.Debug|iPhoneSimulator.Build.0 = Debug|iPhoneSimulator
		{4666310A-A042-4C20-A6EA-67689A664E54}.Debug|x64.ActiveCfg = Debug|iPhone
		{4666310A-A042-4C20-A6EA-67689A664E54}.Debug|x86.ActiveCfg = Debug|iPhone
		{4666310A-A042-4C20-A6EA-67689A664E54}.Release|Any CPU.ActiveCfg = Release|iPhone
		{4666310A-A042-4C20-A6EA-67689A664E54}.Release|ARM.ActiveCfg = Release|iPhone
		{4666310A-A042-4C20-A6EA-67689A664E54}.Release|iPhone.ActiveCfg = Release|iPhone
		{4666310A-A042-4C20-A6EA-67689A664E54}.Release|iPhone.Build.0 = Release|iPhone
		{4666310A-A042-4C20-A6EA-67689A664E54}.Release|iPhoneSimulator.ActiveCfg = Release|iPhoneSimulator
		{4666310A-A042-4C20-A6EA-67689A664E54}.Release|iPhoneSimulator.Build.0 = Release|iPhoneSimulator
		{4666310A-A042-4C20-A6EA-67689A664E54}.Release|x64.ActiveCfg = Release|iPhone
		{4666310A-A042-4C20-A6EA-67689A664E54}.Release|x86.ActiveCfg = Release|iPhone
		{AB0A63A3-FD4A-4FE1-A7B0-6CE47691CF96}.Ad-Hoc|Any CPU.ActiveCfg = Release|x86
		{AB0A63A3-FD4A-4FE1-A7B0-6CE47691CF96}.Ad-Hoc|Any CPU.Build.0 = Release|x86
		{AB0A63A3-FD4A-4FE1-A7B0-6CE47691CF96}.Ad-Hoc|Any CPU.Deploy.0 = Release|x86
		{AB0A63A3-FD4A-4FE1-A7B0-6CE47691CF96}.Ad-Hoc|ARM.ActiveCfg = Release|ARM
		{AB0A63A3-FD4A-4FE1-A7B0-6CE47691CF96}.Ad-Hoc|ARM.Build.0 = Release|ARM
		{AB0A63A3-FD4A-4FE1-A7B0-6CE47691CF96}.Ad-Hoc|ARM.Deploy.0 = Release|ARM
		{AB0A63A3-FD4A-4FE1-A7B0-6CE47691CF96}.Ad-Hoc|iPhone.ActiveCfg = Release|x86
		{AB0A63A3-FD4A-4FE1-A7B0-6CE47691CF96}.Ad-Hoc|iPhone.Build.0 = Release|x86
		{AB0A63A3-FD4A-4FE1-A7B0-6CE47691CF96}.Ad-Hoc|iPhone.Deploy.0 = Release|x86
		{AB0A63A3-FD4A-4FE1-A7B0-6CE47691CF96}.Ad-Hoc|iPhoneSimulator.ActiveCfg = Release|x86
		{AB0A63A3-FD4A-4FE1-A7B0-6CE47691CF96}.Ad-Hoc|iPhoneSimulator.Build.0 = Release|x86
		{AB0A63A3-FD4A-4FE1-A7B0-6CE47691CF96}.Ad-Hoc|iPhoneSimulator.Deploy.0 = Release|x86
		{AB0A63A3-FD4A-4FE1-A7B0-6CE47691CF96}.Ad-Hoc|x64.ActiveCfg = Release|x64
		{AB0A63A3-FD4A-4FE1-A7B0-6CE47691CF96}.Ad-Hoc|x64.Build.0 = Release|x64
		{AB0A63A3-FD4A-4FE1-A7B0-6CE47691CF96}.Ad-Hoc|x64.Deploy.0 = Release|x64
		{AB0A63A3-FD4A-4FE1-A7B0-6CE47691CF96}.Ad-Hoc|x86.ActiveCfg = Release|x86
		{AB0A63A3-FD4A-4FE1-A7B0-6CE47691CF96}.Ad-Hoc|x86.Build.0 = Release|x86
		{AB0A63A3-FD4A-4FE1-A7B0-6CE47691CF96}.Ad-Hoc|x86.Deploy.0 = Release|x86
		{AB0A63A3-FD4A-4FE1-A7B0-6CE47691CF96}.AppStore|Any CPU.ActiveCfg = Release|x86
		{AB0A63A3-FD4A-4FE1-A7B0-6CE47691CF96}.AppStore|Any CPU.Build.0 = Release|x86
		{AB0A63A3-FD4A-4FE1-A7B0-6CE47691CF96}.AppStore|Any CPU.Deploy.0 = Release|x86
		{AB0A63A3-FD4A-4FE1-A7B0-6CE47691CF96}.AppStore|ARM.ActiveCfg = Release|ARM
		{AB0A63A3-FD4A-4FE1-A7B0-6CE47691CF96}.AppStore|ARM.Build.0 = Release|ARM
		{AB0A63A3-FD4A-4FE1-A7B0-6CE47691CF96}.AppStore|ARM.Deploy.0 = Release|ARM
		{AB0A63A3-FD4A-4FE1-A7B0-6CE47691CF96}.AppStore|iPhone.ActiveCfg = Release|x86
		{AB0A63A3-FD4A-4FE1-A7B0-6CE47691CF96}.AppStore|iPhone.Build.0 = Release|x86
		{AB0A63A3-FD4A-4FE1-A7B0-6CE47691CF96}.AppStore|iPhone.Deploy.0 = Release|x86
		{AB0A63A3-FD4A-4FE1-A7B0-6CE47691CF96}.AppStore|iPhoneSimulator.ActiveCfg = Release|x86
		{AB0A63A3-FD4A-4FE1-A7B0-6CE47691CF96}.AppStore|iPhoneSimulator.Build.0 = Release|x86
		{AB0A63A3-FD4A-4FE1-A7B0-6CE47691CF96}.AppStore|iPhoneSimulator.Deploy.0 = Release|x86
		{AB0A63A3-FD4A-4FE1-A7B0-6CE47691CF96}.AppStore|x64.ActiveCfg = Release|x64
		{AB0A63A3-FD4A-4FE1-A7B0-6CE47691CF96}.AppStore|x64.Build.0 = Release|x64
		{AB0A63A3-FD4A-4FE1-A7B0-6CE47691CF96}.AppStore|x64.Deploy.0 = Release|x64
		{AB0A63A3-FD4A-4FE1-A7B0-6CE47691CF96}.AppStore|x86.ActiveCfg = Release|x86
		{AB0A63A3-FD4A-4FE1-A7B0-6CE47691CF96}.AppStore|x86.Build.0 = Release|x86
		{AB0A63A3-FD4A-4FE1-A7B0-6CE47691CF96}.AppStore|x86.Deploy.0 = Release|x86
		{AB0A63A3-FD4A-4FE1-A7B0-6CE47691CF96}.Debug|Any CPU.ActiveCfg = Debug|x86
		{AB0A63A3-FD4A-4FE1-A7B0-6CE47691CF96}.Debug|ARM.ActiveCfg = Debug|ARM
		{AB0A63A3-FD4A-4FE1-A7B0-6CE47691CF96}.Debug|ARM.Build.0 = Debug|ARM
		{AB0A63A3-FD4A-4FE1-A7B0-6CE47691CF96}.Debug|ARM.Deploy.0 = Debug|ARM
		{AB0A63A3-FD4A-4FE1-A7B0-6CE47691CF96}.Debug|iPhone.ActiveCfg = Debug|x86
		{AB0A63A3-FD4A-4FE1-A7B0-6CE47691CF96}.Debug|iPhoneSimulator.ActiveCfg = Debug|x86
		{AB0A63A3-FD4A-4FE1-A7B0-6CE47691CF96}.Debug|x64.ActiveCfg = Debug|x64
		{AB0A63A3-FD4A-4FE1-A7B0-6CE47691CF96}.Debug|x64.Build.0 = Debug|x64
		{AB0A63A3-FD4A-4FE1-A7B0-6CE47691CF96}.Debug|x64.Deploy.0 = Debug|x64
		{AB0A63A3-FD4A-4FE1-A7B0-6CE47691CF96}.Debug|x86.ActiveCfg = Debug|x86
		{AB0A63A3-FD4A-4FE1-A7B0-6CE47691CF96}.Debug|x86.Build.0 = Debug|x86
		{AB0A63A3-FD4A-4FE1-A7B0-6CE47691CF96}.Debug|x86.Deploy.0 = Debug|x86
		{AB0A63A3-FD4A-4FE1-A7B0-6CE47691CF96}.Release|Any CPU.ActiveCfg = Release|x86
		{AB0A63A3-FD4A-4FE1-A7B0-6CE47691CF96}.Release|ARM.ActiveCfg = Release|ARM
		{AB0A63A3-FD4A-4FE1-A7B0-6CE47691CF96}.Release|ARM.Build.0 = Release|ARM
		{AB0A63A3-FD4A-4FE1-A7B0-6CE47691CF96}.Release|ARM.Deploy.0 = Release|ARM
		{AB0A63A3-FD4A-4FE1-A7B0-6CE47691CF96}.Release|iPhone.ActiveCfg = Release|x86
		{AB0A63A3-FD4A-4FE1-A7B0-6CE47691CF96}.Release|iPhoneSimulator.ActiveCfg = Release|x86
		{AB0A63A3-FD4A-4FE1-A7B0-6CE47691CF96}.Release|x64.ActiveCfg = Release|x64
		{AB0A63A3-FD4A-4FE1-A7B0-6CE47691CF96}.Release|x64.Build.0 = Release|x64
		{AB0A63A3-FD4A-4FE1-A7B0-6CE47691CF96}.Release|x64.Deploy.0 = Release|x64
		{AB0A63A3-FD4A-4FE1-A7B0-6CE47691CF96}.Release|x86.ActiveCfg = Release|x86
		{AB0A63A3-FD4A-4FE1-A7B0-6CE47691CF96}.Release|x86.Build.0 = Release|x86
		{AB0A63A3-FD4A-4FE1-A7B0-6CE47691CF96}.Release|x86.Deploy.0 = Release|x86
		{621CB437-6B7D-4232-B30A-EBF29E909EAA}.Ad-Hoc|Any CPU.ActiveCfg = Release|Any CPU
		{621CB437-6B7D-4232-B30A-EBF29E909EAA}.Ad-Hoc|Any CPU.Build.0 = Release|Any CPU
		{621CB437-6B7D-4232-B30A-EBF29E909EAA}.Ad-Hoc|ARM.ActiveCfg = Release|Any CPU
		{621CB437-6B7D-4232-B30A-EBF29E909EAA}.Ad-Hoc|ARM.Build.0 = Release|Any CPU
		{621CB437-6B7D-4232-B30A-EBF29E909EAA}.Ad-Hoc|iPhone.ActiveCfg = Release|Any CPU
		{621CB437-6B7D-4232-B30A-EBF29E909EAA}.Ad-Hoc|iPhone.Build.0 = Release|Any CPU
		{621CB437-6B7D-4232-B30A-EBF29E909EAA}.Ad-Hoc|iPhoneSimulator.ActiveCfg = Release|Any CPU
		{621CB437-6B7D-4232-B30A-EBF29E909EAA}.Ad-Hoc|iPhoneSimulator.Build.0 = Release|Any CPU
		{621CB437-6B7D-4232-B30A-EBF29E909EAA}.Ad-Hoc|x64.ActiveCfg = Release|Any CPU
		{621CB437-6B7D-4232-B30A-EBF29E909EAA}.Ad-Hoc|x64.Build.0 = Release|Any CPU
		{621CB437-6B7D-4232-B30A-EBF29E909EAA}.Ad-Hoc|x86.ActiveCfg = Release|Any CPU
		{621CB437-6B7D-4232-B30A-EBF29E909EAA}.Ad-Hoc|x86.Build.0 = Release|Any CPU
		{621CB437-6B7D-4232-B30A-EBF29E909EAA}.AppStore|Any CPU.ActiveCfg = Release|Any CPU
		{621CB437-6B7D-4232-B30A-EBF29E909EAA}.AppStore|Any CPU.Build.0 = Release|Any CPU
		{621CB437-6B7D-4232-B30A-EBF29E909EAA}.AppStore|ARM.ActiveCfg = Release|Any CPU
		{621CB437-6B7D-4232-B30A-EBF29E909EAA}.AppStore|ARM.Build.0 = Release|Any CPU
		{621CB437-6B7D-4232-B30A-EBF29E909EAA}.AppStore|iPhone.ActiveCfg = Release|Any CPU
		{621CB437-6B7D-4232-B30A-EBF29E909EAA}.AppStore|iPhone.Build.0 = Release|Any CPU
		{621CB437-6B7D-4232-B30A-EBF29E909EAA}.AppStore|iPhoneSimulator.ActiveCfg = Release|Any CPU
		{621CB437-6B7D-4232-B30A-EBF29E909EAA}.AppStore|iPhoneSimulator.Build.0 = Release|Any CPU
		{621CB437-6B7D-4232-B30A-EBF29E909EAA}.AppStore|x64.ActiveCfg = Release|Any CPU
		{621CB437-6B7D-4232-B30A-EBF29E909EAA}.AppStore|x64.Build.0 = Release|Any CPU
		{621CB437-6B7D-4232-B30A-EBF29E909EAA}.AppStore|x86.ActiveCfg = Release|Any CPU
		{621CB437-6B7D-4232-B30A-EBF29E909EAA}.AppStore|x86.Build.0 = Release|Any CPU
		{621CB437-6B7D-4232-B30A-EBF29E909EAA}.Debug|Any CPU.ActiveCfg = Debug|Any CPU
		{621CB437-6B7D-4232-B30A-EBF29E909EAA}.Debug|Any CPU.Build.0 = Debug|Any CPU
		{621CB437-6B7D-4232-B30A-EBF29E909EAA}.Debug|ARM.ActiveCfg = Debug|Any CPU
		{621CB437-6B7D-4232-B30A-EBF29E909EAA}.Debug|ARM.Build.0 = Debug|Any CPU
		{621CB437-6B7D-4232-B30A-EBF29E909EAA}.Debug|iPhone.ActiveCfg = Debug|Any CPU
		{621CB437-6B7D-4232-B30A-EBF29E909EAA}.Debug|iPhone.Build.0 = Debug|Any CPU
		{621CB437-6B7D-4232-B30A-EBF29E909EAA}.Debug|iPhoneSimulator.ActiveCfg = Debug|Any CPU
		{621CB437-6B7D-4232-B30A-EBF29E909EAA}.Debug|iPhoneSimulator.Build.0 = Debug|Any CPU
		{621CB437-6B7D-4232-B30A-EBF29E909EAA}.Debug|x64.ActiveCfg = Debug|Any CPU
		{621CB437-6B7D-4232-B30A-EBF29E909EAA}.Debug|x64.Build.0 = Debug|Any CPU
		{621CB437-6B7D-4232-B30A-EBF29E909EAA}.Debug|x86.ActiveCfg = Debug|Any CPU
		{621CB437-6B7D-4232-B30A-EBF29E909EAA}.Debug|x86.Build.0 = Debug|Any CPU
		{621CB437-6B7D-4232-B30A-EBF29E909EAA}.Release|Any CPU.ActiveCfg = Release|Any CPU
		{621CB437-6B7D-4232-B30A-EBF29E909EAA}.Release|Any CPU.Build.0 = Release|Any CPU
		{621CB437-6B7D-4232-B30A-EBF29E909EAA}.Release|ARM.ActiveCfg = Release|Any CPU
		{621CB437-6B7D-4232-B30A-EBF29E909EAA}.Release|ARM.Build.0 = Release|Any CPU
		{621CB437-6B7D-4232-B30A-EBF29E909EAA}.Release|iPhone.ActiveCfg = Release|Any CPU
		{621CB437-6B7D-4232-B30A-EBF29E909EAA}.Release|iPhone.Build.0 = Release|Any CPU
		{621CB437-6B7D-4232-B30A-EBF29E909EAA}.Release|iPhoneSimulator.ActiveCfg = Release|Any CPU
		{621CB437-6B7D-4232-B30A-EBF29E909EAA}.Release|iPhoneSimulator.Build.0 = Release|Any CPU
		{621CB437-6B7D-4232-B30A-EBF29E909EAA}.Release|x64.ActiveCfg = Release|Any CPU
		{621CB437-6B7D-4232-B30A-EBF29E909EAA}.Release|x64.Build.0 = Release|Any CPU
		{621CB437-6B7D-4232-B30A-EBF29E909EAA}.Release|x86.ActiveCfg = Release|Any CPU
		{621CB437-6B7D-4232-B30A-EBF29E909EAA}.Release|x86.Build.0 = Release|Any CPU
	EndGlobalSection
	GlobalSection(SolutionProperties) = preSolution
		HideSolutionNode = FALSE
	EndGlobalSection
EndGlobal
