
Microsoft Visual Studio Solution File, Format Version 12.00
# Visual Studio 14
VisualStudioVersion = 14.0.25420.1
MinimumVisualStudioVersion = 10.0.40219.1
Project("{FAE04EC0-301F-11D3-BF4B-00C04F79EFBC}") = "XF_Views_ActivityIndicator_Xaml.Droid", "XF_Views_ActivityIndicator_Xaml\XF_Views_ActivityIndicator_Xaml.Droid\XF_Views_ActivityIndicator_Xaml.Droid.csproj", "{BD5E6957-09C3-4564-A473-EB28EFD61CBB}"
EndProject
Project("{FAE04EC0-301F-11D3-BF4B-00C04F79EFBC}") = "XF_Views_ActivityIndicator_Xaml.iOS", "XF_Views_ActivityIndicator_Xaml\XF_Views_ActivityIndicator_Xaml.iOS\XF_Views_ActivityIndicator_Xaml.iOS.csproj", "{63E6D446-9C80-49E4-94AF-62B4BCDEA54B}"
EndProject
Project("{FAE04EC0-301F-11D3-BF4B-00C04F79EFBC}") = "XF_Views_ActivityIndicator_Xaml.UWP", "XF_Views_ActivityIndicator_Xaml\XF_Views_ActivityIndicator_Xaml.UWP\XF_Views_ActivityIndicator_Xaml.UWP.csproj", "{5DD836E9-941E-4626-8F25-EB262FB5AF9A}"
EndProject
Project("{FAE04EC0-301F-11D3-BF4B-00C04F79EFBC}") = "XF_Views_ActivityIndicator_Xaml", "XF_Views_ActivityIndicator_Xaml\XF_Views_ActivityIndicator_Xaml\XF_Views_ActivityIndicator_Xaml.csproj", "{1382C223-B9F7-434D-847E-FA9FAA76A286}"
EndProject
Global
	GlobalSection(SolutionConfigurationPlatforms) = preSolution
		Ad-Hoc|Any CPU = Ad-Hoc|Any CPU
		Ad-Hoc|ARM = Ad-Hoc|ARM
		Ad-Hoc|iPhone = Ad-Hoc|iPhone
		Ad-Hoc|iPhoneSimulator = Ad-Hoc|iPhoneSimulator
		Ad-Hoc|x64 = Ad-Hoc|x64
		Ad-Hoc|x86 = Ad-Hoc|x86
		AppStore|Any CPU = AppStore|Any CPU
		AppStore|ARM = AppStore|ARM
		AppStore|iPhone = AppStore|iPhone
		AppStore|iPhoneSimulator = AppStore|iPhoneSimulator
		AppStore|x64 = AppStore|x64
		AppStore|x86 = AppStore|x86
		Debug|Any CPU = Debug|Any CPU
		Debug|ARM = Debug|ARM
		Debug|iPhone = Debug|iPhone
		Debug|iPhoneSimulator = Debug|iPhoneSimulator
		Debug|x64 = Debug|x64
		Debug|x86 = Debug|x86
		Release|Any CPU = Release|Any CPU
		Release|ARM = Release|ARM
		Release|iPhone = Release|iPhone
		Release|iPhoneSimulator = Release|iPhoneSimulator
		Release|x64 = Release|x64
		Release|x86 = Release|x86
	EndGlobalSection
	GlobalSection(ProjectConfigurationPlatforms) = postSolution
		{BD5E6957-09C3-4564-A473-EB28EFD61CBB}.Ad-Hoc|Any CPU.ActiveCfg = Release|Any CPU
		{BD5E6957-09C3-4564-A473-EB28EFD61CBB}.Ad-Hoc|Any CPU.Build.0 = Release|Any CPU
		{BD5E6957-09C3-4564-A473-EB28EFD61CBB}.Ad-Hoc|Any CPU.Deploy.0 = Release|Any CPU
		{BD5E6957-09C3-4564-A473-EB28EFD61CBB}.Ad-Hoc|ARM.ActiveCfg = Release|Any CPU
		{BD5E6957-09C3-4564-A473-EB28EFD61CBB}.Ad-Hoc|ARM.Build.0 = Release|Any CPU
		{BD5E6957-09C3-4564-A473-EB28EFD61CBB}.Ad-Hoc|ARM.Deploy.0 = Release|Any CPU
		{BD5E6957-09C3-4564-A473-EB28EFD61CBB}.Ad-Hoc|iPhone.ActiveCfg = Release|Any CPU
		{BD5E6957-09C3-4564-A473-EB28EFD61CBB}.Ad-Hoc|iPhone.Build.0 = Release|Any CPU
		{BD5E6957-09C3-4564-A473-EB28EFD61CBB}.Ad-Hoc|iPhone.Deploy.0 = Release|Any CPU
		{BD5E6957-09C3-4564-A473-EB28EFD61CBB}.Ad-Hoc|iPhoneSimulator.ActiveCfg = Release|Any CPU
		{BD5E6957-09C3-4564-A473-EB28EFD61CBB}.Ad-Hoc|iPhoneSimulator.Build.0 = Release|Any CPU
		{BD5E6957-09C3-4564-A473-EB28EFD61CBB}.Ad-Hoc|iPhoneSimulator.Deploy.0 = Release|Any CPU
		{BD5E6957-09C3-4564-A473-EB28EFD61CBB}.Ad-Hoc|x64.ActiveCfg = Release|Any CPU
		{BD5E6957-09C3-4564-A473-EB28EFD61CBB}.Ad-Hoc|x64.Build.0 = Release|Any CPU
		{BD5E6957-09C3-4564-A473-EB28EFD61CBB}.Ad-Hoc|x64.Deploy.0 = Release|Any CPU
		{BD5E6957-09C3-4564-A473-EB28EFD61CBB}.Ad-Hoc|x86.ActiveCfg = Release|Any CPU
		{BD5E6957-09C3-4564-A473-EB28EFD61CBB}.Ad-Hoc|x86.Build.0 = Release|Any CPU
		{BD5E6957-09C3-4564-A473-EB28EFD61CBB}.Ad-Hoc|x86.Deploy.0 = Release|Any CPU
		{BD5E6957-09C3-4564-A473-EB28EFD61CBB}.AppStore|Any CPU.ActiveCfg = Release|Any CPU
		{BD5E6957-09C3-4564-A473-EB28EFD61CBB}.AppStore|Any CPU.Build.0 = Release|Any CPU
		{BD5E6957-09C3-4564-A473-EB28EFD61CBB}.AppStore|Any CPU.Deploy.0 = Release|Any CPU
		{BD5E6957-09C3-4564-A473-EB28EFD61CBB}.AppStore|ARM.ActiveCfg = Release|Any CPU
		{BD5E6957-09C3-4564-A473-EB28EFD61CBB}.AppStore|ARM.Build.0 = Release|Any CPU
		{BD5E6957-09C3-4564-A473-EB28EFD61CBB}.AppStore|ARM.Deploy.0 = Release|Any CPU
		{BD5E6957-09C3-4564-A473-EB28EFD61CBB}.AppStore|iPhone.ActiveCfg = Release|Any CPU
		{BD5E6957-09C3-4564-A473-EB28EFD61CBB}.AppStore|iPhone.Build.0 = Release|Any CPU
		{BD5E6957-09C3-4564-A473-EB28EFD61CBB}.AppStore|iPhone.Deploy.0 = Release|Any CPU
		{BD5E6957-09C3-4564-A473-EB28EFD61CBB}.AppStore|iPhoneSimulator.ActiveCfg = Release|Any CPU
		{BD5E6957-09C3-4564-A473-EB28EFD61CBB}.AppStore|iPhoneSimulator.Build.0 = Release|Any CPU
		{BD5E6957-09C3-4564-A473-EB28EFD61CBB}.AppStore|iPhoneSimulator.Deploy.0 = Release|Any CPU
		{BD5E6957-09C3-4564-A473-EB28EFD61CBB}.AppStore|x64.ActiveCfg = Release|Any CPU
		{BD5E6957-09C3-4564-A473-EB28EFD61CBB}.AppStore|x64.Build.0 = Release|Any CPU
		{BD5E6957-09C3-4564-A473-EB28EFD61CBB}.AppStore|x64.Deploy.0 = Release|Any CPU
		{BD5E6957-09C3-4564-A473-EB28EFD61CBB}.AppStore|x86.ActiveCfg = Release|Any CPU
		{BD5E6957-09C3-4564-A473-EB28EFD61CBB}.AppStore|x86.Build.0 = Release|Any CPU
		{BD5E6957-09C3-4564-A473-EB28EFD61CBB}.AppStore|x86.Deploy.0 = Release|Any CPU
		{BD5E6957-09C3-4564-A473-EB28EFD61CBB}.Debug|Any CPU.ActiveCfg = Debug|Any CPU
		{BD5E6957-09C3-4564-A473-EB28EFD61CBB}.Debug|Any CPU.Build.0 = Debug|Any CPU
		{BD5E6957-09C3-4564-A473-EB28EFD61CBB}.Debug|Any CPU.Deploy.0 = Debug|Any CPU
		{BD5E6957-09C3-4564-A473-EB28EFD61CBB}.Debug|ARM.ActiveCfg = Debug|Any CPU
		{BD5E6957-09C3-4564-A473-EB28EFD61CBB}.Debug|ARM.Build.0 = Debug|Any CPU
		{BD5E6957-09C3-4564-A473-EB28EFD61CBB}.Debug|ARM.Deploy.0 = Debug|Any CPU
		{BD5E6957-09C3-4564-A473-EB28EFD61CBB}.Debug|iPhone.ActiveCfg = Debug|Any CPU
		{BD5E6957-09C3-4564-A473-EB28EFD61CBB}.Debug|iPhone.Build.0 = Debug|Any CPU
		{BD5E6957-09C3-4564-A473-EB28EFD61CBB}.Debug|iPhone.Deploy.0 = Debug|Any CPU
		{BD5E6957-09C3-4564-A473-EB28EFD61CBB}.Debug|iPhoneSimulator.ActiveCfg = Debug|Any CPU
		{BD5E6957-09C3-4564-A473-EB28EFD61CBB}.Debug|iPhoneSimulator.Build.0 = Debug|Any CPU
		{BD5E6957-09C3-4564-A473-EB28EFD61CBB}.Debug|iPhoneSimulator.Deploy.0 = Debug|Any CPU
		{BD5E6957-09C3-4564-A473-EB28EFD61CBB}.Debug|x64.ActiveCfg = Debug|Any CPU
		{BD5E6957-09C3-4564-A473-EB28EFD61CBB}.Debug|x64.Build.0 = Debug|Any CPU
		{BD5E6957-09C3-4564-A473-EB28EFD61CBB}.Debug|x64.Deploy.0 = Debug|Any CPU
		{BD5E6957-09C3-4564-A473-EB28EFD61CBB}.Debug|x86.ActiveCfg = Debug|Any CPU
		{BD5E6957-09C3-4564-A473-EB28EFD61CBB}.Debug|x86.Build.0 = Debug|Any CPU
		{BD5E6957-09C3-4564-A473-EB28EFD61CBB}.Debug|x86.Deploy.0 = Debug|Any CPU
		{BD5E6957-09C3-4564-A473-EB28EFD61CBB}.Release|Any CPU.ActiveCfg = Release|Any CPU
		{BD5E6957-09C3-4564-A473-EB28EFD61CBB}.Release|Any CPU.Build.0 = Release|Any CPU
		{BD5E6957-09C3-4564-A473-EB28EFD61CBB}.Release|Any CPU.Deploy.0 = Release|Any CPU
		{BD5E6957-09C3-4564-A473-EB28EFD61CBB}.Release|ARM.ActiveCfg = Release|Any CPU
		{BD5E6957-09C3-4564-A473-EB28EFD61CBB}.Release|ARM.Build.0 = Release|Any CPU
		{BD5E6957-09C3-4564-A473-EB28EFD61CBB}.Release|ARM.Deploy.0 = Release|Any CPU
		{BD5E6957-09C3-4564-A473-EB28EFD61CBB}.Release|iPhone.ActiveCfg = Release|Any CPU
		{BD5E6957-09C3-4564-A473-EB28EFD61CBB}.Release|iPhone.Build.0 = Release|Any CPU
		{BD5E6957-09C3-4564-A473-EB28EFD61CBB}.Release|iPhone.Deploy.0 = Release|Any CPU
		{BD5E6957-09C3-4564-A473-EB28EFD61CBB}.Release|iPhoneSimulator.ActiveCfg = Release|Any CPU
		{BD5E6957-09C3-4564-A473-EB28EFD61CBB}.Release|iPhoneSimulator.Build.0 = Release|Any CPU
		{BD5E6957-09C3-4564-A473-EB28EFD61CBB}.Release|iPhoneSimulator.Deploy.0 = Release|Any CPU
		{BD5E6957-09C3-4564-A473-EB28EFD61CBB}.Release|x64.ActiveCfg = Release|Any CPU
		{BD5E6957-09C3-4564-A473-EB28EFD61CBB}.Release|x64.Build.0 = Release|Any CPU
		{BD5E6957-09C3-4564-A473-EB28EFD61CBB}.Release|x64.Deploy.0 = Release|Any CPU
		{BD5E6957-09C3-4564-A473-EB28EFD61CBB}.Release|x86.ActiveCfg = Release|Any CPU
		{BD5E6957-09C3-4564-A473-EB28EFD61CBB}.Release|x86.Build.0 = Release|Any CPU
		{BD5E6957-09C3-4564-A473-EB28EFD61CBB}.Release|x86.Deploy.0 = Release|Any CPU
		{63E6D446-9C80-49E4-94AF-62B4BCDEA54B}.Ad-Hoc|Any CPU.ActiveCfg = Ad-Hoc|iPhone
		{63E6D446-9C80-49E4-94AF-62B4BCDEA54B}.Ad-Hoc|ARM.ActiveCfg = Ad-Hoc|iPhone
		{63E6D446-9C80-49E4-94AF-62B4BCDEA54B}.Ad-Hoc|iPhone.ActiveCfg = Ad-Hoc|iPhone
		{63E6D446-9C80-49E4-94AF-62B4BCDEA54B}.Ad-Hoc|iPhone.Build.0 = Ad-Hoc|iPhone
		{63E6D446-9C80-49E4-94AF-62B4BCDEA54B}.Ad-Hoc|iPhoneSimulator.ActiveCfg = Ad-Hoc|iPhoneSimulator
		{63E6D446-9C80-49E4-94AF-62B4BCDEA54B}.Ad-Hoc|iPhoneSimulator.Build.0 = Ad-Hoc|iPhoneSimulator
		{63E6D446-9C80-49E4-94AF-62B4BCDEA54B}.Ad-Hoc|x64.ActiveCfg = Ad-Hoc|iPhone
		{63E6D446-9C80-49E4-94AF-62B4BCDEA54B}.Ad-Hoc|x86.ActiveCfg = Ad-Hoc|iPhone
		{63E6D446-9C80-49E4-94AF-62B4BCDEA54B}.AppStore|Any CPU.ActiveCfg = AppStore|iPhone
		{63E6D446-9C80-49E4-94AF-62B4BCDEA54B}.AppStore|ARM.ActiveCfg = AppStore|iPhone
		{63E6D446-9C80-49E4-94AF-62B4BCDEA54B}.AppStore|iPhone.ActiveCfg = AppStore|iPhone
		{63E6D446-9C80-49E4-94AF-62B4BCDEA54B}.AppStore|iPhone.Build.0 = AppStore|iPhone
		{63E6D446-9C80-49E4-94AF-62B4BCDEA54B}.AppStore|iPhoneSimulator.ActiveCfg = AppStore|iPhoneSimulator
		{63E6D446-9C80-49E4-94AF-62B4BCDEA54B}.AppStore|iPhoneSimulator.Build.0 = AppStore|iPhoneSimulator
		{63E6D446-9C80-49E4-94AF-62B4BCDEA54B}.AppStore|x64.ActiveCfg = AppStore|iPhone
		{63E6D446-9C80-49E4-94AF-62B4BCDEA54B}.AppStore|x86.ActiveCfg = AppStore|iPhone
		{63E6D446-9C80-49E4-94AF-62B4BCDEA54B}.Debug|Any CPU.ActiveCfg = Debug|iPhone
		{63E6D446-9C80-49E4-94AF-62B4BCDEA54B}.Debug|ARM.ActiveCfg = Debug|iPhone
		{63E6D446-9C80-49E4-94AF-62B4BCDEA54B}.Debug|iPhone.ActiveCfg = Debug|iPhone
		{63E6D446-9C80-49E4-94AF-62B4BCDEA54B}.Debug|iPhone.Build.0 = Debug|iPhone
		{63E6D446-9C80-49E4-94AF-62B4BCDEA54B}.Debug|iPhoneSimulator.ActiveCfg = Debug|iPhoneSimulator
		{63E6D446-9C80-49E4-94AF-62B4BCDEA54B}.Debug|iPhoneSimulator.Build.0 = Debug|iPhoneSimulator
		{63E6D446-9C80-49E4-94AF-62B4BCDEA54B}.Debug|x64.ActiveCfg = Debug|iPhone
		{63E6D446-9C80-49E4-94AF-62B4BCDEA54B}.Debug|x86.ActiveCfg = Debug|iPhone
		{63E6D446-9C80-49E4-94AF-62B4BCDEA54B}.Release|Any CPU.ActiveCfg = Release|iPhone
		{63E6D446-9C80-49E4-94AF-62B4BCDEA54B}.Release|ARM.ActiveCfg = Release|iPhone
		{63E6D446-9C80-49E4-94AF-62B4BCDEA54B}.Release|iPhone.ActiveCfg = Release|iPhone
		{63E6D446-9C80-49E4-94AF-62B4BCDEA54B}.Release|iPhone.Build.0 = Release|iPhone
		{63E6D446-9C80-49E4-94AF-62B4BCDEA54B}.Release|iPhoneSimulator.ActiveCfg = Release|iPhoneSimulator
		{63E6D446-9C80-49E4-94AF-62B4BCDEA54B}.Release|iPhoneSimulator.Build.0 = Release|iPhoneSimulator
		{63E6D446-9C80-49E4-94AF-62B4BCDEA54B}.Release|x64.ActiveCfg = Release|iPhone
		{63E6D446-9C80-49E4-94AF-62B4BCDEA54B}.Release|x86.ActiveCfg = Release|iPhone
		{5DD836E9-941E-4626-8F25-EB262FB5AF9A}.Ad-Hoc|Any CPU.ActiveCfg = Release|x86
		{5DD836E9-941E-4626-8F25-EB262FB5AF9A}.Ad-Hoc|Any CPU.Build.0 = Release|x86
		{5DD836E9-941E-4626-8F25-EB262FB5AF9A}.Ad-Hoc|Any CPU.Deploy.0 = Release|x86
		{5DD836E9-941E-4626-8F25-EB262FB5AF9A}.Ad-Hoc|ARM.ActiveCfg = Release|ARM
		{5DD836E9-941E-4626-8F25-EB262FB5AF9A}.Ad-Hoc|ARM.Build.0 = Release|ARM
		{5DD836E9-941E-4626-8F25-EB262FB5AF9A}.Ad-Hoc|ARM.Deploy.0 = Release|ARM
		{5DD836E9-941E-4626-8F25-EB262FB5AF9A}.Ad-Hoc|iPhone.ActiveCfg = Release|x86
		{5DD836E9-941E-4626-8F25-EB262FB5AF9A}.Ad-Hoc|iPhone.Build.0 = Release|x86
		{5DD836E9-941E-4626-8F25-EB262FB5AF9A}.Ad-Hoc|iPhone.Deploy.0 = Release|x86
		{5DD836E9-941E-4626-8F25-EB262FB5AF9A}.Ad-Hoc|iPhoneSimulator.ActiveCfg = Release|x86
		{5DD836E9-941E-4626-8F25-EB262FB5AF9A}.Ad-Hoc|iPhoneSimulator.Build.0 = Release|x86
		{5DD836E9-941E-4626-8F25-EB262FB5AF9A}.Ad-Hoc|iPhoneSimulator.Deploy.0 = Release|x86
		{5DD836E9-941E-4626-8F25-EB262FB5AF9A}.Ad-Hoc|x64.ActiveCfg = Release|x64
		{5DD836E9-941E-4626-8F25-EB262FB5AF9A}.Ad-Hoc|x64.Build.0 = Release|x64
		{5DD836E9-941E-4626-8F25-EB262FB5AF9A}.Ad-Hoc|x64.Deploy.0 = Release|x64
		{5DD836E9-941E-4626-8F25-EB262FB5AF9A}.Ad-Hoc|x86.ActiveCfg = Release|x86
		{5DD836E9-941E-4626-8F25-EB262FB5AF9A}.Ad-Hoc|x86.Build.0 = Release|x86
		{5DD836E9-941E-4626-8F25-EB262FB5AF9A}.Ad-Hoc|x86.Deploy.0 = Release|x86
		{5DD836E9-941E-4626-8F25-EB262FB5AF9A}.AppStore|Any CPU.ActiveCfg = Release|x86
		{5DD836E9-941E-4626-8F25-EB262FB5AF9A}.AppStore|Any CPU.Build.0 = Release|x86
		{5DD836E9-941E-4626-8F25-EB262FB5AF9A}.AppStore|Any CPU.Deploy.0 = Release|x86
		{5DD836E9-941E-4626-8F25-EB262FB5AF9A}.AppStore|ARM.ActiveCfg = Release|ARM
		{5DD836E9-941E-4626-8F25-EB262FB5AF9A}.AppStore|ARM.Build.0 = Release|ARM
		{5DD836E9-941E-4626-8F25-EB262FB5AF9A}.AppStore|ARM.Deploy.0 = Release|ARM
		{5DD836E9-941E-4626-8F25-EB262FB5AF9A}.AppStore|iPhone.ActiveCfg = Release|x86
		{5DD836E9-941E-4626-8F25-EB262FB5AF9A}.AppStore|iPhone.Build.0 = Release|x86
		{5DD836E9-941E-4626-8F25-EB262FB5AF9A}.AppStore|iPhone.Deploy.0 = Release|x86
		{5DD836E9-941E-4626-8F25-EB262FB5AF9A}.AppStore|iPhoneSimulator.ActiveCfg = Release|x86
		{5DD836E9-941E-4626-8F25-EB262FB5AF9A}.AppStore|iPhoneSimulator.Build.0 = Release|x86
		{5DD836E9-941E-4626-8F25-EB262FB5AF9A}.AppStore|iPhoneSimulator.Deploy.0 = Release|x86
		{5DD836E9-941E-4626-8F25-EB262FB5AF9A}.AppStore|x64.ActiveCfg = Release|x64
		{5DD836E9-941E-4626-8F25-EB262FB5AF9A}.AppStore|x64.Build.0 = Release|x64
		{5DD836E9-941E-4626-8F25-EB262FB5AF9A}.AppStore|x64.Deploy.0 = Release|x64
		{5DD836E9-941E-4626-8F25-EB262FB5AF9A}.AppStore|x86.ActiveCfg = Release|x86
		{5DD836E9-941E-4626-8F25-EB262FB5AF9A}.AppStore|x86.Build.0 = Release|x86
		{5DD836E9-941E-4626-8F25-EB262FB5AF9A}.AppStore|x86.Deploy.0 = Release|x86
		{5DD836E9-941E-4626-8F25-EB262FB5AF9A}.Debug|Any CPU.ActiveCfg = Debug|x86
		{5DD836E9-941E-4626-8F25-EB262FB5AF9A}.Debug|ARM.ActiveCfg = Debug|ARM
		{5DD836E9-941E-4626-8F25-EB262FB5AF9A}.Debug|ARM.Build.0 = Debug|ARM
		{5DD836E9-941E-4626-8F25-EB262FB5AF9A}.Debug|ARM.Deploy.0 = Debug|ARM
		{5DD836E9-941E-4626-8F25-EB262FB5AF9A}.Debug|iPhone.ActiveCfg = Debug|x86
		{5DD836E9-941E-4626-8F25-EB262FB5AF9A}.Debug|iPhoneSimulator.ActiveCfg = Debug|x86
		{5DD836E9-941E-4626-8F25-EB262FB5AF9A}.Debug|x64.ActiveCfg = Debug|x64
		{5DD836E9-941E-4626-8F25-EB262FB5AF9A}.Debug|x64.Build.0 = Debug|x64
		{5DD836E9-941E-4626-8F25-EB262FB5AF9A}.Debug|x64.Deploy.0 = Debug|x64
		{5DD836E9-941E-4626-8F25-EB262FB5AF9A}.Debug|x86.ActiveCfg = Debug|x86
		{5DD836E9-941E-4626-8F25-EB262FB5AF9A}.Debug|x86.Build.0 = Debug|x86
		{5DD836E9-941E-4626-8F25-EB262FB5AF9A}.Debug|x86.Deploy.0 = Debug|x86
		{5DD836E9-941E-4626-8F25-EB262FB5AF9A}.Release|Any CPU.ActiveCfg = Release|x86
		{5DD836E9-941E-4626-8F25-EB262FB5AF9A}.Release|ARM.ActiveCfg = Release|ARM
		{5DD836E9-941E-4626-8F25-EB262FB5AF9A}.Release|ARM.Build.0 = Release|ARM
		{5DD836E9-941E-4626-8F25-EB262FB5AF9A}.Release|ARM.Deploy.0 = Release|ARM
		{5DD836E9-941E-4626-8F25-EB262FB5AF9A}.Release|iPhone.ActiveCfg = Release|x86
		{5DD836E9-941E-4626-8F25-EB262FB5AF9A}.Release|iPhoneSimulator.ActiveCfg = Release|x86
		{5DD836E9-941E-4626-8F25-EB262FB5AF9A}.Release|x64.ActiveCfg = Release|x64
		{5DD836E9-941E-4626-8F25-EB262FB5AF9A}.Release|x64.Build.0 = Release|x64
		{5DD836E9-941E-4626-8F25-EB262FB5AF9A}.Release|x64.Deploy.0 = Release|x64
		{5DD836E9-941E-4626-8F25-EB262FB5AF9A}.Release|x86.ActiveCfg = Release|x86
		{5DD836E9-941E-4626-8F25-EB262FB5AF9A}.Release|x86.Build.0 = Release|x86
		{5DD836E9-941E-4626-8F25-EB262FB5AF9A}.Release|x86.Deploy.0 = Release|x86
		{1382C223-B9F7-434D-847E-FA9FAA76A286}.Ad-Hoc|Any CPU.ActiveCfg = Release|Any CPU
		{1382C223-B9F7-434D-847E-FA9FAA76A286}.Ad-Hoc|Any CPU.Build.0 = Release|Any CPU
		{1382C223-B9F7-434D-847E-FA9FAA76A286}.Ad-Hoc|ARM.ActiveCfg = Release|Any CPU
		{1382C223-B9F7-434D-847E-FA9FAA76A286}.Ad-Hoc|ARM.Build.0 = Release|Any CPU
		{1382C223-B9F7-434D-847E-FA9FAA76A286}.Ad-Hoc|iPhone.ActiveCfg = Release|Any CPU
		{1382C223-B9F7-434D-847E-FA9FAA76A286}.Ad-Hoc|iPhone.Build.0 = Release|Any CPU
		{1382C223-B9F7-434D-847E-FA9FAA76A286}.Ad-Hoc|iPhoneSimulator.ActiveCfg = Release|Any CPU
		{1382C223-B9F7-434D-847E-FA9FAA76A286}.Ad-Hoc|iPhoneSimulator.Build.0 = Release|Any CPU
		{1382C223-B9F7-434D-847E-FA9FAA76A286}.Ad-Hoc|x64.ActiveCfg = Release|Any CPU
		{1382C223-B9F7-434D-847E-FA9FAA76A286}.Ad-Hoc|x64.Build.0 = Release|Any CPU
		{1382C223-B9F7-434D-847E-FA9FAA76A286}.Ad-Hoc|x86.ActiveCfg = Release|Any CPU
		{1382C223-B9F7-434D-847E-FA9FAA76A286}.Ad-Hoc|x86.Build.0 = Release|Any CPU
		{1382C223-B9F7-434D-847E-FA9FAA76A286}.AppStore|Any CPU.ActiveCfg = Release|Any CPU
		{1382C223-B9F7-434D-847E-FA9FAA76A286}.AppStore|Any CPU.Build.0 = Release|Any CPU
		{1382C223-B9F7-434D-847E-FA9FAA76A286}.AppStore|ARM.ActiveCfg = Release|Any CPU
		{1382C223-B9F7-434D-847E-FA9FAA76A286}.AppStore|ARM.Build.0 = Release|Any CPU
		{1382C223-B9F7-434D-847E-FA9FAA76A286}.AppStore|iPhone.ActiveCfg = Release|Any CPU
		{1382C223-B9F7-434D-847E-FA9FAA76A286}.AppStore|iPhone.Build.0 = Release|Any CPU
		{1382C223-B9F7-434D-847E-FA9FAA76A286}.AppStore|iPhoneSimulator.ActiveCfg = Release|Any CPU
		{1382C223-B9F7-434D-847E-FA9FAA76A286}.AppStore|iPhoneSimulator.Build.0 = Release|Any CPU
		{1382C223-B9F7-434D-847E-FA9FAA76A286}.AppStore|x64.ActiveCfg = Release|Any CPU
		{1382C223-B9F7-434D-847E-FA9FAA76A286}.AppStore|x64.Build.0 = Release|Any CPU
		{1382C223-B9F7-434D-847E-FA9FAA76A286}.AppStore|x86.ActiveCfg = Release|Any CPU
		{1382C223-B9F7-434D-847E-FA9FAA76A286}.AppStore|x86.Build.0 = Release|Any CPU
		{1382C223-B9F7-434D-847E-FA9FAA76A286}.Debug|Any CPU.ActiveCfg = Debug|Any CPU
		{1382C223-B9F7-434D-847E-FA9FAA76A286}.Debug|Any CPU.Build.0 = Debug|Any CPU
		{1382C223-B9F7-434D-847E-FA9FAA76A286}.Debug|ARM.ActiveCfg = Debug|Any CPU
		{1382C223-B9F7-434D-847E-FA9FAA76A286}.Debug|ARM.Build.0 = Debug|Any CPU
		{1382C223-B9F7-434D-847E-FA9FAA76A286}.Debug|iPhone.ActiveCfg = Debug|Any CPU
		{1382C223-B9F7-434D-847E-FA9FAA76A286}.Debug|iPhone.Build.0 = Debug|Any CPU
		{1382C223-B9F7-434D-847E-FA9FAA76A286}.Debug|iPhoneSimulator.ActiveCfg = Debug|Any CPU
		{1382C223-B9F7-434D-847E-FA9FAA76A286}.Debug|iPhoneSimulator.Build.0 = Debug|Any CPU
		{1382C223-B9F7-434D-847E-FA9FAA76A286}.Debug|x64.ActiveCfg = Debug|Any CPU
		{1382C223-B9F7-434D-847E-FA9FAA76A286}.Debug|x64.Build.0 = Debug|Any CPU
		{1382C223-B9F7-434D-847E-FA9FAA76A286}.Debug|x86.ActiveCfg = Debug|Any CPU
		{1382C223-B9F7-434D-847E-FA9FAA76A286}.Debug|x86.Build.0 = Debug|Any CPU
		{1382C223-B9F7-434D-847E-FA9FAA76A286}.Release|Any CPU.ActiveCfg = Release|Any CPU
		{1382C223-B9F7-434D-847E-FA9FAA76A286}.Release|Any CPU.Build.0 = Release|Any CPU
		{1382C223-B9F7-434D-847E-FA9FAA76A286}.Release|ARM.ActiveCfg = Release|Any CPU
		{1382C223-B9F7-434D-847E-FA9FAA76A286}.Release|ARM.Build.0 = Release|Any CPU
		{1382C223-B9F7-434D-847E-FA9FAA76A286}.Release|iPhone.ActiveCfg = Release|Any CPU
		{1382C223-B9F7-434D-847E-FA9FAA76A286}.Release|iPhone.Build.0 = Release|Any CPU
		{1382C223-B9F7-434D-847E-FA9FAA76A286}.Release|iPhoneSimulator.ActiveCfg = Release|Any CPU
		{1382C223-B9F7-434D-847E-FA9FAA76A286}.Release|iPhoneSimulator.Build.0 = Release|Any CPU
		{1382C223-B9F7-434D-847E-FA9FAA76A286}.Release|x64.ActiveCfg = Release|Any CPU
		{1382C223-B9F7-434D-847E-FA9FAA76A286}.Release|x64.Build.0 = Release|Any CPU
		{1382C223-B9F7-434D-847E-FA9FAA76A286}.Release|x86.ActiveCfg = Release|Any CPU
		{1382C223-B9F7-434D-847E-FA9FAA76A286}.Release|x86.Build.0 = Release|Any CPU
	EndGlobalSection
	GlobalSection(SolutionProperties) = preSolution
		HideSolutionNode = FALSE
	EndGlobalSection
EndGlobal
