
Microsoft Visual Studio Solution File, Format Version 12.00
# Visual Studio 15
VisualStudioVersion = 15.0.27004.2002
MinimumVisualStudioVersion = 10.0.40219.1
Project("{FAE04EC0-301F-11D3-BF4B-00C04F79EFBC}") = "XF_MasterDetail7.Android", "XF_MasterDetail7\XF_MasterDetail7.Android\XF_MasterDetail7.Android.csproj", "{BF81E046-4557-4214-81F5-F6EF46DEEC6B}"
EndProject
Project("{FAE04EC0-301F-11D3-BF4B-00C04F79EFBC}") = "XF_MasterDetail7", "XF_MasterDetail7\XF_MasterDetail7\XF_MasterDetail7.csproj", "{2F8496FF-5F25-46A6-B83D-FC1A3A1E05BA}"
EndProject
Project("{FAE04EC0-301F-11D3-BF4B-00C04F79EFBC}") = "XF_MasterDetail7.iOS", "XF_MasterDetail7\XF_MasterDetail7.iOS\XF_MasterDetail7.iOS.csproj", "{18724864-FB68-404F-BD78-8477E1481C81}"
EndProject
Global
	GlobalSection(SolutionConfigurationPlatforms) = preSolution
		Ad-Hoc|Any CPU = Ad-Hoc|Any CPU
		Ad-Hoc|ARM = Ad-Hoc|ARM
		Ad-Hoc|iPhone = Ad-Hoc|iPhone
		Ad-Hoc|iPhoneSimulator = Ad-Hoc|iPhoneSimulator
		Ad-Hoc|x64 = Ad-Hoc|x64
		Ad-Hoc|x86 = Ad-Hoc|x86
		AppStore|Any CPU = AppStore|Any CPU
		AppStore|ARM = AppStore|ARM
		AppStore|iPhone = AppStore|iPhone
		AppStore|iPhoneSimulator = AppStore|iPhoneSimulator
		AppStore|x64 = AppStore|x64
		AppStore|x86 = AppStore|x86
		Debug|Any CPU = Debug|Any CPU
		Debug|ARM = Debug|ARM
		Debug|iPhone = Debug|iPhone
		Debug|iPhoneSimulator = Debug|iPhoneSimulator
		Debug|x64 = Debug|x64
		Debug|x86 = Debug|x86
		Release|Any CPU = Release|Any CPU
		Release|ARM = Release|ARM
		Release|iPhone = Release|iPhone
		Release|iPhoneSimulator = Release|iPhoneSimulator
		Release|x64 = Release|x64
		Release|x86 = Release|x86
	EndGlobalSection
	GlobalSection(ProjectConfigurationPlatforms) = postSolution
		{BF81E046-4557-4214-81F5-F6EF46DEEC6B}.Ad-Hoc|Any CPU.ActiveCfg = Release|Any CPU
		{BF81E046-4557-4214-81F5-F6EF46DEEC6B}.Ad-Hoc|Any CPU.Build.0 = Release|Any CPU
		{BF81E046-4557-4214-81F5-F6EF46DEEC6B}.Ad-Hoc|Any CPU.Deploy.0 = Release|Any CPU
		{BF81E046-4557-4214-81F5-F6EF46DEEC6B}.Ad-Hoc|ARM.ActiveCfg = Release|Any CPU
		{BF81E046-4557-4214-81F5-F6EF46DEEC6B}.Ad-Hoc|ARM.Build.0 = Release|Any CPU
		{BF81E046-4557-4214-81F5-F6EF46DEEC6B}.Ad-Hoc|ARM.Deploy.0 = Release|Any CPU
		{BF81E046-4557-4214-81F5-F6EF46DEEC6B}.Ad-Hoc|iPhone.ActiveCfg = Release|Any CPU
		{BF81E046-4557-4214-81F5-F6EF46DEEC6B}.Ad-Hoc|iPhone.Build.0 = Release|Any CPU
		{BF81E046-4557-4214-81F5-F6EF46DEEC6B}.Ad-Hoc|iPhone.Deploy.0 = Release|Any CPU
		{BF81E046-4557-4214-81F5-F6EF46DEEC6B}.Ad-Hoc|iPhoneSimulator.ActiveCfg = Release|Any CPU
		{BF81E046-4557-4214-81F5-F6EF46DEEC6B}.Ad-Hoc|iPhoneSimulator.Build.0 = Release|Any CPU
		{BF81E046-4557-4214-81F5-F6EF46DEEC6B}.Ad-Hoc|iPhoneSimulator.Deploy.0 = Release|Any CPU
		{BF81E046-4557-4214-81F5-F6EF46DEEC6B}.Ad-Hoc|x64.ActiveCfg = Release|Any CPU
		{BF81E046-4557-4214-81F5-F6EF46DEEC6B}.Ad-Hoc|x64.Build.0 = Release|Any CPU
		{BF81E046-4557-4214-81F5-F6EF46DEEC6B}.Ad-Hoc|x64.Deploy.0 = Release|Any CPU
		{BF81E046-4557-4214-81F5-F6EF46DEEC6B}.Ad-Hoc|x86.ActiveCfg = Release|Any CPU
		{BF81E046-4557-4214-81F5-F6EF46DEEC6B}.Ad-Hoc|x86.Build.0 = Release|Any CPU
		{BF81E046-4557-4214-81F5-F6EF46DEEC6B}.Ad-Hoc|x86.Deploy.0 = Release|Any CPU
		{BF81E046-4557-4214-81F5-F6EF46DEEC6B}.AppStore|Any CPU.ActiveCfg = Release|Any CPU
		{BF81E046-4557-4214-81F5-F6EF46DEEC6B}.AppStore|Any CPU.Build.0 = Release|Any CPU
		{BF81E046-4557-4214-81F5-F6EF46DEEC6B}.AppStore|Any CPU.Deploy.0 = Release|Any CPU
		{BF81E046-4557-4214-81F5-F6EF46DEEC6B}.AppStore|ARM.ActiveCfg = Release|Any CPU
		{BF81E046-4557-4214-81F5-F6EF46DEEC6B}.AppStore|ARM.Build.0 = Release|Any CPU
		{BF81E046-4557-4214-81F5-F6EF46DEEC6B}.AppStore|ARM.Deploy.0 = Release|Any CPU
		{BF81E046-4557-4214-81F5-F6EF46DEEC6B}.AppStore|iPhone.ActiveCfg = Release|Any CPU
		{BF81E046-4557-4214-81F5-F6EF46DEEC6B}.AppStore|iPhone.Build.0 = Release|Any CPU
		{BF81E046-4557-4214-81F5-F6EF46DEEC6B}.AppStore|iPhone.Deploy.0 = Release|Any CPU
		{BF81E046-4557-4214-81F5-F6EF46DEEC6B}.AppStore|iPhoneSimulator.ActiveCfg = Release|Any CPU
		{BF81E046-4557-4214-81F5-F6EF46DEEC6B}.AppStore|iPhoneSimulator.Build.0 = Release|Any CPU
		{BF81E046-4557-4214-81F5-F6EF46DEEC6B}.AppStore|iPhoneSimulator.Deploy.0 = Release|Any CPU
		{BF81E046-4557-4214-81F5-F6EF46DEEC6B}.AppStore|x64.ActiveCfg = Release|Any CPU
		{BF81E046-4557-4214-81F5-F6EF46DEEC6B}.AppStore|x64.Build.0 = Release|Any CPU
		{BF81E046-4557-4214-81F5-F6EF46DEEC6B}.AppStore|x64.Deploy.0 = Release|Any CPU
		{BF81E046-4557-4214-81F5-F6EF46DEEC6B}.AppStore|x86.ActiveCfg = Release|Any CPU
		{BF81E046-4557-4214-81F5-F6EF46DEEC6B}.AppStore|x86.Build.0 = Release|Any CPU
		{BF81E046-4557-4214-81F5-F6EF46DEEC6B}.AppStore|x86.Deploy.0 = Release|Any CPU
		{BF81E046-4557-4214-81F5-F6EF46DEEC6B}.Debug|Any CPU.ActiveCfg = Debug|Any CPU
		{BF81E046-4557-4214-81F5-F6EF46DEEC6B}.Debug|Any CPU.Build.0 = Debug|Any CPU
		{BF81E046-4557-4214-81F5-F6EF46DEEC6B}.Debug|Any CPU.Deploy.0 = Debug|Any CPU
		{BF81E046-4557-4214-81F5-F6EF46DEEC6B}.Debug|ARM.ActiveCfg = Debug|Any CPU
		{BF81E046-4557-4214-81F5-F6EF46DEEC6B}.Debug|ARM.Build.0 = Debug|Any CPU
		{BF81E046-4557-4214-81F5-F6EF46DEEC6B}.Debug|ARM.Deploy.0 = Debug|Any CPU
		{BF81E046-4557-4214-81F5-F6EF46DEEC6B}.Debug|iPhone.ActiveCfg = Debug|Any CPU
		{BF81E046-4557-4214-81F5-F6EF46DEEC6B}.Debug|iPhone.Build.0 = Debug|Any CPU
		{BF81E046-4557-4214-81F5-F6EF46DEEC6B}.Debug|iPhone.Deploy.0 = Debug|Any CPU
		{BF81E046-4557-4214-81F5-F6EF46DEEC6B}.Debug|iPhoneSimulator.ActiveCfg = Debug|Any CPU
		{BF81E046-4557-4214-81F5-F6EF46DEEC6B}.Debug|iPhoneSimulator.Build.0 = Debug|Any CPU
		{BF81E046-4557-4214-81F5-F6EF46DEEC6B}.Debug|iPhoneSimulator.Deploy.0 = Debug|Any CPU
		{BF81E046-4557-4214-81F5-F6EF46DEEC6B}.Debug|x64.ActiveCfg = Debug|Any CPU
		{BF81E046-4557-4214-81F5-F6EF46DEEC6B}.Debug|x64.Build.0 = Debug|Any CPU
		{BF81E046-4557-4214-81F5-F6EF46DEEC6B}.Debug|x64.Deploy.0 = Debug|Any CPU
		{BF81E046-4557-4214-81F5-F6EF46DEEC6B}.Debug|x86.ActiveCfg = Debug|Any CPU
		{BF81E046-4557-4214-81F5-F6EF46DEEC6B}.Debug|x86.Build.0 = Debug|Any CPU
		{BF81E046-4557-4214-81F5-F6EF46DEEC6B}.Debug|x86.Deploy.0 = Debug|Any CPU
		{BF81E046-4557-4214-81F5-F6EF46DEEC6B}.Release|Any CPU.ActiveCfg = Release|Any CPU
		{BF81E046-4557-4214-81F5-F6EF46DEEC6B}.Release|Any CPU.Build.0 = Release|Any CPU
		{BF81E046-4557-4214-81F5-F6EF46DEEC6B}.Release|Any CPU.Deploy.0 = Release|Any CPU
		{BF81E046-4557-4214-81F5-F6EF46DEEC6B}.Release|ARM.ActiveCfg = Release|Any CPU
		{BF81E046-4557-4214-81F5-F6EF46DEEC6B}.Release|ARM.Build.0 = Release|Any CPU
		{BF81E046-4557-4214-81F5-F6EF46DEEC6B}.Release|ARM.Deploy.0 = Release|Any CPU
		{BF81E046-4557-4214-81F5-F6EF46DEEC6B}.Release|iPhone.ActiveCfg = Release|Any CPU
		{BF81E046-4557-4214-81F5-F6EF46DEEC6B}.Release|iPhone.Build.0 = Release|Any CPU
		{BF81E046-4557-4214-81F5-F6EF46DEEC6B}.Release|iPhone.Deploy.0 = Release|Any CPU
		{BF81E046-4557-4214-81F5-F6EF46DEEC6B}.Release|iPhoneSimulator.ActiveCfg = Release|Any CPU
		{BF81E046-4557-4214-81F5-F6EF46DEEC6B}.Release|iPhoneSimulator.Build.0 = Release|Any CPU
		{BF81E046-4557-4214-81F5-F6EF46DEEC6B}.Release|iPhoneSimulator.Deploy.0 = Release|Any CPU
		{BF81E046-4557-4214-81F5-F6EF46DEEC6B}.Release|x64.ActiveCfg = Release|Any CPU
		{BF81E046-4557-4214-81F5-F6EF46DEEC6B}.Release|x64.Build.0 = Release|Any CPU
		{BF81E046-4557-4214-81F5-F6EF46DEEC6B}.Release|x64.Deploy.0 = Release|Any CPU
		{BF81E046-4557-4214-81F5-F6EF46DEEC6B}.Release|x86.ActiveCfg = Release|Any CPU
		{BF81E046-4557-4214-81F5-F6EF46DEEC6B}.Release|x86.Build.0 = Release|Any CPU
		{BF81E046-4557-4214-81F5-F6EF46DEEC6B}.Release|x86.Deploy.0 = Release|Any CPU
		{2F8496FF-5F25-46A6-B83D-FC1A3A1E05BA}.Ad-Hoc|Any CPU.ActiveCfg = Release|Any CPU
		{2F8496FF-5F25-46A6-B83D-FC1A3A1E05BA}.Ad-Hoc|Any CPU.Build.0 = Release|Any CPU
		{2F8496FF-5F25-46A6-B83D-FC1A3A1E05BA}.Ad-Hoc|ARM.ActiveCfg = Release|Any CPU
		{2F8496FF-5F25-46A6-B83D-FC1A3A1E05BA}.Ad-Hoc|ARM.Build.0 = Release|Any CPU
		{2F8496FF-5F25-46A6-B83D-FC1A3A1E05BA}.Ad-Hoc|iPhone.ActiveCfg = Release|Any CPU
		{2F8496FF-5F25-46A6-B83D-FC1A3A1E05BA}.Ad-Hoc|iPhone.Build.0 = Release|Any CPU
		{2F8496FF-5F25-46A6-B83D-FC1A3A1E05BA}.Ad-Hoc|iPhoneSimulator.ActiveCfg = Release|Any CPU
		{2F8496FF-5F25-46A6-B83D-FC1A3A1E05BA}.Ad-Hoc|iPhoneSimulator.Build.0 = Release|Any CPU
		{2F8496FF-5F25-46A6-B83D-FC1A3A1E05BA}.Ad-Hoc|x64.ActiveCfg = Release|Any CPU
		{2F8496FF-5F25-46A6-B83D-FC1A3A1E05BA}.Ad-Hoc|x64.Build.0 = Release|Any CPU
		{2F8496FF-5F25-46A6-B83D-FC1A3A1E05BA}.Ad-Hoc|x86.ActiveCfg = Release|Any CPU
		{2F8496FF-5F25-46A6-B83D-FC1A3A1E05BA}.Ad-Hoc|x86.Build.0 = Release|Any CPU
		{2F8496FF-5F25-46A6-B83D-FC1A3A1E05BA}.AppStore|Any CPU.ActiveCfg = Release|Any CPU
		{2F8496FF-5F25-46A6-B83D-FC1A3A1E05BA}.AppStore|Any CPU.Build.0 = Release|Any CPU
		{2F8496FF-5F25-46A6-B83D-FC1A3A1E05BA}.AppStore|ARM.ActiveCfg = Release|Any CPU
		{2F8496FF-5F25-46A6-B83D-FC1A3A1E05BA}.AppStore|ARM.Build.0 = Release|Any CPU
		{2F8496FF-5F25-46A6-B83D-FC1A3A1E05BA}.AppStore|iPhone.ActiveCfg = Release|Any CPU
		{2F8496FF-5F25-46A6-B83D-FC1A3A1E05BA}.AppStore|iPhone.Build.0 = Release|Any CPU
		{2F8496FF-5F25-46A6-B83D-FC1A3A1E05BA}.AppStore|iPhoneSimulator.ActiveCfg = Release|Any CPU
		{2F8496FF-5F25-46A6-B83D-FC1A3A1E05BA}.AppStore|iPhoneSimulator.Build.0 = Release|Any CPU
		{2F8496FF-5F25-46A6-B83D-FC1A3A1E05BA}.AppStore|x64.ActiveCfg = Release|Any CPU
		{2F8496FF-5F25-46A6-B83D-FC1A3A1E05BA}.AppStore|x64.Build.0 = Release|Any CPU
		{2F8496FF-5F25-46A6-B83D-FC1A3A1E05BA}.AppStore|x86.ActiveCfg = Release|Any CPU
		{2F8496FF-5F25-46A6-B83D-FC1A3A1E05BA}.AppStore|x86.Build.0 = Release|Any CPU
		{2F8496FF-5F25-46A6-B83D-FC1A3A1E05BA}.Debug|Any CPU.ActiveCfg = Debug|Any CPU
		{2F8496FF-5F25-46A6-B83D-FC1A3A1E05BA}.Debug|Any CPU.Build.0 = Debug|Any CPU
		{2F8496FF-5F25-46A6-B83D-FC1A3A1E05BA}.Debug|ARM.ActiveCfg = Debug|Any CPU
		{2F8496FF-5F25-46A6-B83D-FC1A3A1E05BA}.Debug|ARM.Build.0 = Debug|Any CPU
		{2F8496FF-5F25-46A6-B83D-FC1A3A1E05BA}.Debug|iPhone.ActiveCfg = Debug|Any CPU
		{2F8496FF-5F25-46A6-B83D-FC1A3A1E05BA}.Debug|iPhone.Build.0 = Debug|Any CPU
		{2F8496FF-5F25-46A6-B83D-FC1A3A1E05BA}.Debug|iPhoneSimulator.ActiveCfg = Debug|Any CPU
		{2F8496FF-5F25-46A6-B83D-FC1A3A1E05BA}.Debug|iPhoneSimulator.Build.0 = Debug|Any CPU
		{2F8496FF-5F25-46A6-B83D-FC1A3A1E05BA}.Debug|x64.ActiveCfg = Debug|Any CPU
		{2F8496FF-5F25-46A6-B83D-FC1A3A1E05BA}.Debug|x64.Build.0 = Debug|Any CPU
		{2F8496FF-5F25-46A6-B83D-FC1A3A1E05BA}.Debug|x86.ActiveCfg = Debug|Any CPU
		{2F8496FF-5F25-46A6-B83D-FC1A3A1E05BA}.Debug|x86.Build.0 = Debug|Any CPU
		{2F8496FF-5F25-46A6-B83D-FC1A3A1E05BA}.Release|Any CPU.ActiveCfg = Release|Any CPU
		{2F8496FF-5F25-46A6-B83D-FC1A3A1E05BA}.Release|Any CPU.Build.0 = Release|Any CPU
		{2F8496FF-5F25-46A6-B83D-FC1A3A1E05BA}.Release|ARM.ActiveCfg = Release|Any CPU
		{2F8496FF-5F25-46A6-B83D-FC1A3A1E05BA}.Release|ARM.Build.0 = Release|Any CPU
		{2F8496FF-5F25-46A6-B83D-FC1A3A1E05BA}.Release|iPhone.ActiveCfg = Release|Any CPU
		{2F8496FF-5F25-46A6-B83D-FC1A3A1E05BA}.Release|iPhone.Build.0 = Release|Any CPU
		{2F8496FF-5F25-46A6-B83D-FC1A3A1E05BA}.Release|iPhoneSimulator.ActiveCfg = Release|Any CPU
		{2F8496FF-5F25-46A6-B83D-FC1A3A1E05BA}.Release|iPhoneSimulator.Build.0 = Release|Any CPU
		{2F8496FF-5F25-46A6-B83D-FC1A3A1E05BA}.Release|x64.ActiveCfg = Release|Any CPU
		{2F8496FF-5F25-46A6-B83D-FC1A3A1E05BA}.Release|x64.Build.0 = Release|Any CPU
		{2F8496FF-5F25-46A6-B83D-FC1A3A1E05BA}.Release|x86.ActiveCfg = Release|Any CPU
		{2F8496FF-5F25-46A6-B83D-FC1A3A1E05BA}.Release|x86.Build.0 = Release|Any CPU
		{18724864-FB68-404F-BD78-8477E1481C81}.Ad-Hoc|Any CPU.ActiveCfg = Ad-Hoc|iPhoneSimulator
		{18724864-FB68-404F-BD78-8477E1481C81}.Ad-Hoc|ARM.ActiveCfg = Ad-Hoc|iPhone
		{18724864-FB68-404F-BD78-8477E1481C81}.Ad-Hoc|iPhone.ActiveCfg = Ad-Hoc|iPhone
		{18724864-FB68-404F-BD78-8477E1481C81}.Ad-Hoc|iPhone.Build.0 = Ad-Hoc|iPhone
		{18724864-FB68-404F-BD78-8477E1481C81}.Ad-Hoc|iPhoneSimulator.ActiveCfg = Ad-Hoc|iPhoneSimulator
		{18724864-FB68-404F-BD78-8477E1481C81}.Ad-Hoc|iPhoneSimulator.Build.0 = Ad-Hoc|iPhoneSimulator
		{18724864-FB68-404F-BD78-8477E1481C81}.Ad-Hoc|x64.ActiveCfg = Ad-Hoc|iPhone
		{18724864-FB68-404F-BD78-8477E1481C81}.Ad-Hoc|x86.ActiveCfg = Ad-Hoc|iPhone
		{18724864-FB68-404F-BD78-8477E1481C81}.AppStore|Any CPU.ActiveCfg = AppStore|iPhoneSimulator
		{18724864-FB68-404F-BD78-8477E1481C81}.AppStore|ARM.ActiveCfg = AppStore|iPhone
		{18724864-FB68-404F-BD78-8477E1481C81}.AppStore|iPhone.ActiveCfg = AppStore|iPhone
		{18724864-FB68-404F-BD78-8477E1481C81}.AppStore|iPhone.Build.0 = AppStore|iPhone
		{18724864-FB68-404F-BD78-8477E1481C81}.AppStore|iPhoneSimulator.ActiveCfg = AppStore|iPhoneSimulator
		{18724864-FB68-404F-BD78-8477E1481C81}.AppStore|iPhoneSimulator.Build.0 = AppStore|iPhoneSimulator
		{18724864-FB68-404F-BD78-8477E1481C81}.AppStore|x64.ActiveCfg = AppStore|iPhone
		{18724864-FB68-404F-BD78-8477E1481C81}.AppStore|x86.ActiveCfg = AppStore|iPhone
		{18724864-FB68-404F-BD78-8477E1481C81}.Debug|Any CPU.ActiveCfg = Debug|iPhoneSimulator
		{18724864-FB68-404F-BD78-8477E1481C81}.Debug|ARM.ActiveCfg = Debug|iPhone
		{18724864-FB68-404F-BD78-8477E1481C81}.Debug|iPhone.ActiveCfg = Debug|iPhone
		{18724864-FB68-404F-BD78-8477E1481C81}.Debug|iPhone.Build.0 = Debug|iPhone
		{18724864-FB68-404F-BD78-8477E1481C81}.Debug|iPhoneSimulator.ActiveCfg = Debug|iPhoneSimulator
		{18724864-FB68-404F-BD78-8477E1481C81}.Debug|iPhoneSimulator.Build.0 = Debug|iPhoneSimulator
		{18724864-FB68-404F-BD78-8477E1481C81}.Debug|x64.ActiveCfg = Debug|iPhone
		{18724864-FB68-404F-BD78-8477E1481C81}.Debug|x86.ActiveCfg = Debug|iPhone
		{18724864-FB68-404F-BD78-8477E1481C81}.Release|Any CPU.ActiveCfg = Release|iPhoneSimulator
		{18724864-FB68-404F-BD78-8477E1481C81}.Release|ARM.ActiveCfg = Release|iPhone
		{18724864-FB68-404F-BD78-8477E1481C81}.Release|iPhone.ActiveCfg = Release|iPhone
		{18724864-FB68-404F-BD78-8477E1481C81}.Release|iPhone.Build.0 = Release|iPhone
		{18724864-FB68-404F-BD78-8477E1481C81}.Release|iPhoneSimulator.ActiveCfg = Release|iPhoneSimulator
		{18724864-FB68-404F-BD78-8477E1481C81}.Release|iPhoneSimulator.Build.0 = Release|iPhoneSimulator
		{18724864-FB68-404F-BD78-8477E1481C81}.Release|x64.ActiveCfg = Release|iPhone
		{18724864-FB68-404F-BD78-8477E1481C81}.Release|x86.ActiveCfg = Release|iPhone
	EndGlobalSection
	GlobalSection(SolutionProperties) = preSolution
		HideSolutionNode = FALSE
	EndGlobalSection
	GlobalSection(ExtensibilityGlobals) = postSolution
		SolutionGuid = {997F9AFA-33A9-4FA2-89D3-17A29FD0F9DF}
	EndGlobalSection
EndGlobal
