
Microsoft Visual Studio Solution File, Format Version 12.00
# Visual Studio 15
VisualStudioVersion = 15.0.26430.16
MinimumVisualStudioVersion = 10.0.40219.1
Project("{FAE04EC0-301F-11D3-BF4B-00C04F79EFBC}") = "XF_App3.Android", "XF_App3\XF_App3.Android\XF_App3.Android.csproj", "{B3F832A0-0A59-4324-9B83-774BA8A531DF}"
EndProject
Project("{FAE04EC0-301F-11D3-BF4B-00C04F79EFBC}") = "XF_App3", "XF_App3\XF_App3\XF_App3.csproj", "{9E96D00C-A8D0-42F3-A9BB-C31D61FA5084}"
EndProject
Project("{FAE04EC0-301F-11D3-BF4B-00C04F79EFBC}") = "XF_App3.iOS", "XF_App3\XF_App3.iOS\XF_App3.iOS.csproj", "{4572DF98-7919-4BAB-ABF4-697FB3E6159C}"
EndProject
Global
	GlobalSection(SolutionConfigurationPlatforms) = preSolution
		Ad-Hoc|Any CPU = Ad-Hoc|Any CPU
		Ad-Hoc|ARM = Ad-Hoc|ARM
		Ad-Hoc|iPhone = Ad-Hoc|iPhone
		Ad-Hoc|iPhoneSimulator = Ad-Hoc|iPhoneSimulator
		Ad-Hoc|x64 = Ad-Hoc|x64
		Ad-Hoc|x86 = Ad-Hoc|x86
		AppStore|Any CPU = AppStore|Any CPU
		AppStore|ARM = AppStore|ARM
		AppStore|iPhone = AppStore|iPhone
		AppStore|iPhoneSimulator = AppStore|iPhoneSimulator
		AppStore|x64 = AppStore|x64
		AppStore|x86 = AppStore|x86
		Debug|Any CPU = Debug|Any CPU
		Debug|ARM = Debug|ARM
		Debug|iPhone = Debug|iPhone
		Debug|iPhoneSimulator = Debug|iPhoneSimulator
		Debug|x64 = Debug|x64
		Debug|x86 = Debug|x86
		Release|Any CPU = Release|Any CPU
		Release|ARM = Release|ARM
		Release|iPhone = Release|iPhone
		Release|iPhoneSimulator = Release|iPhoneSimulator
		Release|x64 = Release|x64
		Release|x86 = Release|x86
	EndGlobalSection
	GlobalSection(ProjectConfigurationPlatforms) = postSolution
		{B3F832A0-0A59-4324-9B83-774BA8A531DF}.Ad-Hoc|Any CPU.ActiveCfg = Release|Any CPU
		{B3F832A0-0A59-4324-9B83-774BA8A531DF}.Ad-Hoc|Any CPU.Build.0 = Release|Any CPU
		{B3F832A0-0A59-4324-9B83-774BA8A531DF}.Ad-Hoc|Any CPU.Deploy.0 = Release|Any CPU
		{B3F832A0-0A59-4324-9B83-774BA8A531DF}.Ad-Hoc|ARM.ActiveCfg = Release|Any CPU
		{B3F832A0-0A59-4324-9B83-774BA8A531DF}.Ad-Hoc|ARM.Build.0 = Release|Any CPU
		{B3F832A0-0A59-4324-9B83-774BA8A531DF}.Ad-Hoc|ARM.Deploy.0 = Release|Any CPU
		{B3F832A0-0A59-4324-9B83-774BA8A531DF}.Ad-Hoc|iPhone.ActiveCfg = Release|Any CPU
		{B3F832A0-0A59-4324-9B83-774BA8A531DF}.Ad-Hoc|iPhone.Build.0 = Release|Any CPU
		{B3F832A0-0A59-4324-9B83-774BA8A531DF}.Ad-Hoc|iPhone.Deploy.0 = Release|Any CPU
		{B3F832A0-0A59-4324-9B83-774BA8A531DF}.Ad-Hoc|iPhoneSimulator.ActiveCfg = Release|Any CPU
		{B3F832A0-0A59-4324-9B83-774BA8A531DF}.Ad-Hoc|iPhoneSimulator.Build.0 = Release|Any CPU
		{B3F832A0-0A59-4324-9B83-774BA8A531DF}.Ad-Hoc|iPhoneSimulator.Deploy.0 = Release|Any CPU
		{B3F832A0-0A59-4324-9B83-774BA8A531DF}.Ad-Hoc|x64.ActiveCfg = Release|Any CPU
		{B3F832A0-0A59-4324-9B83-774BA8A531DF}.Ad-Hoc|x64.Build.0 = Release|Any CPU
		{B3F832A0-0A59-4324-9B83-774BA8A531DF}.Ad-Hoc|x64.Deploy.0 = Release|Any CPU
		{B3F832A0-0A59-4324-9B83-774BA8A531DF}.Ad-Hoc|x86.ActiveCfg = Release|Any CPU
		{B3F832A0-0A59-4324-9B83-774BA8A531DF}.Ad-Hoc|x86.Build.0 = Release|Any CPU
		{B3F832A0-0A59-4324-9B83-774BA8A531DF}.Ad-Hoc|x86.Deploy.0 = Release|Any CPU
		{B3F832A0-0A59-4324-9B83-774BA8A531DF}.AppStore|Any CPU.ActiveCfg = Release|Any CPU
		{B3F832A0-0A59-4324-9B83-774BA8A531DF}.AppStore|Any CPU.Build.0 = Release|Any CPU
		{B3F832A0-0A59-4324-9B83-774BA8A531DF}.AppStore|Any CPU.Deploy.0 = Release|Any CPU
		{B3F832A0-0A59-4324-9B83-774BA8A531DF}.AppStore|ARM.ActiveCfg = Release|Any CPU
		{B3F832A0-0A59-4324-9B83-774BA8A531DF}.AppStore|ARM.Build.0 = Release|Any CPU
		{B3F832A0-0A59-4324-9B83-774BA8A531DF}.AppStore|ARM.Deploy.0 = Release|Any CPU
		{B3F832A0-0A59-4324-9B83-774BA8A531DF}.AppStore|iPhone.ActiveCfg = Release|Any CPU
		{B3F832A0-0A59-4324-9B83-774BA8A531DF}.AppStore|iPhone.Build.0 = Release|Any CPU
		{B3F832A0-0A59-4324-9B83-774BA8A531DF}.AppStore|iPhone.Deploy.0 = Release|Any CPU
		{B3F832A0-0A59-4324-9B83-774BA8A531DF}.AppStore|iPhoneSimulator.ActiveCfg = Release|Any CPU
		{B3F832A0-0A59-4324-9B83-774BA8A531DF}.AppStore|iPhoneSimulator.Build.0 = Release|Any CPU
		{B3F832A0-0A59-4324-9B83-774BA8A531DF}.AppStore|iPhoneSimulator.Deploy.0 = Release|Any CPU
		{B3F832A0-0A59-4324-9B83-774BA8A531DF}.AppStore|x64.ActiveCfg = Release|Any CPU
		{B3F832A0-0A59-4324-9B83-774BA8A531DF}.AppStore|x64.Build.0 = Release|Any CPU
		{B3F832A0-0A59-4324-9B83-774BA8A531DF}.AppStore|x64.Deploy.0 = Release|Any CPU
		{B3F832A0-0A59-4324-9B83-774BA8A531DF}.AppStore|x86.ActiveCfg = Release|Any CPU
		{B3F832A0-0A59-4324-9B83-774BA8A531DF}.AppStore|x86.Build.0 = Release|Any CPU
		{B3F832A0-0A59-4324-9B83-774BA8A531DF}.AppStore|x86.Deploy.0 = Release|Any CPU
		{B3F832A0-0A59-4324-9B83-774BA8A531DF}.Debug|Any CPU.ActiveCfg = Debug|Any CPU
		{B3F832A0-0A59-4324-9B83-774BA8A531DF}.Debug|Any CPU.Build.0 = Debug|Any CPU
		{B3F832A0-0A59-4324-9B83-774BA8A531DF}.Debug|Any CPU.Deploy.0 = Debug|Any CPU
		{B3F832A0-0A59-4324-9B83-774BA8A531DF}.Debug|ARM.ActiveCfg = Debug|Any CPU
		{B3F832A0-0A59-4324-9B83-774BA8A531DF}.Debug|ARM.Build.0 = Debug|Any CPU
		{B3F832A0-0A59-4324-9B83-774BA8A531DF}.Debug|ARM.Deploy.0 = Debug|Any CPU
		{B3F832A0-0A59-4324-9B83-774BA8A531DF}.Debug|iPhone.ActiveCfg = Debug|Any CPU
		{B3F832A0-0A59-4324-9B83-774BA8A531DF}.Debug|iPhone.Build.0 = Debug|Any CPU
		{B3F832A0-0A59-4324-9B83-774BA8A531DF}.Debug|iPhone.Deploy.0 = Debug|Any CPU
		{B3F832A0-0A59-4324-9B83-774BA8A531DF}.Debug|iPhoneSimulator.ActiveCfg = Debug|Any CPU
		{B3F832A0-0A59-4324-9B83-774BA8A531DF}.Debug|iPhoneSimulator.Build.0 = Debug|Any CPU
		{B3F832A0-0A59-4324-9B83-774BA8A531DF}.Debug|iPhoneSimulator.Deploy.0 = Debug|Any CPU
		{B3F832A0-0A59-4324-9B83-774BA8A531DF}.Debug|x64.ActiveCfg = Debug|Any CPU
		{B3F832A0-0A59-4324-9B83-774BA8A531DF}.Debug|x64.Build.0 = Debug|Any CPU
		{B3F832A0-0A59-4324-9B83-774BA8A531DF}.Debug|x64.Deploy.0 = Debug|Any CPU
		{B3F832A0-0A59-4324-9B83-774BA8A531DF}.Debug|x86.ActiveCfg = Debug|Any CPU
		{B3F832A0-0A59-4324-9B83-774BA8A531DF}.Debug|x86.Build.0 = Debug|Any CPU
		{B3F832A0-0A59-4324-9B83-774BA8A531DF}.Debug|x86.Deploy.0 = Debug|Any CPU
		{B3F832A0-0A59-4324-9B83-774BA8A531DF}.Release|Any CPU.ActiveCfg = Release|Any CPU
		{B3F832A0-0A59-4324-9B83-774BA8A531DF}.Release|Any CPU.Build.0 = Release|Any CPU
		{B3F832A0-0A59-4324-9B83-774BA8A531DF}.Release|Any CPU.Deploy.0 = Release|Any CPU
		{B3F832A0-0A59-4324-9B83-774BA8A531DF}.Release|ARM.ActiveCfg = Release|Any CPU
		{B3F832A0-0A59-4324-9B83-774BA8A531DF}.Release|ARM.Build.0 = Release|Any CPU
		{B3F832A0-0A59-4324-9B83-774BA8A531DF}.Release|ARM.Deploy.0 = Release|Any CPU
		{B3F832A0-0A59-4324-9B83-774BA8A531DF}.Release|iPhone.ActiveCfg = Release|Any CPU
		{B3F832A0-0A59-4324-9B83-774BA8A531DF}.Release|iPhone.Build.0 = Release|Any CPU
		{B3F832A0-0A59-4324-9B83-774BA8A531DF}.Release|iPhone.Deploy.0 = Release|Any CPU
		{B3F832A0-0A59-4324-9B83-774BA8A531DF}.Release|iPhoneSimulator.ActiveCfg = Release|Any CPU
		{B3F832A0-0A59-4324-9B83-774BA8A531DF}.Release|iPhoneSimulator.Build.0 = Release|Any CPU
		{B3F832A0-0A59-4324-9B83-774BA8A531DF}.Release|iPhoneSimulator.Deploy.0 = Release|Any CPU
		{B3F832A0-0A59-4324-9B83-774BA8A531DF}.Release|x64.ActiveCfg = Release|Any CPU
		{B3F832A0-0A59-4324-9B83-774BA8A531DF}.Release|x64.Build.0 = Release|Any CPU
		{B3F832A0-0A59-4324-9B83-774BA8A531DF}.Release|x64.Deploy.0 = Release|Any CPU
		{B3F832A0-0A59-4324-9B83-774BA8A531DF}.Release|x86.ActiveCfg = Release|Any CPU
		{B3F832A0-0A59-4324-9B83-774BA8A531DF}.Release|x86.Build.0 = Release|Any CPU
		{B3F832A0-0A59-4324-9B83-774BA8A531DF}.Release|x86.Deploy.0 = Release|Any CPU
		{9E96D00C-A8D0-42F3-A9BB-C31D61FA5084}.Ad-Hoc|Any CPU.ActiveCfg = Release|Any CPU
		{9E96D00C-A8D0-42F3-A9BB-C31D61FA5084}.Ad-Hoc|Any CPU.Build.0 = Release|Any CPU
		{9E96D00C-A8D0-42F3-A9BB-C31D61FA5084}.Ad-Hoc|ARM.ActiveCfg = Release|Any CPU
		{9E96D00C-A8D0-42F3-A9BB-C31D61FA5084}.Ad-Hoc|ARM.Build.0 = Release|Any CPU
		{9E96D00C-A8D0-42F3-A9BB-C31D61FA5084}.Ad-Hoc|iPhone.ActiveCfg = Release|Any CPU
		{9E96D00C-A8D0-42F3-A9BB-C31D61FA5084}.Ad-Hoc|iPhone.Build.0 = Release|Any CPU
		{9E96D00C-A8D0-42F3-A9BB-C31D61FA5084}.Ad-Hoc|iPhoneSimulator.ActiveCfg = Release|Any CPU
		{9E96D00C-A8D0-42F3-A9BB-C31D61FA5084}.Ad-Hoc|iPhoneSimulator.Build.0 = Release|Any CPU
		{9E96D00C-A8D0-42F3-A9BB-C31D61FA5084}.Ad-Hoc|x64.ActiveCfg = Release|Any CPU
		{9E96D00C-A8D0-42F3-A9BB-C31D61FA5084}.Ad-Hoc|x64.Build.0 = Release|Any CPU
		{9E96D00C-A8D0-42F3-A9BB-C31D61FA5084}.Ad-Hoc|x86.ActiveCfg = Release|Any CPU
		{9E96D00C-A8D0-42F3-A9BB-C31D61FA5084}.Ad-Hoc|x86.Build.0 = Release|Any CPU
		{9E96D00C-A8D0-42F3-A9BB-C31D61FA5084}.AppStore|Any CPU.ActiveCfg = Release|Any CPU
		{9E96D00C-A8D0-42F3-A9BB-C31D61FA5084}.AppStore|Any CPU.Build.0 = Release|Any CPU
		{9E96D00C-A8D0-42F3-A9BB-C31D61FA5084}.AppStore|ARM.ActiveCfg = Release|Any CPU
		{9E96D00C-A8D0-42F3-A9BB-C31D61FA5084}.AppStore|ARM.Build.0 = Release|Any CPU
		{9E96D00C-A8D0-42F3-A9BB-C31D61FA5084}.AppStore|iPhone.ActiveCfg = Release|Any CPU
		{9E96D00C-A8D0-42F3-A9BB-C31D61FA5084}.AppStore|iPhone.Build.0 = Release|Any CPU
		{9E96D00C-A8D0-42F3-A9BB-C31D61FA5084}.AppStore|iPhoneSimulator.ActiveCfg = Release|Any CPU
		{9E96D00C-A8D0-42F3-A9BB-C31D61FA5084}.AppStore|iPhoneSimulator.Build.0 = Release|Any CPU
		{9E96D00C-A8D0-42F3-A9BB-C31D61FA5084}.AppStore|x64.ActiveCfg = Release|Any CPU
		{9E96D00C-A8D0-42F3-A9BB-C31D61FA5084}.AppStore|x64.Build.0 = Release|Any CPU
		{9E96D00C-A8D0-42F3-A9BB-C31D61FA5084}.AppStore|x86.ActiveCfg = Release|Any CPU
		{9E96D00C-A8D0-42F3-A9BB-C31D61FA5084}.AppStore|x86.Build.0 = Release|Any CPU
		{9E96D00C-A8D0-42F3-A9BB-C31D61FA5084}.Debug|Any CPU.ActiveCfg = Debug|Any CPU
		{9E96D00C-A8D0-42F3-A9BB-C31D61FA5084}.Debug|Any CPU.Build.0 = Debug|Any CPU
		{9E96D00C-A8D0-42F3-A9BB-C31D61FA5084}.Debug|ARM.ActiveCfg = Debug|Any CPU
		{9E96D00C-A8D0-42F3-A9BB-C31D61FA5084}.Debug|ARM.Build.0 = Debug|Any CPU
		{9E96D00C-A8D0-42F3-A9BB-C31D61FA5084}.Debug|iPhone.ActiveCfg = Debug|Any CPU
		{9E96D00C-A8D0-42F3-A9BB-C31D61FA5084}.Debug|iPhone.Build.0 = Debug|Any CPU
		{9E96D00C-A8D0-42F3-A9BB-C31D61FA5084}.Debug|iPhoneSimulator.ActiveCfg = Debug|Any CPU
		{9E96D00C-A8D0-42F3-A9BB-C31D61FA5084}.Debug|iPhoneSimulator.Build.0 = Debug|Any CPU
		{9E96D00C-A8D0-42F3-A9BB-C31D61FA5084}.Debug|x64.ActiveCfg = Debug|Any CPU
		{9E96D00C-A8D0-42F3-A9BB-C31D61FA5084}.Debug|x64.Build.0 = Debug|Any CPU
		{9E96D00C-A8D0-42F3-A9BB-C31D61FA5084}.Debug|x86.ActiveCfg = Debug|Any CPU
		{9E96D00C-A8D0-42F3-A9BB-C31D61FA5084}.Debug|x86.Build.0 = Debug|Any CPU
		{9E96D00C-A8D0-42F3-A9BB-C31D61FA5084}.Release|Any CPU.ActiveCfg = Release|Any CPU
		{9E96D00C-A8D0-42F3-A9BB-C31D61FA5084}.Release|Any CPU.Build.0 = Release|Any CPU
		{9E96D00C-A8D0-42F3-A9BB-C31D61FA5084}.Release|ARM.ActiveCfg = Release|Any CPU
		{9E96D00C-A8D0-42F3-A9BB-C31D61FA5084}.Release|ARM.Build.0 = Release|Any CPU
		{9E96D00C-A8D0-42F3-A9BB-C31D61FA5084}.Release|iPhone.ActiveCfg = Release|Any CPU
		{9E96D00C-A8D0-42F3-A9BB-C31D61FA5084}.Release|iPhone.Build.0 = Release|Any CPU
		{9E96D00C-A8D0-42F3-A9BB-C31D61FA5084}.Release|iPhoneSimulator.ActiveCfg = Release|Any CPU
		{9E96D00C-A8D0-42F3-A9BB-C31D61FA5084}.Release|iPhoneSimulator.Build.0 = Release|Any CPU
		{9E96D00C-A8D0-42F3-A9BB-C31D61FA5084}.Release|x64.ActiveCfg = Release|Any CPU
		{9E96D00C-A8D0-42F3-A9BB-C31D61FA5084}.Release|x64.Build.0 = Release|Any CPU
		{9E96D00C-A8D0-42F3-A9BB-C31D61FA5084}.Release|x86.ActiveCfg = Release|Any CPU
		{9E96D00C-A8D0-42F3-A9BB-C31D61FA5084}.Release|x86.Build.0 = Release|Any CPU
		{4572DF98-7919-4BAB-ABF4-697FB3E6159C}.Ad-Hoc|Any CPU.ActiveCfg = Ad-Hoc|iPhone
		{4572DF98-7919-4BAB-ABF4-697FB3E6159C}.Ad-Hoc|ARM.ActiveCfg = Ad-Hoc|iPhone
		{4572DF98-7919-4BAB-ABF4-697FB3E6159C}.Ad-Hoc|iPhone.ActiveCfg = Ad-Hoc|iPhone
		{4572DF98-7919-4BAB-ABF4-697FB3E6159C}.Ad-Hoc|iPhone.Build.0 = Ad-Hoc|iPhone
		{4572DF98-7919-4BAB-ABF4-697FB3E6159C}.Ad-Hoc|iPhoneSimulator.ActiveCfg = Ad-Hoc|iPhoneSimulator
		{4572DF98-7919-4BAB-ABF4-697FB3E6159C}.Ad-Hoc|iPhoneSimulator.Build.0 = Ad-Hoc|iPhoneSimulator
		{4572DF98-7919-4BAB-ABF4-697FB3E6159C}.Ad-Hoc|x64.ActiveCfg = Ad-Hoc|iPhone
		{4572DF98-7919-4BAB-ABF4-697FB3E6159C}.Ad-Hoc|x86.ActiveCfg = Ad-Hoc|iPhone
		{4572DF98-7919-4BAB-ABF4-697FB3E6159C}.AppStore|Any CPU.ActiveCfg = AppStore|iPhone
		{4572DF98-7919-4BAB-ABF4-697FB3E6159C}.AppStore|ARM.ActiveCfg = AppStore|iPhone
		{4572DF98-7919-4BAB-ABF4-697FB3E6159C}.AppStore|iPhone.ActiveCfg = AppStore|iPhone
		{4572DF98-7919-4BAB-ABF4-697FB3E6159C}.AppStore|iPhone.Build.0 = AppStore|iPhone
		{4572DF98-7919-4BAB-ABF4-697FB3E6159C}.AppStore|iPhoneSimulator.ActiveCfg = AppStore|iPhoneSimulator
		{4572DF98-7919-4BAB-ABF4-697FB3E6159C}.AppStore|iPhoneSimulator.Build.0 = AppStore|iPhoneSimulator
		{4572DF98-7919-4BAB-ABF4-697FB3E6159C}.AppStore|x64.ActiveCfg = AppStore|iPhone
		{4572DF98-7919-4BAB-ABF4-697FB3E6159C}.AppStore|x86.ActiveCfg = AppStore|iPhone
		{4572DF98-7919-4BAB-ABF4-697FB3E6159C}.Debug|Any CPU.ActiveCfg = Debug|iPhone
		{4572DF98-7919-4BAB-ABF4-697FB3E6159C}.Debug|ARM.ActiveCfg = Debug|iPhone
		{4572DF98-7919-4BAB-ABF4-697FB3E6159C}.Debug|iPhone.ActiveCfg = Debug|iPhone
		{4572DF98-7919-4BAB-ABF4-697FB3E6159C}.Debug|iPhone.Build.0 = Debug|iPhone
		{4572DF98-7919-4BAB-ABF4-697FB3E6159C}.Debug|iPhoneSimulator.ActiveCfg = Debug|iPhoneSimulator
		{4572DF98-7919-4BAB-ABF4-697FB3E6159C}.Debug|iPhoneSimulator.Build.0 = Debug|iPhoneSimulator
		{4572DF98-7919-4BAB-ABF4-697FB3E6159C}.Debug|x64.ActiveCfg = Debug|iPhone
		{4572DF98-7919-4BAB-ABF4-697FB3E6159C}.Debug|x86.ActiveCfg = Debug|iPhone
		{4572DF98-7919-4BAB-ABF4-697FB3E6159C}.Release|Any CPU.ActiveCfg = Release|iPhone
		{4572DF98-7919-4BAB-ABF4-697FB3E6159C}.Release|ARM.ActiveCfg = Release|iPhone
		{4572DF98-7919-4BAB-ABF4-697FB3E6159C}.Release|iPhone.ActiveCfg = Release|iPhone
		{4572DF98-7919-4BAB-ABF4-697FB3E6159C}.Release|iPhone.Build.0 = Release|iPhone
		{4572DF98-7919-4BAB-ABF4-697FB3E6159C}.Release|iPhoneSimulator.ActiveCfg = Release|iPhoneSimulator
		{4572DF98-7919-4BAB-ABF4-697FB3E6159C}.Release|iPhoneSimulator.Build.0 = Release|iPhoneSimulator
		{4572DF98-7919-4BAB-ABF4-697FB3E6159C}.Release|x64.ActiveCfg = Release|iPhone
		{4572DF98-7919-4BAB-ABF4-697FB3E6159C}.Release|x86.ActiveCfg = Release|iPhone
	EndGlobalSection
	GlobalSection(SolutionProperties) = preSolution
		HideSolutionNode = FALSE
	EndGlobalSection
EndGlobal
