
Microsoft Visual Studio Solution File, Format Version 12.00
# Visual Studio 15
VisualStudioVersion = 15.0.26430.12
MinimumVisualStudioVersion = 10.0.40219.1
Project("{FAE04EC0-301F-11D3-BF4B-00C04F79EFBC}") = "XF_Grid_Parte5.Android", "XF_Grid_Parte5\XF_Grid_Parte5.Android\XF_Grid_Parte5.Android.csproj", "{6BE3A1B5-F288-4EA4-9F9B-DC727F811E63}"
EndProject
Project("{FAE04EC0-301F-11D3-BF4B-00C04F79EFBC}") = "XF_Grid_Parte5", "XF_Grid_Parte5\XF_Grid_Parte5\XF_Grid_Parte5.csproj", "{27E03EC4-CB19-4220-9B00-6AC7A35FBABF}"
EndProject
Project("{FAE04EC0-301F-11D3-BF4B-00C04F79EFBC}") = "XF_Grid_Parte5.iOS", "XF_Grid_Parte5\XF_Grid_Parte5.iOS\XF_Grid_Parte5.iOS.csproj", "{658E567C-E69D-4AFE-B995-31FC56A1332C}"
EndProject
Global
	GlobalSection(SolutionConfigurationPlatforms) = preSolution
		Ad-Hoc|Any CPU = Ad-Hoc|Any CPU
		Ad-Hoc|ARM = Ad-Hoc|ARM
		Ad-Hoc|iPhone = Ad-Hoc|iPhone
		Ad-Hoc|iPhoneSimulator = Ad-Hoc|iPhoneSimulator
		Ad-Hoc|x64 = Ad-Hoc|x64
		Ad-Hoc|x86 = Ad-Hoc|x86
		AppStore|Any CPU = AppStore|Any CPU
		AppStore|ARM = AppStore|ARM
		AppStore|iPhone = AppStore|iPhone
		AppStore|iPhoneSimulator = AppStore|iPhoneSimulator
		AppStore|x64 = AppStore|x64
		AppStore|x86 = AppStore|x86
		Debug|Any CPU = Debug|Any CPU
		Debug|ARM = Debug|ARM
		Debug|iPhone = Debug|iPhone
		Debug|iPhoneSimulator = Debug|iPhoneSimulator
		Debug|x64 = Debug|x64
		Debug|x86 = Debug|x86
		Release|Any CPU = Release|Any CPU
		Release|ARM = Release|ARM
		Release|iPhone = Release|iPhone
		Release|iPhoneSimulator = Release|iPhoneSimulator
		Release|x64 = Release|x64
		Release|x86 = Release|x86
	EndGlobalSection
	GlobalSection(ProjectConfigurationPlatforms) = postSolution
		{6BE3A1B5-F288-4EA4-9F9B-DC727F811E63}.Ad-Hoc|Any CPU.ActiveCfg = Release|Any CPU
		{6BE3A1B5-F288-4EA4-9F9B-DC727F811E63}.Ad-Hoc|Any CPU.Build.0 = Release|Any CPU
		{6BE3A1B5-F288-4EA4-9F9B-DC727F811E63}.Ad-Hoc|Any CPU.Deploy.0 = Release|Any CPU
		{6BE3A1B5-F288-4EA4-9F9B-DC727F811E63}.Ad-Hoc|ARM.ActiveCfg = Release|Any CPU
		{6BE3A1B5-F288-4EA4-9F9B-DC727F811E63}.Ad-Hoc|ARM.Build.0 = Release|Any CPU
		{6BE3A1B5-F288-4EA4-9F9B-DC727F811E63}.Ad-Hoc|ARM.Deploy.0 = Release|Any CPU
		{6BE3A1B5-F288-4EA4-9F9B-DC727F811E63}.Ad-Hoc|iPhone.ActiveCfg = Release|Any CPU
		{6BE3A1B5-F288-4EA4-9F9B-DC727F811E63}.Ad-Hoc|iPhone.Build.0 = Release|Any CPU
		{6BE3A1B5-F288-4EA4-9F9B-DC727F811E63}.Ad-Hoc|iPhone.Deploy.0 = Release|Any CPU
		{6BE3A1B5-F288-4EA4-9F9B-DC727F811E63}.Ad-Hoc|iPhoneSimulator.ActiveCfg = Release|Any CPU
		{6BE3A1B5-F288-4EA4-9F9B-DC727F811E63}.Ad-Hoc|iPhoneSimulator.Build.0 = Release|Any CPU
		{6BE3A1B5-F288-4EA4-9F9B-DC727F811E63}.Ad-Hoc|iPhoneSimulator.Deploy.0 = Release|Any CPU
		{6BE3A1B5-F288-4EA4-9F9B-DC727F811E63}.Ad-Hoc|x64.ActiveCfg = Release|Any CPU
		{6BE3A1B5-F288-4EA4-9F9B-DC727F811E63}.Ad-Hoc|x64.Build.0 = Release|Any CPU
		{6BE3A1B5-F288-4EA4-9F9B-DC727F811E63}.Ad-Hoc|x64.Deploy.0 = Release|Any CPU
		{6BE3A1B5-F288-4EA4-9F9B-DC727F811E63}.Ad-Hoc|x86.ActiveCfg = Release|Any CPU
		{6BE3A1B5-F288-4EA4-9F9B-DC727F811E63}.Ad-Hoc|x86.Build.0 = Release|Any CPU
		{6BE3A1B5-F288-4EA4-9F9B-DC727F811E63}.Ad-Hoc|x86.Deploy.0 = Release|Any CPU
		{6BE3A1B5-F288-4EA4-9F9B-DC727F811E63}.AppStore|Any CPU.ActiveCfg = Release|Any CPU
		{6BE3A1B5-F288-4EA4-9F9B-DC727F811E63}.AppStore|Any CPU.Build.0 = Release|Any CPU
		{6BE3A1B5-F288-4EA4-9F9B-DC727F811E63}.AppStore|Any CPU.Deploy.0 = Release|Any CPU
		{6BE3A1B5-F288-4EA4-9F9B-DC727F811E63}.AppStore|ARM.ActiveCfg = Release|Any CPU
		{6BE3A1B5-F288-4EA4-9F9B-DC727F811E63}.AppStore|ARM.Build.0 = Release|Any CPU
		{6BE3A1B5-F288-4EA4-9F9B-DC727F811E63}.AppStore|ARM.Deploy.0 = Release|Any CPU
		{6BE3A1B5-F288-4EA4-9F9B-DC727F811E63}.AppStore|iPhone.ActiveCfg = Release|Any CPU
		{6BE3A1B5-F288-4EA4-9F9B-DC727F811E63}.AppStore|iPhone.Build.0 = Release|Any CPU
		{6BE3A1B5-F288-4EA4-9F9B-DC727F811E63}.AppStore|iPhone.Deploy.0 = Release|Any CPU
		{6BE3A1B5-F288-4EA4-9F9B-DC727F811E63}.AppStore|iPhoneSimulator.ActiveCfg = Release|Any CPU
		{6BE3A1B5-F288-4EA4-9F9B-DC727F811E63}.AppStore|iPhoneSimulator.Build.0 = Release|Any CPU
		{6BE3A1B5-F288-4EA4-9F9B-DC727F811E63}.AppStore|iPhoneSimulator.Deploy.0 = Release|Any CPU
		{6BE3A1B5-F288-4EA4-9F9B-DC727F811E63}.AppStore|x64.ActiveCfg = Release|Any CPU
		{6BE3A1B5-F288-4EA4-9F9B-DC727F811E63}.AppStore|x64.Build.0 = Release|Any CPU
		{6BE3A1B5-F288-4EA4-9F9B-DC727F811E63}.AppStore|x64.Deploy.0 = Release|Any CPU
		{6BE3A1B5-F288-4EA4-9F9B-DC727F811E63}.AppStore|x86.ActiveCfg = Release|Any CPU
		{6BE3A1B5-F288-4EA4-9F9B-DC727F811E63}.AppStore|x86.Build.0 = Release|Any CPU
		{6BE3A1B5-F288-4EA4-9F9B-DC727F811E63}.AppStore|x86.Deploy.0 = Release|Any CPU
		{6BE3A1B5-F288-4EA4-9F9B-DC727F811E63}.Debug|Any CPU.ActiveCfg = Debug|Any CPU
		{6BE3A1B5-F288-4EA4-9F9B-DC727F811E63}.Debug|Any CPU.Build.0 = Debug|Any CPU
		{6BE3A1B5-F288-4EA4-9F9B-DC727F811E63}.Debug|Any CPU.Deploy.0 = Debug|Any CPU
		{6BE3A1B5-F288-4EA4-9F9B-DC727F811E63}.Debug|ARM.ActiveCfg = Debug|Any CPU
		{6BE3A1B5-F288-4EA4-9F9B-DC727F811E63}.Debug|ARM.Build.0 = Debug|Any CPU
		{6BE3A1B5-F288-4EA4-9F9B-DC727F811E63}.Debug|ARM.Deploy.0 = Debug|Any CPU
		{6BE3A1B5-F288-4EA4-9F9B-DC727F811E63}.Debug|iPhone.ActiveCfg = Debug|Any CPU
		{6BE3A1B5-F288-4EA4-9F9B-DC727F811E63}.Debug|iPhone.Build.0 = Debug|Any CPU
		{6BE3A1B5-F288-4EA4-9F9B-DC727F811E63}.Debug|iPhone.Deploy.0 = Debug|Any CPU
		{6BE3A1B5-F288-4EA4-9F9B-DC727F811E63}.Debug|iPhoneSimulator.ActiveCfg = Debug|Any CPU
		{6BE3A1B5-F288-4EA4-9F9B-DC727F811E63}.Debug|iPhoneSimulator.Build.0 = Debug|Any CPU
		{6BE3A1B5-F288-4EA4-9F9B-DC727F811E63}.Debug|iPhoneSimulator.Deploy.0 = Debug|Any CPU
		{6BE3A1B5-F288-4EA4-9F9B-DC727F811E63}.Debug|x64.ActiveCfg = Debug|Any CPU
		{6BE3A1B5-F288-4EA4-9F9B-DC727F811E63}.Debug|x64.Build.0 = Debug|Any CPU
		{6BE3A1B5-F288-4EA4-9F9B-DC727F811E63}.Debug|x64.Deploy.0 = Debug|Any CPU
		{6BE3A1B5-F288-4EA4-9F9B-DC727F811E63}.Debug|x86.ActiveCfg = Debug|Any CPU
		{6BE3A1B5-F288-4EA4-9F9B-DC727F811E63}.Debug|x86.Build.0 = Debug|Any CPU
		{6BE3A1B5-F288-4EA4-9F9B-DC727F811E63}.Debug|x86.Deploy.0 = Debug|Any CPU
		{6BE3A1B5-F288-4EA4-9F9B-DC727F811E63}.Release|Any CPU.ActiveCfg = Release|Any CPU
		{6BE3A1B5-F288-4EA4-9F9B-DC727F811E63}.Release|Any CPU.Build.0 = Release|Any CPU
		{6BE3A1B5-F288-4EA4-9F9B-DC727F811E63}.Release|Any CPU.Deploy.0 = Release|Any CPU
		{6BE3A1B5-F288-4EA4-9F9B-DC727F811E63}.Release|ARM.ActiveCfg = Release|Any CPU
		{6BE3A1B5-F288-4EA4-9F9B-DC727F811E63}.Release|ARM.Build.0 = Release|Any CPU
		{6BE3A1B5-F288-4EA4-9F9B-DC727F811E63}.Release|ARM.Deploy.0 = Release|Any CPU
		{6BE3A1B5-F288-4EA4-9F9B-DC727F811E63}.Release|iPhone.ActiveCfg = Release|Any CPU
		{6BE3A1B5-F288-4EA4-9F9B-DC727F811E63}.Release|iPhone.Build.0 = Release|Any CPU
		{6BE3A1B5-F288-4EA4-9F9B-DC727F811E63}.Release|iPhone.Deploy.0 = Release|Any CPU
		{6BE3A1B5-F288-4EA4-9F9B-DC727F811E63}.Release|iPhoneSimulator.ActiveCfg = Release|Any CPU
		{6BE3A1B5-F288-4EA4-9F9B-DC727F811E63}.Release|iPhoneSimulator.Build.0 = Release|Any CPU
		{6BE3A1B5-F288-4EA4-9F9B-DC727F811E63}.Release|iPhoneSimulator.Deploy.0 = Release|Any CPU
		{6BE3A1B5-F288-4EA4-9F9B-DC727F811E63}.Release|x64.ActiveCfg = Release|Any CPU
		{6BE3A1B5-F288-4EA4-9F9B-DC727F811E63}.Release|x64.Build.0 = Release|Any CPU
		{6BE3A1B5-F288-4EA4-9F9B-DC727F811E63}.Release|x64.Deploy.0 = Release|Any CPU
		{6BE3A1B5-F288-4EA4-9F9B-DC727F811E63}.Release|x86.ActiveCfg = Release|Any CPU
		{6BE3A1B5-F288-4EA4-9F9B-DC727F811E63}.Release|x86.Build.0 = Release|Any CPU
		{6BE3A1B5-F288-4EA4-9F9B-DC727F811E63}.Release|x86.Deploy.0 = Release|Any CPU
		{27E03EC4-CB19-4220-9B00-6AC7A35FBABF}.Ad-Hoc|Any CPU.ActiveCfg = Release|Any CPU
		{27E03EC4-CB19-4220-9B00-6AC7A35FBABF}.Ad-Hoc|Any CPU.Build.0 = Release|Any CPU
		{27E03EC4-CB19-4220-9B00-6AC7A35FBABF}.Ad-Hoc|ARM.ActiveCfg = Release|Any CPU
		{27E03EC4-CB19-4220-9B00-6AC7A35FBABF}.Ad-Hoc|ARM.Build.0 = Release|Any CPU
		{27E03EC4-CB19-4220-9B00-6AC7A35FBABF}.Ad-Hoc|iPhone.ActiveCfg = Release|Any CPU
		{27E03EC4-CB19-4220-9B00-6AC7A35FBABF}.Ad-Hoc|iPhone.Build.0 = Release|Any CPU
		{27E03EC4-CB19-4220-9B00-6AC7A35FBABF}.Ad-Hoc|iPhoneSimulator.ActiveCfg = Release|Any CPU
		{27E03EC4-CB19-4220-9B00-6AC7A35FBABF}.Ad-Hoc|iPhoneSimulator.Build.0 = Release|Any CPU
		{27E03EC4-CB19-4220-9B00-6AC7A35FBABF}.Ad-Hoc|x64.ActiveCfg = Release|Any CPU
		{27E03EC4-CB19-4220-9B00-6AC7A35FBABF}.Ad-Hoc|x64.Build.0 = Release|Any CPU
		{27E03EC4-CB19-4220-9B00-6AC7A35FBABF}.Ad-Hoc|x86.ActiveCfg = Release|Any CPU
		{27E03EC4-CB19-4220-9B00-6AC7A35FBABF}.Ad-Hoc|x86.Build.0 = Release|Any CPU
		{27E03EC4-CB19-4220-9B00-6AC7A35FBABF}.AppStore|Any CPU.ActiveCfg = Release|Any CPU
		{27E03EC4-CB19-4220-9B00-6AC7A35FBABF}.AppStore|Any CPU.Build.0 = Release|Any CPU
		{27E03EC4-CB19-4220-9B00-6AC7A35FBABF}.AppStore|ARM.ActiveCfg = Release|Any CPU
		{27E03EC4-CB19-4220-9B00-6AC7A35FBABF}.AppStore|ARM.Build.0 = Release|Any CPU
		{27E03EC4-CB19-4220-9B00-6AC7A35FBABF}.AppStore|iPhone.ActiveCfg = Release|Any CPU
		{27E03EC4-CB19-4220-9B00-6AC7A35FBABF}.AppStore|iPhone.Build.0 = Release|Any CPU
		{27E03EC4-CB19-4220-9B00-6AC7A35FBABF}.AppStore|iPhoneSimulator.ActiveCfg = Release|Any CPU
		{27E03EC4-CB19-4220-9B00-6AC7A35FBABF}.AppStore|iPhoneSimulator.Build.0 = Release|Any CPU
		{27E03EC4-CB19-4220-9B00-6AC7A35FBABF}.AppStore|x64.ActiveCfg = Release|Any CPU
		{27E03EC4-CB19-4220-9B00-6AC7A35FBABF}.AppStore|x64.Build.0 = Release|Any CPU
		{27E03EC4-CB19-4220-9B00-6AC7A35FBABF}.AppStore|x86.ActiveCfg = Release|Any CPU
		{27E03EC4-CB19-4220-9B00-6AC7A35FBABF}.AppStore|x86.Build.0 = Release|Any CPU
		{27E03EC4-CB19-4220-9B00-6AC7A35FBABF}.Debug|Any CPU.ActiveCfg = Debug|Any CPU
		{27E03EC4-CB19-4220-9B00-6AC7A35FBABF}.Debug|Any CPU.Build.0 = Debug|Any CPU
		{27E03EC4-CB19-4220-9B00-6AC7A35FBABF}.Debug|ARM.ActiveCfg = Debug|Any CPU
		{27E03EC4-CB19-4220-9B00-6AC7A35FBABF}.Debug|ARM.Build.0 = Debug|Any CPU
		{27E03EC4-CB19-4220-9B00-6AC7A35FBABF}.Debug|iPhone.ActiveCfg = Debug|Any CPU
		{27E03EC4-CB19-4220-9B00-6AC7A35FBABF}.Debug|iPhone.Build.0 = Debug|Any CPU
		{27E03EC4-CB19-4220-9B00-6AC7A35FBABF}.Debug|iPhoneSimulator.ActiveCfg = Debug|Any CPU
		{27E03EC4-CB19-4220-9B00-6AC7A35FBABF}.Debug|iPhoneSimulator.Build.0 = Debug|Any CPU
		{27E03EC4-CB19-4220-9B00-6AC7A35FBABF}.Debug|x64.ActiveCfg = Debug|Any CPU
		{27E03EC4-CB19-4220-9B00-6AC7A35FBABF}.Debug|x64.Build.0 = Debug|Any CPU
		{27E03EC4-CB19-4220-9B00-6AC7A35FBABF}.Debug|x86.ActiveCfg = Debug|Any CPU
		{27E03EC4-CB19-4220-9B00-6AC7A35FBABF}.Debug|x86.Build.0 = Debug|Any CPU
		{27E03EC4-CB19-4220-9B00-6AC7A35FBABF}.Release|Any CPU.ActiveCfg = Release|Any CPU
		{27E03EC4-CB19-4220-9B00-6AC7A35FBABF}.Release|Any CPU.Build.0 = Release|Any CPU
		{27E03EC4-CB19-4220-9B00-6AC7A35FBABF}.Release|ARM.ActiveCfg = Release|Any CPU
		{27E03EC4-CB19-4220-9B00-6AC7A35FBABF}.Release|ARM.Build.0 = Release|Any CPU
		{27E03EC4-CB19-4220-9B00-6AC7A35FBABF}.Release|iPhone.ActiveCfg = Release|Any CPU
		{27E03EC4-CB19-4220-9B00-6AC7A35FBABF}.Release|iPhone.Build.0 = Release|Any CPU
		{27E03EC4-CB19-4220-9B00-6AC7A35FBABF}.Release|iPhoneSimulator.ActiveCfg = Release|Any CPU
		{27E03EC4-CB19-4220-9B00-6AC7A35FBABF}.Release|iPhoneSimulator.Build.0 = Release|Any CPU
		{27E03EC4-CB19-4220-9B00-6AC7A35FBABF}.Release|x64.ActiveCfg = Release|Any CPU
		{27E03EC4-CB19-4220-9B00-6AC7A35FBABF}.Release|x64.Build.0 = Release|Any CPU
		{27E03EC4-CB19-4220-9B00-6AC7A35FBABF}.Release|x86.ActiveCfg = Release|Any CPU
		{27E03EC4-CB19-4220-9B00-6AC7A35FBABF}.Release|x86.Build.0 = Release|Any CPU
		{658E567C-E69D-4AFE-B995-31FC56A1332C}.Ad-Hoc|Any CPU.ActiveCfg = Ad-Hoc|iPhone
		{658E567C-E69D-4AFE-B995-31FC56A1332C}.Ad-Hoc|ARM.ActiveCfg = Ad-Hoc|iPhone
		{658E567C-E69D-4AFE-B995-31FC56A1332C}.Ad-Hoc|iPhone.ActiveCfg = Ad-Hoc|iPhone
		{658E567C-E69D-4AFE-B995-31FC56A1332C}.Ad-Hoc|iPhone.Build.0 = Ad-Hoc|iPhone
		{658E567C-E69D-4AFE-B995-31FC56A1332C}.Ad-Hoc|iPhoneSimulator.ActiveCfg = Ad-Hoc|iPhoneSimulator
		{658E567C-E69D-4AFE-B995-31FC56A1332C}.Ad-Hoc|iPhoneSimulator.Build.0 = Ad-Hoc|iPhoneSimulator
		{658E567C-E69D-4AFE-B995-31FC56A1332C}.Ad-Hoc|x64.ActiveCfg = Ad-Hoc|iPhone
		{658E567C-E69D-4AFE-B995-31FC56A1332C}.Ad-Hoc|x86.ActiveCfg = Ad-Hoc|iPhone
		{658E567C-E69D-4AFE-B995-31FC56A1332C}.AppStore|Any CPU.ActiveCfg = AppStore|iPhone
		{658E567C-E69D-4AFE-B995-31FC56A1332C}.AppStore|ARM.ActiveCfg = AppStore|iPhone
		{658E567C-E69D-4AFE-B995-31FC56A1332C}.AppStore|iPhone.ActiveCfg = AppStore|iPhone
		{658E567C-E69D-4AFE-B995-31FC56A1332C}.AppStore|iPhone.Build.0 = AppStore|iPhone
		{658E567C-E69D-4AFE-B995-31FC56A1332C}.AppStore|iPhoneSimulator.ActiveCfg = AppStore|iPhoneSimulator
		{658E567C-E69D-4AFE-B995-31FC56A1332C}.AppStore|iPhoneSimulator.Build.0 = AppStore|iPhoneSimulator
		{658E567C-E69D-4AFE-B995-31FC56A1332C}.AppStore|x64.ActiveCfg = AppStore|iPhone
		{658E567C-E69D-4AFE-B995-31FC56A1332C}.AppStore|x86.ActiveCfg = AppStore|iPhone
		{658E567C-E69D-4AFE-B995-31FC56A1332C}.Debug|Any CPU.ActiveCfg = Debug|iPhone
		{658E567C-E69D-4AFE-B995-31FC56A1332C}.Debug|ARM.ActiveCfg = Debug|iPhone
		{658E567C-E69D-4AFE-B995-31FC56A1332C}.Debug|iPhone.ActiveCfg = Debug|iPhone
		{658E567C-E69D-4AFE-B995-31FC56A1332C}.Debug|iPhone.Build.0 = Debug|iPhone
		{658E567C-E69D-4AFE-B995-31FC56A1332C}.Debug|iPhoneSimulator.ActiveCfg = Debug|iPhoneSimulator
		{658E567C-E69D-4AFE-B995-31FC56A1332C}.Debug|iPhoneSimulator.Build.0 = Debug|iPhoneSimulator
		{658E567C-E69D-4AFE-B995-31FC56A1332C}.Debug|x64.ActiveCfg = Debug|iPhone
		{658E567C-E69D-4AFE-B995-31FC56A1332C}.Debug|x86.ActiveCfg = Debug|iPhone
		{658E567C-E69D-4AFE-B995-31FC56A1332C}.Release|Any CPU.ActiveCfg = Release|iPhone
		{658E567C-E69D-4AFE-B995-31FC56A1332C}.Release|ARM.ActiveCfg = Release|iPhone
		{658E567C-E69D-4AFE-B995-31FC56A1332C}.Release|iPhone.ActiveCfg = Release|iPhone
		{658E567C-E69D-4AFE-B995-31FC56A1332C}.Release|iPhone.Build.0 = Release|iPhone
		{658E567C-E69D-4AFE-B995-31FC56A1332C}.Release|iPhoneSimulator.ActiveCfg = Release|iPhoneSimulator
		{658E567C-E69D-4AFE-B995-31FC56A1332C}.Release|iPhoneSimulator.Build.0 = Release|iPhoneSimulator
		{658E567C-E69D-4AFE-B995-31FC56A1332C}.Release|x64.ActiveCfg = Release|iPhone
		{658E567C-E69D-4AFE-B995-31FC56A1332C}.Release|x86.ActiveCfg = Release|iPhone
	EndGlobalSection
	GlobalSection(SolutionProperties) = preSolution
		HideSolutionNode = FALSE
	EndGlobalSection
EndGlobal
