
Microsoft Visual Studio Solution File, Format Version 12.00
# Visual Studio 14
VisualStudioVersion = 14.0.25420.1
MinimumVisualStudioVersion = 10.0.40219.1
Project("{FAE04EC0-301F-11D3-BF4B-00C04F79EFBC}") = "XF_Views_Picker_Code.Droid", "XF_Views_Picker_Code\XF_Views_Picker_Code.Droid\XF_Views_Picker_Code.Droid.csproj", "{647B783D-184E-4FA6-8F87-BEB985A72D0E}"
EndProject
Project("{FAE04EC0-301F-11D3-BF4B-00C04F79EFBC}") = "XF_Views_Picker_Code.iOS", "XF_Views_Picker_Code\XF_Views_Picker_Code.iOS\XF_Views_Picker_Code.iOS.csproj", "{1783358C-743E-4886-B4CB-5DDC13E94F2C}"
EndProject
Project("{FAE04EC0-301F-11D3-BF4B-00C04F79EFBC}") = "XF_Views_Picker_Code.UWP", "XF_Views_Picker_Code\XF_Views_Picker_Code.UWP\XF_Views_Picker_Code.UWP.csproj", "{525078B9-E26F-46DA-823D-FFF45DD545DD}"
EndProject
Project("{FAE04EC0-301F-11D3-BF4B-00C04F79EFBC}") = "XF_Views_Picker_Code", "XF_Views_Picker_Code\XF_Views_Picker_Code\XF_Views_Picker_Code.csproj", "{895499F4-048E-4B5C-AA33-31E333FF1C6F}"
EndProject
Global
	GlobalSection(SolutionConfigurationPlatforms) = preSolution
		Ad-Hoc|Any CPU = Ad-Hoc|Any CPU
		Ad-Hoc|ARM = Ad-Hoc|ARM
		Ad-Hoc|iPhone = Ad-Hoc|iPhone
		Ad-Hoc|iPhoneSimulator = Ad-Hoc|iPhoneSimulator
		Ad-Hoc|x64 = Ad-Hoc|x64
		Ad-Hoc|x86 = Ad-Hoc|x86
		AppStore|Any CPU = AppStore|Any CPU
		AppStore|ARM = AppStore|ARM
		AppStore|iPhone = AppStore|iPhone
		AppStore|iPhoneSimulator = AppStore|iPhoneSimulator
		AppStore|x64 = AppStore|x64
		AppStore|x86 = AppStore|x86
		Debug|Any CPU = Debug|Any CPU
		Debug|ARM = Debug|ARM
		Debug|iPhone = Debug|iPhone
		Debug|iPhoneSimulator = Debug|iPhoneSimulator
		Debug|x64 = Debug|x64
		Debug|x86 = Debug|x86
		Release|Any CPU = Release|Any CPU
		Release|ARM = Release|ARM
		Release|iPhone = Release|iPhone
		Release|iPhoneSimulator = Release|iPhoneSimulator
		Release|x64 = Release|x64
		Release|x86 = Release|x86
	EndGlobalSection
	GlobalSection(ProjectConfigurationPlatforms) = postSolution
		{647B783D-184E-4FA6-8F87-BEB985A72D0E}.Ad-Hoc|Any CPU.ActiveCfg = Release|Any CPU
		{647B783D-184E-4FA6-8F87-BEB985A72D0E}.Ad-Hoc|Any CPU.Build.0 = Release|Any CPU
		{647B783D-184E-4FA6-8F87-BEB985A72D0E}.Ad-Hoc|Any CPU.Deploy.0 = Release|Any CPU
		{647B783D-184E-4FA6-8F87-BEB985A72D0E}.Ad-Hoc|ARM.ActiveCfg = Release|Any CPU
		{647B783D-184E-4FA6-8F87-BEB985A72D0E}.Ad-Hoc|ARM.Build.0 = Release|Any CPU
		{647B783D-184E-4FA6-8F87-BEB985A72D0E}.Ad-Hoc|ARM.Deploy.0 = Release|Any CPU
		{647B783D-184E-4FA6-8F87-BEB985A72D0E}.Ad-Hoc|iPhone.ActiveCfg = Release|Any CPU
		{647B783D-184E-4FA6-8F87-BEB985A72D0E}.Ad-Hoc|iPhone.Build.0 = Release|Any CPU
		{647B783D-184E-4FA6-8F87-BEB985A72D0E}.Ad-Hoc|iPhone.Deploy.0 = Release|Any CPU
		{647B783D-184E-4FA6-8F87-BEB985A72D0E}.Ad-Hoc|iPhoneSimulator.ActiveCfg = Release|Any CPU
		{647B783D-184E-4FA6-8F87-BEB985A72D0E}.Ad-Hoc|iPhoneSimulator.Build.0 = Release|Any CPU
		{647B783D-184E-4FA6-8F87-BEB985A72D0E}.Ad-Hoc|iPhoneSimulator.Deploy.0 = Release|Any CPU
		{647B783D-184E-4FA6-8F87-BEB985A72D0E}.Ad-Hoc|x64.ActiveCfg = Release|Any CPU
		{647B783D-184E-4FA6-8F87-BEB985A72D0E}.Ad-Hoc|x64.Build.0 = Release|Any CPU
		{647B783D-184E-4FA6-8F87-BEB985A72D0E}.Ad-Hoc|x64.Deploy.0 = Release|Any CPU
		{647B783D-184E-4FA6-8F87-BEB985A72D0E}.Ad-Hoc|x86.ActiveCfg = Release|Any CPU
		{647B783D-184E-4FA6-8F87-BEB985A72D0E}.Ad-Hoc|x86.Build.0 = Release|Any CPU
		{647B783D-184E-4FA6-8F87-BEB985A72D0E}.Ad-Hoc|x86.Deploy.0 = Release|Any CPU
		{647B783D-184E-4FA6-8F87-BEB985A72D0E}.AppStore|Any CPU.ActiveCfg = Release|Any CPU
		{647B783D-184E-4FA6-8F87-BEB985A72D0E}.AppStore|Any CPU.Build.0 = Release|Any CPU
		{647B783D-184E-4FA6-8F87-BEB985A72D0E}.AppStore|Any CPU.Deploy.0 = Release|Any CPU
		{647B783D-184E-4FA6-8F87-BEB985A72D0E}.AppStore|ARM.ActiveCfg = Release|Any CPU
		{647B783D-184E-4FA6-8F87-BEB985A72D0E}.AppStore|ARM.Build.0 = Release|Any CPU
		{647B783D-184E-4FA6-8F87-BEB985A72D0E}.AppStore|ARM.Deploy.0 = Release|Any CPU
		{647B783D-184E-4FA6-8F87-BEB985A72D0E}.AppStore|iPhone.ActiveCfg = Release|Any CPU
		{647B783D-184E-4FA6-8F87-BEB985A72D0E}.AppStore|iPhone.Build.0 = Release|Any CPU
		{647B783D-184E-4FA6-8F87-BEB985A72D0E}.AppStore|iPhone.Deploy.0 = Release|Any CPU
		{647B783D-184E-4FA6-8F87-BEB985A72D0E}.AppStore|iPhoneSimulator.ActiveCfg = Release|Any CPU
		{647B783D-184E-4FA6-8F87-BEB985A72D0E}.AppStore|iPhoneSimulator.Build.0 = Release|Any CPU
		{647B783D-184E-4FA6-8F87-BEB985A72D0E}.AppStore|iPhoneSimulator.Deploy.0 = Release|Any CPU
		{647B783D-184E-4FA6-8F87-BEB985A72D0E}.AppStore|x64.ActiveCfg = Release|Any CPU
		{647B783D-184E-4FA6-8F87-BEB985A72D0E}.AppStore|x64.Build.0 = Release|Any CPU
		{647B783D-184E-4FA6-8F87-BEB985A72D0E}.AppStore|x64.Deploy.0 = Release|Any CPU
		{647B783D-184E-4FA6-8F87-BEB985A72D0E}.AppStore|x86.ActiveCfg = Release|Any CPU
		{647B783D-184E-4FA6-8F87-BEB985A72D0E}.AppStore|x86.Build.0 = Release|Any CPU
		{647B783D-184E-4FA6-8F87-BEB985A72D0E}.AppStore|x86.Deploy.0 = Release|Any CPU
		{647B783D-184E-4FA6-8F87-BEB985A72D0E}.Debug|Any CPU.ActiveCfg = Debug|Any CPU
		{647B783D-184E-4FA6-8F87-BEB985A72D0E}.Debug|Any CPU.Build.0 = Debug|Any CPU
		{647B783D-184E-4FA6-8F87-BEB985A72D0E}.Debug|Any CPU.Deploy.0 = Debug|Any CPU
		{647B783D-184E-4FA6-8F87-BEB985A72D0E}.Debug|ARM.ActiveCfg = Debug|Any CPU
		{647B783D-184E-4FA6-8F87-BEB985A72D0E}.Debug|ARM.Build.0 = Debug|Any CPU
		{647B783D-184E-4FA6-8F87-BEB985A72D0E}.Debug|ARM.Deploy.0 = Debug|Any CPU
		{647B783D-184E-4FA6-8F87-BEB985A72D0E}.Debug|iPhone.ActiveCfg = Debug|Any CPU
		{647B783D-184E-4FA6-8F87-BEB985A72D0E}.Debug|iPhone.Build.0 = Debug|Any CPU
		{647B783D-184E-4FA6-8F87-BEB985A72D0E}.Debug|iPhone.Deploy.0 = Debug|Any CPU
		{647B783D-184E-4FA6-8F87-BEB985A72D0E}.Debug|iPhoneSimulator.ActiveCfg = Debug|Any CPU
		{647B783D-184E-4FA6-8F87-BEB985A72D0E}.Debug|iPhoneSimulator.Build.0 = Debug|Any CPU
		{647B783D-184E-4FA6-8F87-BEB985A72D0E}.Debug|iPhoneSimulator.Deploy.0 = Debug|Any CPU
		{647B783D-184E-4FA6-8F87-BEB985A72D0E}.Debug|x64.ActiveCfg = Debug|Any CPU
		{647B783D-184E-4FA6-8F87-BEB985A72D0E}.Debug|x64.Build.0 = Debug|Any CPU
		{647B783D-184E-4FA6-8F87-BEB985A72D0E}.Debug|x64.Deploy.0 = Debug|Any CPU
		{647B783D-184E-4FA6-8F87-BEB985A72D0E}.Debug|x86.ActiveCfg = Debug|Any CPU
		{647B783D-184E-4FA6-8F87-BEB985A72D0E}.Debug|x86.Build.0 = Debug|Any CPU
		{647B783D-184E-4FA6-8F87-BEB985A72D0E}.Debug|x86.Deploy.0 = Debug|Any CPU
		{647B783D-184E-4FA6-8F87-BEB985A72D0E}.Release|Any CPU.ActiveCfg = Release|Any CPU
		{647B783D-184E-4FA6-8F87-BEB985A72D0E}.Release|Any CPU.Build.0 = Release|Any CPU
		{647B783D-184E-4FA6-8F87-BEB985A72D0E}.Release|Any CPU.Deploy.0 = Release|Any CPU
		{647B783D-184E-4FA6-8F87-BEB985A72D0E}.Release|ARM.ActiveCfg = Release|Any CPU
		{647B783D-184E-4FA6-8F87-BEB985A72D0E}.Release|ARM.Build.0 = Release|Any CPU
		{647B783D-184E-4FA6-8F87-BEB985A72D0E}.Release|ARM.Deploy.0 = Release|Any CPU
		{647B783D-184E-4FA6-8F87-BEB985A72D0E}.Release|iPhone.ActiveCfg = Release|Any CPU
		{647B783D-184E-4FA6-8F87-BEB985A72D0E}.Release|iPhone.Build.0 = Release|Any CPU
		{647B783D-184E-4FA6-8F87-BEB985A72D0E}.Release|iPhone.Deploy.0 = Release|Any CPU
		{647B783D-184E-4FA6-8F87-BEB985A72D0E}.Release|iPhoneSimulator.ActiveCfg = Release|Any CPU
		{647B783D-184E-4FA6-8F87-BEB985A72D0E}.Release|iPhoneSimulator.Build.0 = Release|Any CPU
		{647B783D-184E-4FA6-8F87-BEB985A72D0E}.Release|iPhoneSimulator.Deploy.0 = Release|Any CPU
		{647B783D-184E-4FA6-8F87-BEB985A72D0E}.Release|x64.ActiveCfg = Release|Any CPU
		{647B783D-184E-4FA6-8F87-BEB985A72D0E}.Release|x64.Build.0 = Release|Any CPU
		{647B783D-184E-4FA6-8F87-BEB985A72D0E}.Release|x64.Deploy.0 = Release|Any CPU
		{647B783D-184E-4FA6-8F87-BEB985A72D0E}.Release|x86.ActiveCfg = Release|Any CPU
		{647B783D-184E-4FA6-8F87-BEB985A72D0E}.Release|x86.Build.0 = Release|Any CPU
		{647B783D-184E-4FA6-8F87-BEB985A72D0E}.Release|x86.Deploy.0 = Release|Any CPU
		{1783358C-743E-4886-B4CB-5DDC13E94F2C}.Ad-Hoc|Any CPU.ActiveCfg = Ad-Hoc|iPhone
		{1783358C-743E-4886-B4CB-5DDC13E94F2C}.Ad-Hoc|ARM.ActiveCfg = Ad-Hoc|iPhone
		{1783358C-743E-4886-B4CB-5DDC13E94F2C}.Ad-Hoc|iPhone.ActiveCfg = Ad-Hoc|iPhone
		{1783358C-743E-4886-B4CB-5DDC13E94F2C}.Ad-Hoc|iPhone.Build.0 = Ad-Hoc|iPhone
		{1783358C-743E-4886-B4CB-5DDC13E94F2C}.Ad-Hoc|iPhoneSimulator.ActiveCfg = Ad-Hoc|iPhoneSimulator
		{1783358C-743E-4886-B4CB-5DDC13E94F2C}.Ad-Hoc|iPhoneSimulator.Build.0 = Ad-Hoc|iPhoneSimulator
		{1783358C-743E-4886-B4CB-5DDC13E94F2C}.Ad-Hoc|x64.ActiveCfg = Ad-Hoc|iPhone
		{1783358C-743E-4886-B4CB-5DDC13E94F2C}.Ad-Hoc|x86.ActiveCfg = Ad-Hoc|iPhone
		{1783358C-743E-4886-B4CB-5DDC13E94F2C}.AppStore|Any CPU.ActiveCfg = AppStore|iPhone
		{1783358C-743E-4886-B4CB-5DDC13E94F2C}.AppStore|ARM.ActiveCfg = AppStore|iPhone
		{1783358C-743E-4886-B4CB-5DDC13E94F2C}.AppStore|iPhone.ActiveCfg = AppStore|iPhone
		{1783358C-743E-4886-B4CB-5DDC13E94F2C}.AppStore|iPhone.Build.0 = AppStore|iPhone
		{1783358C-743E-4886-B4CB-5DDC13E94F2C}.AppStore|iPhoneSimulator.ActiveCfg = AppStore|iPhoneSimulator
		{1783358C-743E-4886-B4CB-5DDC13E94F2C}.AppStore|iPhoneSimulator.Build.0 = AppStore|iPhoneSimulator
		{1783358C-743E-4886-B4CB-5DDC13E94F2C}.AppStore|x64.ActiveCfg = AppStore|iPhone
		{1783358C-743E-4886-B4CB-5DDC13E94F2C}.AppStore|x86.ActiveCfg = AppStore|iPhone
		{1783358C-743E-4886-B4CB-5DDC13E94F2C}.Debug|Any CPU.ActiveCfg = Debug|iPhone
		{1783358C-743E-4886-B4CB-5DDC13E94F2C}.Debug|ARM.ActiveCfg = Debug|iPhone
		{1783358C-743E-4886-B4CB-5DDC13E94F2C}.Debug|iPhone.ActiveCfg = Debug|iPhone
		{1783358C-743E-4886-B4CB-5DDC13E94F2C}.Debug|iPhone.Build.0 = Debug|iPhone
		{1783358C-743E-4886-B4CB-5DDC13E94F2C}.Debug|iPhoneSimulator.ActiveCfg = Debug|iPhoneSimulator
		{1783358C-743E-4886-B4CB-5DDC13E94F2C}.Debug|iPhoneSimulator.Build.0 = Debug|iPhoneSimulator
		{1783358C-743E-4886-B4CB-5DDC13E94F2C}.Debug|x64.ActiveCfg = Debug|iPhone
		{1783358C-743E-4886-B4CB-5DDC13E94F2C}.Debug|x86.ActiveCfg = Debug|iPhone
		{1783358C-743E-4886-B4CB-5DDC13E94F2C}.Release|Any CPU.ActiveCfg = Release|iPhone
		{1783358C-743E-4886-B4CB-5DDC13E94F2C}.Release|ARM.ActiveCfg = Release|iPhone
		{1783358C-743E-4886-B4CB-5DDC13E94F2C}.Release|iPhone.ActiveCfg = Release|iPhone
		{1783358C-743E-4886-B4CB-5DDC13E94F2C}.Release|iPhone.Build.0 = Release|iPhone
		{1783358C-743E-4886-B4CB-5DDC13E94F2C}.Release|iPhoneSimulator.ActiveCfg = Release|iPhoneSimulator
		{1783358C-743E-4886-B4CB-5DDC13E94F2C}.Release|iPhoneSimulator.Build.0 = Release|iPhoneSimulator
		{1783358C-743E-4886-B4CB-5DDC13E94F2C}.Release|x64.ActiveCfg = Release|iPhone
		{1783358C-743E-4886-B4CB-5DDC13E94F2C}.Release|x86.ActiveCfg = Release|iPhone
		{525078B9-E26F-46DA-823D-FFF45DD545DD}.Ad-Hoc|Any CPU.ActiveCfg = Release|x86
		{525078B9-E26F-46DA-823D-FFF45DD545DD}.Ad-Hoc|Any CPU.Build.0 = Release|x86
		{525078B9-E26F-46DA-823D-FFF45DD545DD}.Ad-Hoc|Any CPU.Deploy.0 = Release|x86
		{525078B9-E26F-46DA-823D-FFF45DD545DD}.Ad-Hoc|ARM.ActiveCfg = Release|ARM
		{525078B9-E26F-46DA-823D-FFF45DD545DD}.Ad-Hoc|ARM.Build.0 = Release|ARM
		{525078B9-E26F-46DA-823D-FFF45DD545DD}.Ad-Hoc|ARM.Deploy.0 = Release|ARM
		{525078B9-E26F-46DA-823D-FFF45DD545DD}.Ad-Hoc|iPhone.ActiveCfg = Release|x86
		{525078B9-E26F-46DA-823D-FFF45DD545DD}.Ad-Hoc|iPhone.Build.0 = Release|x86
		{525078B9-E26F-46DA-823D-FFF45DD545DD}.Ad-Hoc|iPhone.Deploy.0 = Release|x86
		{525078B9-E26F-46DA-823D-FFF45DD545DD}.Ad-Hoc|iPhoneSimulator.ActiveCfg = Release|x86
		{525078B9-E26F-46DA-823D-FFF45DD545DD}.Ad-Hoc|iPhoneSimulator.Build.0 = Release|x86
		{525078B9-E26F-46DA-823D-FFF45DD545DD}.Ad-Hoc|iPhoneSimulator.Deploy.0 = Release|x86
		{525078B9-E26F-46DA-823D-FFF45DD545DD}.Ad-Hoc|x64.ActiveCfg = Release|x64
		{525078B9-E26F-46DA-823D-FFF45DD545DD}.Ad-Hoc|x64.Build.0 = Release|x64
		{525078B9-E26F-46DA-823D-FFF45DD545DD}.Ad-Hoc|x64.Deploy.0 = Release|x64
		{525078B9-E26F-46DA-823D-FFF45DD545DD}.Ad-Hoc|x86.ActiveCfg = Release|x86
		{525078B9-E26F-46DA-823D-FFF45DD545DD}.Ad-Hoc|x86.Build.0 = Release|x86
		{525078B9-E26F-46DA-823D-FFF45DD545DD}.Ad-Hoc|x86.Deploy.0 = Release|x86
		{525078B9-E26F-46DA-823D-FFF45DD545DD}.AppStore|Any CPU.ActiveCfg = Release|x86
		{525078B9-E26F-46DA-823D-FFF45DD545DD}.AppStore|Any CPU.Build.0 = Release|x86
		{525078B9-E26F-46DA-823D-FFF45DD545DD}.AppStore|Any CPU.Deploy.0 = Release|x86
		{525078B9-E26F-46DA-823D-FFF45DD545DD}.AppStore|ARM.ActiveCfg = Release|ARM
		{525078B9-E26F-46DA-823D-FFF45DD545DD}.AppStore|ARM.Build.0 = Release|ARM
		{525078B9-E26F-46DA-823D-FFF45DD545DD}.AppStore|ARM.Deploy.0 = Release|ARM
		{525078B9-E26F-46DA-823D-FFF45DD545DD}.AppStore|iPhone.ActiveCfg = Release|x86
		{525078B9-E26F-46DA-823D-FFF45DD545DD}.AppStore|iPhone.Build.0 = Release|x86
		{525078B9-E26F-46DA-823D-FFF45DD545DD}.AppStore|iPhone.Deploy.0 = Release|x86
		{525078B9-E26F-46DA-823D-FFF45DD545DD}.AppStore|iPhoneSimulator.ActiveCfg = Release|x86
		{525078B9-E26F-46DA-823D-FFF45DD545DD}.AppStore|iPhoneSimulator.Build.0 = Release|x86
		{525078B9-E26F-46DA-823D-FFF45DD545DD}.AppStore|iPhoneSimulator.Deploy.0 = Release|x86
		{525078B9-E26F-46DA-823D-FFF45DD545DD}.AppStore|x64.ActiveCfg = Release|x64
		{525078B9-E26F-46DA-823D-FFF45DD545DD}.AppStore|x64.Build.0 = Release|x64
		{525078B9-E26F-46DA-823D-FFF45DD545DD}.AppStore|x64.Deploy.0 = Release|x64
		{525078B9-E26F-46DA-823D-FFF45DD545DD}.AppStore|x86.ActiveCfg = Release|x86
		{525078B9-E26F-46DA-823D-FFF45DD545DD}.AppStore|x86.Build.0 = Release|x86
		{525078B9-E26F-46DA-823D-FFF45DD545DD}.AppStore|x86.Deploy.0 = Release|x86
		{525078B9-E26F-46DA-823D-FFF45DD545DD}.Debug|Any CPU.ActiveCfg = Debug|x86
		{525078B9-E26F-46DA-823D-FFF45DD545DD}.Debug|ARM.ActiveCfg = Debug|ARM
		{525078B9-E26F-46DA-823D-FFF45DD545DD}.Debug|ARM.Build.0 = Debug|ARM
		{525078B9-E26F-46DA-823D-FFF45DD545DD}.Debug|ARM.Deploy.0 = Debug|ARM
		{525078B9-E26F-46DA-823D-FFF45DD545DD}.Debug|iPhone.ActiveCfg = Debug|x86
		{525078B9-E26F-46DA-823D-FFF45DD545DD}.Debug|iPhoneSimulator.ActiveCfg = Debug|x86
		{525078B9-E26F-46DA-823D-FFF45DD545DD}.Debug|x64.ActiveCfg = Debug|x64
		{525078B9-E26F-46DA-823D-FFF45DD545DD}.Debug|x64.Build.0 = Debug|x64
		{525078B9-E26F-46DA-823D-FFF45DD545DD}.Debug|x64.Deploy.0 = Debug|x64
		{525078B9-E26F-46DA-823D-FFF45DD545DD}.Debug|x86.ActiveCfg = Debug|x86
		{525078B9-E26F-46DA-823D-FFF45DD545DD}.Debug|x86.Build.0 = Debug|x86
		{525078B9-E26F-46DA-823D-FFF45DD545DD}.Debug|x86.Deploy.0 = Debug|x86
		{525078B9-E26F-46DA-823D-FFF45DD545DD}.Release|Any CPU.ActiveCfg = Release|x86
		{525078B9-E26F-46DA-823D-FFF45DD545DD}.Release|ARM.ActiveCfg = Release|ARM
		{525078B9-E26F-46DA-823D-FFF45DD545DD}.Release|ARM.Build.0 = Release|ARM
		{525078B9-E26F-46DA-823D-FFF45DD545DD}.Release|ARM.Deploy.0 = Release|ARM
		{525078B9-E26F-46DA-823D-FFF45DD545DD}.Release|iPhone.ActiveCfg = Release|x86
		{525078B9-E26F-46DA-823D-FFF45DD545DD}.Release|iPhoneSimulator.ActiveCfg = Release|x86
		{525078B9-E26F-46DA-823D-FFF45DD545DD}.Release|x64.ActiveCfg = Release|x64
		{525078B9-E26F-46DA-823D-FFF45DD545DD}.Release|x64.Build.0 = Release|x64
		{525078B9-E26F-46DA-823D-FFF45DD545DD}.Release|x64.Deploy.0 = Release|x64
		{525078B9-E26F-46DA-823D-FFF45DD545DD}.Release|x86.ActiveCfg = Release|x86
		{525078B9-E26F-46DA-823D-FFF45DD545DD}.Release|x86.Build.0 = Release|x86
		{525078B9-E26F-46DA-823D-FFF45DD545DD}.Release|x86.Deploy.0 = Release|x86
		{895499F4-048E-4B5C-AA33-31E333FF1C6F}.Ad-Hoc|Any CPU.ActiveCfg = Release|Any CPU
		{895499F4-048E-4B5C-AA33-31E333FF1C6F}.Ad-Hoc|Any CPU.Build.0 = Release|Any CPU
		{895499F4-048E-4B5C-AA33-31E333FF1C6F}.Ad-Hoc|ARM.ActiveCfg = Release|Any CPU
		{895499F4-048E-4B5C-AA33-31E333FF1C6F}.Ad-Hoc|ARM.Build.0 = Release|Any CPU
		{895499F4-048E-4B5C-AA33-31E333FF1C6F}.Ad-Hoc|iPhone.ActiveCfg = Release|Any CPU
		{895499F4-048E-4B5C-AA33-31E333FF1C6F}.Ad-Hoc|iPhone.Build.0 = Release|Any CPU
		{895499F4-048E-4B5C-AA33-31E333FF1C6F}.Ad-Hoc|iPhoneSimulator.ActiveCfg = Release|Any CPU
		{895499F4-048E-4B5C-AA33-31E333FF1C6F}.Ad-Hoc|iPhoneSimulator.Build.0 = Release|Any CPU
		{895499F4-048E-4B5C-AA33-31E333FF1C6F}.Ad-Hoc|x64.ActiveCfg = Release|Any CPU
		{895499F4-048E-4B5C-AA33-31E333FF1C6F}.Ad-Hoc|x64.Build.0 = Release|Any CPU
		{895499F4-048E-4B5C-AA33-31E333FF1C6F}.Ad-Hoc|x86.ActiveCfg = Release|Any CPU
		{895499F4-048E-4B5C-AA33-31E333FF1C6F}.Ad-Hoc|x86.Build.0 = Release|Any CPU
		{895499F4-048E-4B5C-AA33-31E333FF1C6F}.AppStore|Any CPU.ActiveCfg = Release|Any CPU
		{895499F4-048E-4B5C-AA33-31E333FF1C6F}.AppStore|Any CPU.Build.0 = Release|Any CPU
		{895499F4-048E-4B5C-AA33-31E333FF1C6F}.AppStore|ARM.ActiveCfg = Release|Any CPU
		{895499F4-048E-4B5C-AA33-31E333FF1C6F}.AppStore|ARM.Build.0 = Release|Any CPU
		{895499F4-048E-4B5C-AA33-31E333FF1C6F}.AppStore|iPhone.ActiveCfg = Release|Any CPU
		{895499F4-048E-4B5C-AA33-31E333FF1C6F}.AppStore|iPhone.Build.0 = Release|Any CPU
		{895499F4-048E-4B5C-AA33-31E333FF1C6F}.AppStore|iPhoneSimulator.ActiveCfg = Release|Any CPU
		{895499F4-048E-4B5C-AA33-31E333FF1C6F}.AppStore|iPhoneSimulator.Build.0 = Release|Any CPU
		{895499F4-048E-4B5C-AA33-31E333FF1C6F}.AppStore|x64.ActiveCfg = Release|Any CPU
		{895499F4-048E-4B5C-AA33-31E333FF1C6F}.AppStore|x64.Build.0 = Release|Any CPU
		{895499F4-048E-4B5C-AA33-31E333FF1C6F}.AppStore|x86.ActiveCfg = Release|Any CPU
		{895499F4-048E-4B5C-AA33-31E333FF1C6F}.AppStore|x86.Build.0 = Release|Any CPU
		{895499F4-048E-4B5C-AA33-31E333FF1C6F}.Debug|Any CPU.ActiveCfg = Debug|Any CPU
		{895499F4-048E-4B5C-AA33-31E333FF1C6F}.Debug|Any CPU.Build.0 = Debug|Any CPU
		{895499F4-048E-4B5C-AA33-31E333FF1C6F}.Debug|ARM.ActiveCfg = Debug|Any CPU
		{895499F4-048E-4B5C-AA33-31E333FF1C6F}.Debug|ARM.Build.0 = Debug|Any CPU
		{895499F4-048E-4B5C-AA33-31E333FF1C6F}.Debug|iPhone.ActiveCfg = Debug|Any CPU
		{895499F4-048E-4B5C-AA33-31E333FF1C6F}.Debug|iPhone.Build.0 = Debug|Any CPU
		{895499F4-048E-4B5C-AA33-31E333FF1C6F}.Debug|iPhoneSimulator.ActiveCfg = Debug|Any CPU
		{895499F4-048E-4B5C-AA33-31E333FF1C6F}.Debug|iPhoneSimulator.Build.0 = Debug|Any CPU
		{895499F4-048E-4B5C-AA33-31E333FF1C6F}.Debug|x64.ActiveCfg = Debug|Any CPU
		{895499F4-048E-4B5C-AA33-31E333FF1C6F}.Debug|x64.Build.0 = Debug|Any CPU
		{895499F4-048E-4B5C-AA33-31E333FF1C6F}.Debug|x86.ActiveCfg = Debug|Any CPU
		{895499F4-048E-4B5C-AA33-31E333FF1C6F}.Debug|x86.Build.0 = Debug|Any CPU
		{895499F4-048E-4B5C-AA33-31E333FF1C6F}.Release|Any CPU.ActiveCfg = Release|Any CPU
		{895499F4-048E-4B5C-AA33-31E333FF1C6F}.Release|Any CPU.Build.0 = Release|Any CPU
		{895499F4-048E-4B5C-AA33-31E333FF1C6F}.Release|ARM.ActiveCfg = Release|Any CPU
		{895499F4-048E-4B5C-AA33-31E333FF1C6F}.Release|ARM.Build.0 = Release|Any CPU
		{895499F4-048E-4B5C-AA33-31E333FF1C6F}.Release|iPhone.ActiveCfg = Release|Any CPU
		{895499F4-048E-4B5C-AA33-31E333FF1C6F}.Release|iPhone.Build.0 = Release|Any CPU
		{895499F4-048E-4B5C-AA33-31E333FF1C6F}.Release|iPhoneSimulator.ActiveCfg = Release|Any CPU
		{895499F4-048E-4B5C-AA33-31E333FF1C6F}.Release|iPhoneSimulator.Build.0 = Release|Any CPU
		{895499F4-048E-4B5C-AA33-31E333FF1C6F}.Release|x64.ActiveCfg = Release|Any CPU
		{895499F4-048E-4B5C-AA33-31E333FF1C6F}.Release|x64.Build.0 = Release|Any CPU
		{895499F4-048E-4B5C-AA33-31E333FF1C6F}.Release|x86.ActiveCfg = Release|Any CPU
		{895499F4-048E-4B5C-AA33-31E333FF1C6F}.Release|x86.Build.0 = Release|Any CPU
	EndGlobalSection
	GlobalSection(SolutionProperties) = preSolution
		HideSolutionNode = FALSE
	EndGlobalSection
EndGlobal
