
Microsoft Visual Studio Solution File, Format Version 12.00
# Visual Studio 14
VisualStudioVersion = 14.0.25123.0
MinimumVisualStudioVersion = 10.0.40219.1
Project("{FAE04EC0-301F-11D3-BF4B-00C04F79EFBC}") = "XF_Views_Label_Xaml.Droid", "XF_Views_Label_Xaml\XF_Views_Label_Xaml.Droid\XF_Views_Label_Xaml.Droid.csproj", "{2AB17178-4CD7-4F03-B4C0-29702CE9BF1D}"
EndProject
Project("{FAE04EC0-301F-11D3-BF4B-00C04F79EFBC}") = "XF_Views_Label_Xaml.iOS", "XF_Views_Label_Xaml\XF_Views_Label_Xaml.iOS\XF_Views_Label_Xaml.iOS.csproj", "{A4CF36BF-1C08-4EFE-803E-F4C0DE8EBEFF}"
EndProject
Project("{FAE04EC0-301F-11D3-BF4B-00C04F79EFBC}") = "XF_Views_Label_Xaml.UWP", "XF_Views_Label_Xaml\XF_Views_Label_Xaml.UWP\XF_Views_Label_Xaml.UWP.csproj", "{E3BE11AB-5334-459A-9691-FBBC8D8E2E73}"
EndProject
Project("{FAE04EC0-301F-11D3-BF4B-00C04F79EFBC}") = "XF_Views_Label_Xaml", "XF_Views_Label_Xaml\XF_Views_Label_Xaml\XF_Views_Label_Xaml.csproj", "{ED103B3F-5FD1-46D3-8F02-57F039CCEEEA}"
EndProject
Global
	GlobalSection(SolutionConfigurationPlatforms) = preSolution
		Ad-Hoc|Any CPU = Ad-Hoc|Any CPU
		Ad-Hoc|ARM = Ad-Hoc|ARM
		Ad-Hoc|iPhone = Ad-Hoc|iPhone
		Ad-Hoc|iPhoneSimulator = Ad-Hoc|iPhoneSimulator
		Ad-Hoc|x64 = Ad-Hoc|x64
		Ad-Hoc|x86 = Ad-Hoc|x86
		AppStore|Any CPU = AppStore|Any CPU
		AppStore|ARM = AppStore|ARM
		AppStore|iPhone = AppStore|iPhone
		AppStore|iPhoneSimulator = AppStore|iPhoneSimulator
		AppStore|x64 = AppStore|x64
		AppStore|x86 = AppStore|x86
		Debug|Any CPU = Debug|Any CPU
		Debug|ARM = Debug|ARM
		Debug|iPhone = Debug|iPhone
		Debug|iPhoneSimulator = Debug|iPhoneSimulator
		Debug|x64 = Debug|x64
		Debug|x86 = Debug|x86
		Release|Any CPU = Release|Any CPU
		Release|ARM = Release|ARM
		Release|iPhone = Release|iPhone
		Release|iPhoneSimulator = Release|iPhoneSimulator
		Release|x64 = Release|x64
		Release|x86 = Release|x86
	EndGlobalSection
	GlobalSection(ProjectConfigurationPlatforms) = postSolution
		{2AB17178-4CD7-4F03-B4C0-29702CE9BF1D}.Ad-Hoc|Any CPU.ActiveCfg = Release|Any CPU
		{2AB17178-4CD7-4F03-B4C0-29702CE9BF1D}.Ad-Hoc|Any CPU.Build.0 = Release|Any CPU
		{2AB17178-4CD7-4F03-B4C0-29702CE9BF1D}.Ad-Hoc|Any CPU.Deploy.0 = Release|Any CPU
		{2AB17178-4CD7-4F03-B4C0-29702CE9BF1D}.Ad-Hoc|ARM.ActiveCfg = Release|Any CPU
		{2AB17178-4CD7-4F03-B4C0-29702CE9BF1D}.Ad-Hoc|ARM.Build.0 = Release|Any CPU
		{2AB17178-4CD7-4F03-B4C0-29702CE9BF1D}.Ad-Hoc|ARM.Deploy.0 = Release|Any CPU
		{2AB17178-4CD7-4F03-B4C0-29702CE9BF1D}.Ad-Hoc|iPhone.ActiveCfg = Release|Any CPU
		{2AB17178-4CD7-4F03-B4C0-29702CE9BF1D}.Ad-Hoc|iPhone.Build.0 = Release|Any CPU
		{2AB17178-4CD7-4F03-B4C0-29702CE9BF1D}.Ad-Hoc|iPhone.Deploy.0 = Release|Any CPU
		{2AB17178-4CD7-4F03-B4C0-29702CE9BF1D}.Ad-Hoc|iPhoneSimulator.ActiveCfg = Release|Any CPU
		{2AB17178-4CD7-4F03-B4C0-29702CE9BF1D}.Ad-Hoc|iPhoneSimulator.Build.0 = Release|Any CPU
		{2AB17178-4CD7-4F03-B4C0-29702CE9BF1D}.Ad-Hoc|iPhoneSimulator.Deploy.0 = Release|Any CPU
		{2AB17178-4CD7-4F03-B4C0-29702CE9BF1D}.Ad-Hoc|x64.ActiveCfg = Release|Any CPU
		{2AB17178-4CD7-4F03-B4C0-29702CE9BF1D}.Ad-Hoc|x64.Build.0 = Release|Any CPU
		{2AB17178-4CD7-4F03-B4C0-29702CE9BF1D}.Ad-Hoc|x64.Deploy.0 = Release|Any CPU
		{2AB17178-4CD7-4F03-B4C0-29702CE9BF1D}.Ad-Hoc|x86.ActiveCfg = Release|Any CPU
		{2AB17178-4CD7-4F03-B4C0-29702CE9BF1D}.Ad-Hoc|x86.Build.0 = Release|Any CPU
		{2AB17178-4CD7-4F03-B4C0-29702CE9BF1D}.Ad-Hoc|x86.Deploy.0 = Release|Any CPU
		{2AB17178-4CD7-4F03-B4C0-29702CE9BF1D}.AppStore|Any CPU.ActiveCfg = Release|Any CPU
		{2AB17178-4CD7-4F03-B4C0-29702CE9BF1D}.AppStore|Any CPU.Build.0 = Release|Any CPU
		{2AB17178-4CD7-4F03-B4C0-29702CE9BF1D}.AppStore|Any CPU.Deploy.0 = Release|Any CPU
		{2AB17178-4CD7-4F03-B4C0-29702CE9BF1D}.AppStore|ARM.ActiveCfg = Release|Any CPU
		{2AB17178-4CD7-4F03-B4C0-29702CE9BF1D}.AppStore|ARM.Build.0 = Release|Any CPU
		{2AB17178-4CD7-4F03-B4C0-29702CE9BF1D}.AppStore|ARM.Deploy.0 = Release|Any CPU
		{2AB17178-4CD7-4F03-B4C0-29702CE9BF1D}.AppStore|iPhone.ActiveCfg = Release|Any CPU
		{2AB17178-4CD7-4F03-B4C0-29702CE9BF1D}.AppStore|iPhone.Build.0 = Release|Any CPU
		{2AB17178-4CD7-4F03-B4C0-29702CE9BF1D}.AppStore|iPhone.Deploy.0 = Release|Any CPU
		{2AB17178-4CD7-4F03-B4C0-29702CE9BF1D}.AppStore|iPhoneSimulator.ActiveCfg = Release|Any CPU
		{2AB17178-4CD7-4F03-B4C0-29702CE9BF1D}.AppStore|iPhoneSimulator.Build.0 = Release|Any CPU
		{2AB17178-4CD7-4F03-B4C0-29702CE9BF1D}.AppStore|iPhoneSimulator.Deploy.0 = Release|Any CPU
		{2AB17178-4CD7-4F03-B4C0-29702CE9BF1D}.AppStore|x64.ActiveCfg = Release|Any CPU
		{2AB17178-4CD7-4F03-B4C0-29702CE9BF1D}.AppStore|x64.Build.0 = Release|Any CPU
		{2AB17178-4CD7-4F03-B4C0-29702CE9BF1D}.AppStore|x64.Deploy.0 = Release|Any CPU
		{2AB17178-4CD7-4F03-B4C0-29702CE9BF1D}.AppStore|x86.ActiveCfg = Release|Any CPU
		{2AB17178-4CD7-4F03-B4C0-29702CE9BF1D}.AppStore|x86.Build.0 = Release|Any CPU
		{2AB17178-4CD7-4F03-B4C0-29702CE9BF1D}.AppStore|x86.Deploy.0 = Release|Any CPU
		{2AB17178-4CD7-4F03-B4C0-29702CE9BF1D}.Debug|Any CPU.ActiveCfg = Debug|Any CPU
		{2AB17178-4CD7-4F03-B4C0-29702CE9BF1D}.Debug|Any CPU.Build.0 = Debug|Any CPU
		{2AB17178-4CD7-4F03-B4C0-29702CE9BF1D}.Debug|Any CPU.Deploy.0 = Debug|Any CPU
		{2AB17178-4CD7-4F03-B4C0-29702CE9BF1D}.Debug|ARM.ActiveCfg = Debug|Any CPU
		{2AB17178-4CD7-4F03-B4C0-29702CE9BF1D}.Debug|ARM.Build.0 = Debug|Any CPU
		{2AB17178-4CD7-4F03-B4C0-29702CE9BF1D}.Debug|ARM.Deploy.0 = Debug|Any CPU
		{2AB17178-4CD7-4F03-B4C0-29702CE9BF1D}.Debug|iPhone.ActiveCfg = Debug|Any CPU
		{2AB17178-4CD7-4F03-B4C0-29702CE9BF1D}.Debug|iPhone.Build.0 = Debug|Any CPU
		{2AB17178-4CD7-4F03-B4C0-29702CE9BF1D}.Debug|iPhone.Deploy.0 = Debug|Any CPU
		{2AB17178-4CD7-4F03-B4C0-29702CE9BF1D}.Debug|iPhoneSimulator.ActiveCfg = Debug|Any CPU
		{2AB17178-4CD7-4F03-B4C0-29702CE9BF1D}.Debug|iPhoneSimulator.Build.0 = Debug|Any CPU
		{2AB17178-4CD7-4F03-B4C0-29702CE9BF1D}.Debug|iPhoneSimulator.Deploy.0 = Debug|Any CPU
		{2AB17178-4CD7-4F03-B4C0-29702CE9BF1D}.Debug|x64.ActiveCfg = Debug|Any CPU
		{2AB17178-4CD7-4F03-B4C0-29702CE9BF1D}.Debug|x64.Build.0 = Debug|Any CPU
		{2AB17178-4CD7-4F03-B4C0-29702CE9BF1D}.Debug|x64.Deploy.0 = Debug|Any CPU
		{2AB17178-4CD7-4F03-B4C0-29702CE9BF1D}.Debug|x86.ActiveCfg = Debug|Any CPU
		{2AB17178-4CD7-4F03-B4C0-29702CE9BF1D}.Debug|x86.Build.0 = Debug|Any CPU
		{2AB17178-4CD7-4F03-B4C0-29702CE9BF1D}.Debug|x86.Deploy.0 = Debug|Any CPU
		{2AB17178-4CD7-4F03-B4C0-29702CE9BF1D}.Release|Any CPU.ActiveCfg = Release|Any CPU
		{2AB17178-4CD7-4F03-B4C0-29702CE9BF1D}.Release|Any CPU.Build.0 = Release|Any CPU
		{2AB17178-4CD7-4F03-B4C0-29702CE9BF1D}.Release|Any CPU.Deploy.0 = Release|Any CPU
		{2AB17178-4CD7-4F03-B4C0-29702CE9BF1D}.Release|ARM.ActiveCfg = Release|Any CPU
		{2AB17178-4CD7-4F03-B4C0-29702CE9BF1D}.Release|ARM.Build.0 = Release|Any CPU
		{2AB17178-4CD7-4F03-B4C0-29702CE9BF1D}.Release|ARM.Deploy.0 = Release|Any CPU
		{2AB17178-4CD7-4F03-B4C0-29702CE9BF1D}.Release|iPhone.ActiveCfg = Release|Any CPU
		{2AB17178-4CD7-4F03-B4C0-29702CE9BF1D}.Release|iPhone.Build.0 = Release|Any CPU
		{2AB17178-4CD7-4F03-B4C0-29702CE9BF1D}.Release|iPhone.Deploy.0 = Release|Any CPU
		{2AB17178-4CD7-4F03-B4C0-29702CE9BF1D}.Release|iPhoneSimulator.ActiveCfg = Release|Any CPU
		{2AB17178-4CD7-4F03-B4C0-29702CE9BF1D}.Release|iPhoneSimulator.Build.0 = Release|Any CPU
		{2AB17178-4CD7-4F03-B4C0-29702CE9BF1D}.Release|iPhoneSimulator.Deploy.0 = Release|Any CPU
		{2AB17178-4CD7-4F03-B4C0-29702CE9BF1D}.Release|x64.ActiveCfg = Release|Any CPU
		{2AB17178-4CD7-4F03-B4C0-29702CE9BF1D}.Release|x64.Build.0 = Release|Any CPU
		{2AB17178-4CD7-4F03-B4C0-29702CE9BF1D}.Release|x64.Deploy.0 = Release|Any CPU
		{2AB17178-4CD7-4F03-B4C0-29702CE9BF1D}.Release|x86.ActiveCfg = Release|Any CPU
		{2AB17178-4CD7-4F03-B4C0-29702CE9BF1D}.Release|x86.Build.0 = Release|Any CPU
		{2AB17178-4CD7-4F03-B4C0-29702CE9BF1D}.Release|x86.Deploy.0 = Release|Any CPU
		{A4CF36BF-1C08-4EFE-803E-F4C0DE8EBEFF}.Ad-Hoc|Any CPU.ActiveCfg = Ad-Hoc|iPhone
		{A4CF36BF-1C08-4EFE-803E-F4C0DE8EBEFF}.Ad-Hoc|ARM.ActiveCfg = Ad-Hoc|iPhone
		{A4CF36BF-1C08-4EFE-803E-F4C0DE8EBEFF}.Ad-Hoc|iPhone.ActiveCfg = Ad-Hoc|iPhone
		{A4CF36BF-1C08-4EFE-803E-F4C0DE8EBEFF}.Ad-Hoc|iPhone.Build.0 = Ad-Hoc|iPhone
		{A4CF36BF-1C08-4EFE-803E-F4C0DE8EBEFF}.Ad-Hoc|iPhoneSimulator.ActiveCfg = Ad-Hoc|iPhoneSimulator
		{A4CF36BF-1C08-4EFE-803E-F4C0DE8EBEFF}.Ad-Hoc|iPhoneSimulator.Build.0 = Ad-Hoc|iPhoneSimulator
		{A4CF36BF-1C08-4EFE-803E-F4C0DE8EBEFF}.Ad-Hoc|x64.ActiveCfg = Ad-Hoc|iPhone
		{A4CF36BF-1C08-4EFE-803E-F4C0DE8EBEFF}.Ad-Hoc|x86.ActiveCfg = Ad-Hoc|iPhone
		{A4CF36BF-1C08-4EFE-803E-F4C0DE8EBEFF}.AppStore|Any CPU.ActiveCfg = AppStore|iPhone
		{A4CF36BF-1C08-4EFE-803E-F4C0DE8EBEFF}.AppStore|ARM.ActiveCfg = AppStore|iPhone
		{A4CF36BF-1C08-4EFE-803E-F4C0DE8EBEFF}.AppStore|iPhone.ActiveCfg = AppStore|iPhone
		{A4CF36BF-1C08-4EFE-803E-F4C0DE8EBEFF}.AppStore|iPhone.Build.0 = AppStore|iPhone
		{A4CF36BF-1C08-4EFE-803E-F4C0DE8EBEFF}.AppStore|iPhoneSimulator.ActiveCfg = AppStore|iPhoneSimulator
		{A4CF36BF-1C08-4EFE-803E-F4C0DE8EBEFF}.AppStore|iPhoneSimulator.Build.0 = AppStore|iPhoneSimulator
		{A4CF36BF-1C08-4EFE-803E-F4C0DE8EBEFF}.AppStore|x64.ActiveCfg = AppStore|iPhone
		{A4CF36BF-1C08-4EFE-803E-F4C0DE8EBEFF}.AppStore|x86.ActiveCfg = AppStore|iPhone
		{A4CF36BF-1C08-4EFE-803E-F4C0DE8EBEFF}.Debug|Any CPU.ActiveCfg = Debug|iPhone
		{A4CF36BF-1C08-4EFE-803E-F4C0DE8EBEFF}.Debug|ARM.ActiveCfg = Debug|iPhone
		{A4CF36BF-1C08-4EFE-803E-F4C0DE8EBEFF}.Debug|iPhone.ActiveCfg = Debug|iPhone
		{A4CF36BF-1C08-4EFE-803E-F4C0DE8EBEFF}.Debug|iPhone.Build.0 = Debug|iPhone
		{A4CF36BF-1C08-4EFE-803E-F4C0DE8EBEFF}.Debug|iPhoneSimulator.ActiveCfg = Debug|iPhoneSimulator
		{A4CF36BF-1C08-4EFE-803E-F4C0DE8EBEFF}.Debug|iPhoneSimulator.Build.0 = Debug|iPhoneSimulator
		{A4CF36BF-1C08-4EFE-803E-F4C0DE8EBEFF}.Debug|x64.ActiveCfg = Debug|iPhone
		{A4CF36BF-1C08-4EFE-803E-F4C0DE8EBEFF}.Debug|x86.ActiveCfg = Debug|iPhone
		{A4CF36BF-1C08-4EFE-803E-F4C0DE8EBEFF}.Release|Any CPU.ActiveCfg = Release|iPhone
		{A4CF36BF-1C08-4EFE-803E-F4C0DE8EBEFF}.Release|ARM.ActiveCfg = Release|iPhone
		{A4CF36BF-1C08-4EFE-803E-F4C0DE8EBEFF}.Release|iPhone.ActiveCfg = Release|iPhone
		{A4CF36BF-1C08-4EFE-803E-F4C0DE8EBEFF}.Release|iPhone.Build.0 = Release|iPhone
		{A4CF36BF-1C08-4EFE-803E-F4C0DE8EBEFF}.Release|iPhoneSimulator.ActiveCfg = Release|iPhoneSimulator
		{A4CF36BF-1C08-4EFE-803E-F4C0DE8EBEFF}.Release|iPhoneSimulator.Build.0 = Release|iPhoneSimulator
		{A4CF36BF-1C08-4EFE-803E-F4C0DE8EBEFF}.Release|x64.ActiveCfg = Release|iPhone
		{A4CF36BF-1C08-4EFE-803E-F4C0DE8EBEFF}.Release|x86.ActiveCfg = Release|iPhone
		{E3BE11AB-5334-459A-9691-FBBC8D8E2E73}.Ad-Hoc|Any CPU.ActiveCfg = Release|x86
		{E3BE11AB-5334-459A-9691-FBBC8D8E2E73}.Ad-Hoc|Any CPU.Build.0 = Release|x86
		{E3BE11AB-5334-459A-9691-FBBC8D8E2E73}.Ad-Hoc|Any CPU.Deploy.0 = Release|x86
		{E3BE11AB-5334-459A-9691-FBBC8D8E2E73}.Ad-Hoc|ARM.ActiveCfg = Release|ARM
		{E3BE11AB-5334-459A-9691-FBBC8D8E2E73}.Ad-Hoc|ARM.Build.0 = Release|ARM
		{E3BE11AB-5334-459A-9691-FBBC8D8E2E73}.Ad-Hoc|ARM.Deploy.0 = Release|ARM
		{E3BE11AB-5334-459A-9691-FBBC8D8E2E73}.Ad-Hoc|iPhone.ActiveCfg = Release|x86
		{E3BE11AB-5334-459A-9691-FBBC8D8E2E73}.Ad-Hoc|iPhone.Build.0 = Release|x86
		{E3BE11AB-5334-459A-9691-FBBC8D8E2E73}.Ad-Hoc|iPhone.Deploy.0 = Release|x86
		{E3BE11AB-5334-459A-9691-FBBC8D8E2E73}.Ad-Hoc|iPhoneSimulator.ActiveCfg = Release|x86
		{E3BE11AB-5334-459A-9691-FBBC8D8E2E73}.Ad-Hoc|iPhoneSimulator.Build.0 = Release|x86
		{E3BE11AB-5334-459A-9691-FBBC8D8E2E73}.Ad-Hoc|iPhoneSimulator.Deploy.0 = Release|x86
		{E3BE11AB-5334-459A-9691-FBBC8D8E2E73}.Ad-Hoc|x64.ActiveCfg = Release|x64
		{E3BE11AB-5334-459A-9691-FBBC8D8E2E73}.Ad-Hoc|x64.Build.0 = Release|x64
		{E3BE11AB-5334-459A-9691-FBBC8D8E2E73}.Ad-Hoc|x64.Deploy.0 = Release|x64
		{E3BE11AB-5334-459A-9691-FBBC8D8E2E73}.Ad-Hoc|x86.ActiveCfg = Release|x86
		{E3BE11AB-5334-459A-9691-FBBC8D8E2E73}.Ad-Hoc|x86.Build.0 = Release|x86
		{E3BE11AB-5334-459A-9691-FBBC8D8E2E73}.Ad-Hoc|x86.Deploy.0 = Release|x86
		{E3BE11AB-5334-459A-9691-FBBC8D8E2E73}.AppStore|Any CPU.ActiveCfg = Release|x86
		{E3BE11AB-5334-459A-9691-FBBC8D8E2E73}.AppStore|Any CPU.Build.0 = Release|x86
		{E3BE11AB-5334-459A-9691-FBBC8D8E2E73}.AppStore|Any CPU.Deploy.0 = Release|x86
		{E3BE11AB-5334-459A-9691-FBBC8D8E2E73}.AppStore|ARM.ActiveCfg = Release|ARM
		{E3BE11AB-5334-459A-9691-FBBC8D8E2E73}.AppStore|ARM.Build.0 = Release|ARM
		{E3BE11AB-5334-459A-9691-FBBC8D8E2E73}.AppStore|ARM.Deploy.0 = Release|ARM
		{E3BE11AB-5334-459A-9691-FBBC8D8E2E73}.AppStore|iPhone.ActiveCfg = Release|x86
		{E3BE11AB-5334-459A-9691-FBBC8D8E2E73}.AppStore|iPhone.Build.0 = Release|x86
		{E3BE11AB-5334-459A-9691-FBBC8D8E2E73}.AppStore|iPhone.Deploy.0 = Release|x86
		{E3BE11AB-5334-459A-9691-FBBC8D8E2E73}.AppStore|iPhoneSimulator.ActiveCfg = Release|x86
		{E3BE11AB-5334-459A-9691-FBBC8D8E2E73}.AppStore|iPhoneSimulator.Build.0 = Release|x86
		{E3BE11AB-5334-459A-9691-FBBC8D8E2E73}.AppStore|iPhoneSimulator.Deploy.0 = Release|x86
		{E3BE11AB-5334-459A-9691-FBBC8D8E2E73}.AppStore|x64.ActiveCfg = Release|x64
		{E3BE11AB-5334-459A-9691-FBBC8D8E2E73}.AppStore|x64.Build.0 = Release|x64
		{E3BE11AB-5334-459A-9691-FBBC8D8E2E73}.AppStore|x64.Deploy.0 = Release|x64
		{E3BE11AB-5334-459A-9691-FBBC8D8E2E73}.AppStore|x86.ActiveCfg = Release|x86
		{E3BE11AB-5334-459A-9691-FBBC8D8E2E73}.AppStore|x86.Build.0 = Release|x86
		{E3BE11AB-5334-459A-9691-FBBC8D8E2E73}.AppStore|x86.Deploy.0 = Release|x86
		{E3BE11AB-5334-459A-9691-FBBC8D8E2E73}.Debug|Any CPU.ActiveCfg = Debug|x86
		{E3BE11AB-5334-459A-9691-FBBC8D8E2E73}.Debug|ARM.ActiveCfg = Debug|ARM
		{E3BE11AB-5334-459A-9691-FBBC8D8E2E73}.Debug|ARM.Build.0 = Debug|ARM
		{E3BE11AB-5334-459A-9691-FBBC8D8E2E73}.Debug|ARM.Deploy.0 = Debug|ARM
		{E3BE11AB-5334-459A-9691-FBBC8D8E2E73}.Debug|iPhone.ActiveCfg = Debug|x86
		{E3BE11AB-5334-459A-9691-FBBC8D8E2E73}.Debug|iPhoneSimulator.ActiveCfg = Debug|x86
		{E3BE11AB-5334-459A-9691-FBBC8D8E2E73}.Debug|x64.ActiveCfg = Debug|x64
		{E3BE11AB-5334-459A-9691-FBBC8D8E2E73}.Debug|x64.Build.0 = Debug|x64
		{E3BE11AB-5334-459A-9691-FBBC8D8E2E73}.Debug|x64.Deploy.0 = Debug|x64
		{E3BE11AB-5334-459A-9691-FBBC8D8E2E73}.Debug|x86.ActiveCfg = Debug|x86
		{E3BE11AB-5334-459A-9691-FBBC8D8E2E73}.Debug|x86.Build.0 = Debug|x86
		{E3BE11AB-5334-459A-9691-FBBC8D8E2E73}.Debug|x86.Deploy.0 = Debug|x86
		{E3BE11AB-5334-459A-9691-FBBC8D8E2E73}.Release|Any CPU.ActiveCfg = Release|x86
		{E3BE11AB-5334-459A-9691-FBBC8D8E2E73}.Release|ARM.ActiveCfg = Release|ARM
		{E3BE11AB-5334-459A-9691-FBBC8D8E2E73}.Release|ARM.Build.0 = Release|ARM
		{E3BE11AB-5334-459A-9691-FBBC8D8E2E73}.Release|ARM.Deploy.0 = Release|ARM
		{E3BE11AB-5334-459A-9691-FBBC8D8E2E73}.Release|iPhone.ActiveCfg = Release|x86
		{E3BE11AB-5334-459A-9691-FBBC8D8E2E73}.Release|iPhoneSimulator.ActiveCfg = Release|x86
		{E3BE11AB-5334-459A-9691-FBBC8D8E2E73}.Release|x64.ActiveCfg = Release|x64
		{E3BE11AB-5334-459A-9691-FBBC8D8E2E73}.Release|x64.Build.0 = Release|x64
		{E3BE11AB-5334-459A-9691-FBBC8D8E2E73}.Release|x64.Deploy.0 = Release|x64
		{E3BE11AB-5334-459A-9691-FBBC8D8E2E73}.Release|x86.ActiveCfg = Release|x86
		{E3BE11AB-5334-459A-9691-FBBC8D8E2E73}.Release|x86.Build.0 = Release|x86
		{E3BE11AB-5334-459A-9691-FBBC8D8E2E73}.Release|x86.Deploy.0 = Release|x86
		{ED103B3F-5FD1-46D3-8F02-57F039CCEEEA}.Ad-Hoc|Any CPU.ActiveCfg = Release|Any CPU
		{ED103B3F-5FD1-46D3-8F02-57F039CCEEEA}.Ad-Hoc|Any CPU.Build.0 = Release|Any CPU
		{ED103B3F-5FD1-46D3-8F02-57F039CCEEEA}.Ad-Hoc|ARM.ActiveCfg = Release|Any CPU
		{ED103B3F-5FD1-46D3-8F02-57F039CCEEEA}.Ad-Hoc|ARM.Build.0 = Release|Any CPU
		{ED103B3F-5FD1-46D3-8F02-57F039CCEEEA}.Ad-Hoc|iPhone.ActiveCfg = Release|Any CPU
		{ED103B3F-5FD1-46D3-8F02-57F039CCEEEA}.Ad-Hoc|iPhone.Build.0 = Release|Any CPU
		{ED103B3F-5FD1-46D3-8F02-57F039CCEEEA}.Ad-Hoc|iPhoneSimulator.ActiveCfg = Release|Any CPU
		{ED103B3F-5FD1-46D3-8F02-57F039CCEEEA}.Ad-Hoc|iPhoneSimulator.Build.0 = Release|Any CPU
		{ED103B3F-5FD1-46D3-8F02-57F039CCEEEA}.Ad-Hoc|x64.ActiveCfg = Release|Any CPU
		{ED103B3F-5FD1-46D3-8F02-57F039CCEEEA}.Ad-Hoc|x64.Build.0 = Release|Any CPU
		{ED103B3F-5FD1-46D3-8F02-57F039CCEEEA}.Ad-Hoc|x86.ActiveCfg = Release|Any CPU
		{ED103B3F-5FD1-46D3-8F02-57F039CCEEEA}.Ad-Hoc|x86.Build.0 = Release|Any CPU
		{ED103B3F-5FD1-46D3-8F02-57F039CCEEEA}.AppStore|Any CPU.ActiveCfg = Release|Any CPU
		{ED103B3F-5FD1-46D3-8F02-57F039CCEEEA}.AppStore|Any CPU.Build.0 = Release|Any CPU
		{ED103B3F-5FD1-46D3-8F02-57F039CCEEEA}.AppStore|ARM.ActiveCfg = Release|Any CPU
		{ED103B3F-5FD1-46D3-8F02-57F039CCEEEA}.AppStore|ARM.Build.0 = Release|Any CPU
		{ED103B3F-5FD1-46D3-8F02-57F039CCEEEA}.AppStore|iPhone.ActiveCfg = Release|Any CPU
		{ED103B3F-5FD1-46D3-8F02-57F039CCEEEA}.AppStore|iPhone.Build.0 = Release|Any CPU
		{ED103B3F-5FD1-46D3-8F02-57F039CCEEEA}.AppStore|iPhoneSimulator.ActiveCfg = Release|Any CPU
		{ED103B3F-5FD1-46D3-8F02-57F039CCEEEA}.AppStore|iPhoneSimulator.Build.0 = Release|Any CPU
		{ED103B3F-5FD1-46D3-8F02-57F039CCEEEA}.AppStore|x64.ActiveCfg = Release|Any CPU
		{ED103B3F-5FD1-46D3-8F02-57F039CCEEEA}.AppStore|x64.Build.0 = Release|Any CPU
		{ED103B3F-5FD1-46D3-8F02-57F039CCEEEA}.AppStore|x86.ActiveCfg = Release|Any CPU
		{ED103B3F-5FD1-46D3-8F02-57F039CCEEEA}.AppStore|x86.Build.0 = Release|Any CPU
		{ED103B3F-5FD1-46D3-8F02-57F039CCEEEA}.Debug|Any CPU.ActiveCfg = Debug|Any CPU
		{ED103B3F-5FD1-46D3-8F02-57F039CCEEEA}.Debug|Any CPU.Build.0 = Debug|Any CPU
		{ED103B3F-5FD1-46D3-8F02-57F039CCEEEA}.Debug|ARM.ActiveCfg = Debug|Any CPU
		{ED103B3F-5FD1-46D3-8F02-57F039CCEEEA}.Debug|ARM.Build.0 = Debug|Any CPU
		{ED103B3F-5FD1-46D3-8F02-57F039CCEEEA}.Debug|iPhone.ActiveCfg = Debug|Any CPU
		{ED103B3F-5FD1-46D3-8F02-57F039CCEEEA}.Debug|iPhone.Build.0 = Debug|Any CPU
		{ED103B3F-5FD1-46D3-8F02-57F039CCEEEA}.Debug|iPhoneSimulator.ActiveCfg = Debug|Any CPU
		{ED103B3F-5FD1-46D3-8F02-57F039CCEEEA}.Debug|iPhoneSimulator.Build.0 = Debug|Any CPU
		{ED103B3F-5FD1-46D3-8F02-57F039CCEEEA}.Debug|x64.ActiveCfg = Debug|Any CPU
		{ED103B3F-5FD1-46D3-8F02-57F039CCEEEA}.Debug|x64.Build.0 = Debug|Any CPU
		{ED103B3F-5FD1-46D3-8F02-57F039CCEEEA}.Debug|x86.ActiveCfg = Debug|Any CPU
		{ED103B3F-5FD1-46D3-8F02-57F039CCEEEA}.Debug|x86.Build.0 = Debug|Any CPU
		{ED103B3F-5FD1-46D3-8F02-57F039CCEEEA}.Release|Any CPU.ActiveCfg = Release|Any CPU
		{ED103B3F-5FD1-46D3-8F02-57F039CCEEEA}.Release|Any CPU.Build.0 = Release|Any CPU
		{ED103B3F-5FD1-46D3-8F02-57F039CCEEEA}.Release|ARM.ActiveCfg = Release|Any CPU
		{ED103B3F-5FD1-46D3-8F02-57F039CCEEEA}.Release|ARM.Build.0 = Release|Any CPU
		{ED103B3F-5FD1-46D3-8F02-57F039CCEEEA}.Release|iPhone.ActiveCfg = Release|Any CPU
		{ED103B3F-5FD1-46D3-8F02-57F039CCEEEA}.Release|iPhone.Build.0 = Release|Any CPU
		{ED103B3F-5FD1-46D3-8F02-57F039CCEEEA}.Release|iPhoneSimulator.ActiveCfg = Release|Any CPU
		{ED103B3F-5FD1-46D3-8F02-57F039CCEEEA}.Release|iPhoneSimulator.Build.0 = Release|Any CPU
		{ED103B3F-5FD1-46D3-8F02-57F039CCEEEA}.Release|x64.ActiveCfg = Release|Any CPU
		{ED103B3F-5FD1-46D3-8F02-57F039CCEEEA}.Release|x64.Build.0 = Release|Any CPU
		{ED103B3F-5FD1-46D3-8F02-57F039CCEEEA}.Release|x86.ActiveCfg = Release|Any CPU
		{ED103B3F-5FD1-46D3-8F02-57F039CCEEEA}.Release|x86.Build.0 = Release|Any CPU
	EndGlobalSection
	GlobalSection(SolutionProperties) = preSolution
		HideSolutionNode = FALSE
	EndGlobalSection
EndGlobal
