
Microsoft Visual Studio Solution File, Format Version 12.00
# Visual Studio 14
VisualStudioVersion = 14.0.25420.1
MinimumVisualStudioVersion = 10.0.40219.1
Project("{FAE04EC0-301F-11D3-BF4B-00C04F79EFBC}") = "XF_Views_Slider_Code.Droid", "XF_Views_Slider_Code\XF_Views_Slider_Code.Droid\XF_Views_Slider_Code.Droid.csproj", "{5392C048-C9D8-47FB-9ACE-ECF59CCCDF52}"
EndProject
Project("{FAE04EC0-301F-11D3-BF4B-00C04F79EFBC}") = "XF_Views_Slider_Code.iOS", "XF_Views_Slider_Code\XF_Views_Slider_Code.iOS\XF_Views_Slider_Code.iOS.csproj", "{737177BA-1BED-49E1-800A-507B1E4CEF40}"
EndProject
Project("{FAE04EC0-301F-11D3-BF4B-00C04F79EFBC}") = "XF_Views_Slider_Code.UWP", "XF_Views_Slider_Code\XF_Views_Slider_Code.UWP\XF_Views_Slider_Code.UWP.csproj", "{87B04E8E-97C3-46B7-BAB2-4DCA85ABCCA0}"
EndProject
Project("{FAE04EC0-301F-11D3-BF4B-00C04F79EFBC}") = "XF_Views_Slider_Code", "XF_Views_Slider_Code\XF_Views_Slider_Code\XF_Views_Slider_Code.csproj", "{83A4877E-17D9-45CF-92A4-797E9B107BED}"
EndProject
Global
	GlobalSection(SolutionConfigurationPlatforms) = preSolution
		Ad-Hoc|Any CPU = Ad-Hoc|Any CPU
		Ad-Hoc|ARM = Ad-Hoc|ARM
		Ad-Hoc|iPhone = Ad-Hoc|iPhone
		Ad-Hoc|iPhoneSimulator = Ad-Hoc|iPhoneSimulator
		Ad-Hoc|x64 = Ad-Hoc|x64
		Ad-Hoc|x86 = Ad-Hoc|x86
		AppStore|Any CPU = AppStore|Any CPU
		AppStore|ARM = AppStore|ARM
		AppStore|iPhone = AppStore|iPhone
		AppStore|iPhoneSimulator = AppStore|iPhoneSimulator
		AppStore|x64 = AppStore|x64
		AppStore|x86 = AppStore|x86
		Debug|Any CPU = Debug|Any CPU
		Debug|ARM = Debug|ARM
		Debug|iPhone = Debug|iPhone
		Debug|iPhoneSimulator = Debug|iPhoneSimulator
		Debug|x64 = Debug|x64
		Debug|x86 = Debug|x86
		Release|Any CPU = Release|Any CPU
		Release|ARM = Release|ARM
		Release|iPhone = Release|iPhone
		Release|iPhoneSimulator = Release|iPhoneSimulator
		Release|x64 = Release|x64
		Release|x86 = Release|x86
	EndGlobalSection
	GlobalSection(ProjectConfigurationPlatforms) = postSolution
		{5392C048-C9D8-47FB-9ACE-ECF59CCCDF52}.Ad-Hoc|Any CPU.ActiveCfg = Release|Any CPU
		{5392C048-C9D8-47FB-9ACE-ECF59CCCDF52}.Ad-Hoc|Any CPU.Build.0 = Release|Any CPU
		{5392C048-C9D8-47FB-9ACE-ECF59CCCDF52}.Ad-Hoc|Any CPU.Deploy.0 = Release|Any CPU
		{5392C048-C9D8-47FB-9ACE-ECF59CCCDF52}.Ad-Hoc|ARM.ActiveCfg = Release|Any CPU
		{5392C048-C9D8-47FB-9ACE-ECF59CCCDF52}.Ad-Hoc|ARM.Build.0 = Release|Any CPU
		{5392C048-C9D8-47FB-9ACE-ECF59CCCDF52}.Ad-Hoc|ARM.Deploy.0 = Release|Any CPU
		{5392C048-C9D8-47FB-9ACE-ECF59CCCDF52}.Ad-Hoc|iPhone.ActiveCfg = Release|Any CPU
		{5392C048-C9D8-47FB-9ACE-ECF59CCCDF52}.Ad-Hoc|iPhone.Build.0 = Release|Any CPU
		{5392C048-C9D8-47FB-9ACE-ECF59CCCDF52}.Ad-Hoc|iPhone.Deploy.0 = Release|Any CPU
		{5392C048-C9D8-47FB-9ACE-ECF59CCCDF52}.Ad-Hoc|iPhoneSimulator.ActiveCfg = Release|Any CPU
		{5392C048-C9D8-47FB-9ACE-ECF59CCCDF52}.Ad-Hoc|iPhoneSimulator.Build.0 = Release|Any CPU
		{5392C048-C9D8-47FB-9ACE-ECF59CCCDF52}.Ad-Hoc|iPhoneSimulator.Deploy.0 = Release|Any CPU
		{5392C048-C9D8-47FB-9ACE-ECF59CCCDF52}.Ad-Hoc|x64.ActiveCfg = Release|Any CPU
		{5392C048-C9D8-47FB-9ACE-ECF59CCCDF52}.Ad-Hoc|x64.Build.0 = Release|Any CPU
		{5392C048-C9D8-47FB-9ACE-ECF59CCCDF52}.Ad-Hoc|x64.Deploy.0 = Release|Any CPU
		{5392C048-C9D8-47FB-9ACE-ECF59CCCDF52}.Ad-Hoc|x86.ActiveCfg = Release|Any CPU
		{5392C048-C9D8-47FB-9ACE-ECF59CCCDF52}.Ad-Hoc|x86.Build.0 = Release|Any CPU
		{5392C048-C9D8-47FB-9ACE-ECF59CCCDF52}.Ad-Hoc|x86.Deploy.0 = Release|Any CPU
		{5392C048-C9D8-47FB-9ACE-ECF59CCCDF52}.AppStore|Any CPU.ActiveCfg = Release|Any CPU
		{5392C048-C9D8-47FB-9ACE-ECF59CCCDF52}.AppStore|Any CPU.Build.0 = Release|Any CPU
		{5392C048-C9D8-47FB-9ACE-ECF59CCCDF52}.AppStore|Any CPU.Deploy.0 = Release|Any CPU
		{5392C048-C9D8-47FB-9ACE-ECF59CCCDF52}.AppStore|ARM.ActiveCfg = Release|Any CPU
		{5392C048-C9D8-47FB-9ACE-ECF59CCCDF52}.AppStore|ARM.Build.0 = Release|Any CPU
		{5392C048-C9D8-47FB-9ACE-ECF59CCCDF52}.AppStore|ARM.Deploy.0 = Release|Any CPU
		{5392C048-C9D8-47FB-9ACE-ECF59CCCDF52}.AppStore|iPhone.ActiveCfg = Release|Any CPU
		{5392C048-C9D8-47FB-9ACE-ECF59CCCDF52}.AppStore|iPhone.Build.0 = Release|Any CPU
		{5392C048-C9D8-47FB-9ACE-ECF59CCCDF52}.AppStore|iPhone.Deploy.0 = Release|Any CPU
		{5392C048-C9D8-47FB-9ACE-ECF59CCCDF52}.AppStore|iPhoneSimulator.ActiveCfg = Release|Any CPU
		{5392C048-C9D8-47FB-9ACE-ECF59CCCDF52}.AppStore|iPhoneSimulator.Build.0 = Release|Any CPU
		{5392C048-C9D8-47FB-9ACE-ECF59CCCDF52}.AppStore|iPhoneSimulator.Deploy.0 = Release|Any CPU
		{5392C048-C9D8-47FB-9ACE-ECF59CCCDF52}.AppStore|x64.ActiveCfg = Release|Any CPU
		{5392C048-C9D8-47FB-9ACE-ECF59CCCDF52}.AppStore|x64.Build.0 = Release|Any CPU
		{5392C048-C9D8-47FB-9ACE-ECF59CCCDF52}.AppStore|x64.Deploy.0 = Release|Any CPU
		{5392C048-C9D8-47FB-9ACE-ECF59CCCDF52}.AppStore|x86.ActiveCfg = Release|Any CPU
		{5392C048-C9D8-47FB-9ACE-ECF59CCCDF52}.AppStore|x86.Build.0 = Release|Any CPU
		{5392C048-C9D8-47FB-9ACE-ECF59CCCDF52}.AppStore|x86.Deploy.0 = Release|Any CPU
		{5392C048-C9D8-47FB-9ACE-ECF59CCCDF52}.Debug|Any CPU.ActiveCfg = Debug|Any CPU
		{5392C048-C9D8-47FB-9ACE-ECF59CCCDF52}.Debug|Any CPU.Build.0 = Debug|Any CPU
		{5392C048-C9D8-47FB-9ACE-ECF59CCCDF52}.Debug|Any CPU.Deploy.0 = Debug|Any CPU
		{5392C048-C9D8-47FB-9ACE-ECF59CCCDF52}.Debug|ARM.ActiveCfg = Debug|Any CPU
		{5392C048-C9D8-47FB-9ACE-ECF59CCCDF52}.Debug|ARM.Build.0 = Debug|Any CPU
		{5392C048-C9D8-47FB-9ACE-ECF59CCCDF52}.Debug|ARM.Deploy.0 = Debug|Any CPU
		{5392C048-C9D8-47FB-9ACE-ECF59CCCDF52}.Debug|iPhone.ActiveCfg = Debug|Any CPU
		{5392C048-C9D8-47FB-9ACE-ECF59CCCDF52}.Debug|iPhone.Build.0 = Debug|Any CPU
		{5392C048-C9D8-47FB-9ACE-ECF59CCCDF52}.Debug|iPhone.Deploy.0 = Debug|Any CPU
		{5392C048-C9D8-47FB-9ACE-ECF59CCCDF52}.Debug|iPhoneSimulator.ActiveCfg = Debug|Any CPU
		{5392C048-C9D8-47FB-9ACE-ECF59CCCDF52}.Debug|iPhoneSimulator.Build.0 = Debug|Any CPU
		{5392C048-C9D8-47FB-9ACE-ECF59CCCDF52}.Debug|iPhoneSimulator.Deploy.0 = Debug|Any CPU
		{5392C048-C9D8-47FB-9ACE-ECF59CCCDF52}.Debug|x64.ActiveCfg = Debug|Any CPU
		{5392C048-C9D8-47FB-9ACE-ECF59CCCDF52}.Debug|x64.Build.0 = Debug|Any CPU
		{5392C048-C9D8-47FB-9ACE-ECF59CCCDF52}.Debug|x64.Deploy.0 = Debug|Any CPU
		{5392C048-C9D8-47FB-9ACE-ECF59CCCDF52}.Debug|x86.ActiveCfg = Debug|Any CPU
		{5392C048-C9D8-47FB-9ACE-ECF59CCCDF52}.Debug|x86.Build.0 = Debug|Any CPU
		{5392C048-C9D8-47FB-9ACE-ECF59CCCDF52}.Debug|x86.Deploy.0 = Debug|Any CPU
		{5392C048-C9D8-47FB-9ACE-ECF59CCCDF52}.Release|Any CPU.ActiveCfg = Release|Any CPU
		{5392C048-C9D8-47FB-9ACE-ECF59CCCDF52}.Release|Any CPU.Build.0 = Release|Any CPU
		{5392C048-C9D8-47FB-9ACE-ECF59CCCDF52}.Release|Any CPU.Deploy.0 = Release|Any CPU
		{5392C048-C9D8-47FB-9ACE-ECF59CCCDF52}.Release|ARM.ActiveCfg = Release|Any CPU
		{5392C048-C9D8-47FB-9ACE-ECF59CCCDF52}.Release|ARM.Build.0 = Release|Any CPU
		{5392C048-C9D8-47FB-9ACE-ECF59CCCDF52}.Release|ARM.Deploy.0 = Release|Any CPU
		{5392C048-C9D8-47FB-9ACE-ECF59CCCDF52}.Release|iPhone.ActiveCfg = Release|Any CPU
		{5392C048-C9D8-47FB-9ACE-ECF59CCCDF52}.Release|iPhone.Build.0 = Release|Any CPU
		{5392C048-C9D8-47FB-9ACE-ECF59CCCDF52}.Release|iPhone.Deploy.0 = Release|Any CPU
		{5392C048-C9D8-47FB-9ACE-ECF59CCCDF52}.Release|iPhoneSimulator.ActiveCfg = Release|Any CPU
		{5392C048-C9D8-47FB-9ACE-ECF59CCCDF52}.Release|iPhoneSimulator.Build.0 = Release|Any CPU
		{5392C048-C9D8-47FB-9ACE-ECF59CCCDF52}.Release|iPhoneSimulator.Deploy.0 = Release|Any CPU
		{5392C048-C9D8-47FB-9ACE-ECF59CCCDF52}.Release|x64.ActiveCfg = Release|Any CPU
		{5392C048-C9D8-47FB-9ACE-ECF59CCCDF52}.Release|x64.Build.0 = Release|Any CPU
		{5392C048-C9D8-47FB-9ACE-ECF59CCCDF52}.Release|x64.Deploy.0 = Release|Any CPU
		{5392C048-C9D8-47FB-9ACE-ECF59CCCDF52}.Release|x86.ActiveCfg = Release|Any CPU
		{5392C048-C9D8-47FB-9ACE-ECF59CCCDF52}.Release|x86.Build.0 = Release|Any CPU
		{5392C048-C9D8-47FB-9ACE-ECF59CCCDF52}.Release|x86.Deploy.0 = Release|Any CPU
		{737177BA-1BED-49E1-800A-507B1E4CEF40}.Ad-Hoc|Any CPU.ActiveCfg = Ad-Hoc|iPhone
		{737177BA-1BED-49E1-800A-507B1E4CEF40}.Ad-Hoc|ARM.ActiveCfg = Ad-Hoc|iPhone
		{737177BA-1BED-49E1-800A-507B1E4CEF40}.Ad-Hoc|iPhone.ActiveCfg = Ad-Hoc|iPhone
		{737177BA-1BED-49E1-800A-507B1E4CEF40}.Ad-Hoc|iPhone.Build.0 = Ad-Hoc|iPhone
		{737177BA-1BED-49E1-800A-507B1E4CEF40}.Ad-Hoc|iPhoneSimulator.ActiveCfg = Ad-Hoc|iPhoneSimulator
		{737177BA-1BED-49E1-800A-507B1E4CEF40}.Ad-Hoc|iPhoneSimulator.Build.0 = Ad-Hoc|iPhoneSimulator
		{737177BA-1BED-49E1-800A-507B1E4CEF40}.Ad-Hoc|x64.ActiveCfg = Ad-Hoc|iPhone
		{737177BA-1BED-49E1-800A-507B1E4CEF40}.Ad-Hoc|x86.ActiveCfg = Ad-Hoc|iPhone
		{737177BA-1BED-49E1-800A-507B1E4CEF40}.AppStore|Any CPU.ActiveCfg = AppStore|iPhone
		{737177BA-1BED-49E1-800A-507B1E4CEF40}.AppStore|ARM.ActiveCfg = AppStore|iPhone
		{737177BA-1BED-49E1-800A-507B1E4CEF40}.AppStore|iPhone.ActiveCfg = AppStore|iPhone
		{737177BA-1BED-49E1-800A-507B1E4CEF40}.AppStore|iPhone.Build.0 = AppStore|iPhone
		{737177BA-1BED-49E1-800A-507B1E4CEF40}.AppStore|iPhoneSimulator.ActiveCfg = AppStore|iPhoneSimulator
		{737177BA-1BED-49E1-800A-507B1E4CEF40}.AppStore|iPhoneSimulator.Build.0 = AppStore|iPhoneSimulator
		{737177BA-1BED-49E1-800A-507B1E4CEF40}.AppStore|x64.ActiveCfg = AppStore|iPhone
		{737177BA-1BED-49E1-800A-507B1E4CEF40}.AppStore|x86.ActiveCfg = AppStore|iPhone
		{737177BA-1BED-49E1-800A-507B1E4CEF40}.Debug|Any CPU.ActiveCfg = Debug|iPhone
		{737177BA-1BED-49E1-800A-507B1E4CEF40}.Debug|ARM.ActiveCfg = Debug|iPhone
		{737177BA-1BED-49E1-800A-507B1E4CEF40}.Debug|iPhone.ActiveCfg = Debug|iPhone
		{737177BA-1BED-49E1-800A-507B1E4CEF40}.Debug|iPhone.Build.0 = Debug|iPhone
		{737177BA-1BED-49E1-800A-507B1E4CEF40}.Debug|iPhoneSimulator.ActiveCfg = Debug|iPhoneSimulator
		{737177BA-1BED-49E1-800A-507B1E4CEF40}.Debug|iPhoneSimulator.Build.0 = Debug|iPhoneSimulator
		{737177BA-1BED-49E1-800A-507B1E4CEF40}.Debug|x64.ActiveCfg = Debug|iPhone
		{737177BA-1BED-49E1-800A-507B1E4CEF40}.Debug|x86.ActiveCfg = Debug|iPhone
		{737177BA-1BED-49E1-800A-507B1E4CEF40}.Release|Any CPU.ActiveCfg = Release|iPhone
		{737177BA-1BED-49E1-800A-507B1E4CEF40}.Release|ARM.ActiveCfg = Release|iPhone
		{737177BA-1BED-49E1-800A-507B1E4CEF40}.Release|iPhone.ActiveCfg = Release|iPhone
		{737177BA-1BED-49E1-800A-507B1E4CEF40}.Release|iPhone.Build.0 = Release|iPhone
		{737177BA-1BED-49E1-800A-507B1E4CEF40}.Release|iPhoneSimulator.ActiveCfg = Release|iPhoneSimulator
		{737177BA-1BED-49E1-800A-507B1E4CEF40}.Release|iPhoneSimulator.Build.0 = Release|iPhoneSimulator
		{737177BA-1BED-49E1-800A-507B1E4CEF40}.Release|x64.ActiveCfg = Release|iPhone
		{737177BA-1BED-49E1-800A-507B1E4CEF40}.Release|x86.ActiveCfg = Release|iPhone
		{87B04E8E-97C3-46B7-BAB2-4DCA85ABCCA0}.Ad-Hoc|Any CPU.ActiveCfg = Release|x86
		{87B04E8E-97C3-46B7-BAB2-4DCA85ABCCA0}.Ad-Hoc|Any CPU.Build.0 = Release|x86
		{87B04E8E-97C3-46B7-BAB2-4DCA85ABCCA0}.Ad-Hoc|Any CPU.Deploy.0 = Release|x86
		{87B04E8E-97C3-46B7-BAB2-4DCA85ABCCA0}.Ad-Hoc|ARM.ActiveCfg = Release|ARM
		{87B04E8E-97C3-46B7-BAB2-4DCA85ABCCA0}.Ad-Hoc|ARM.Build.0 = Release|ARM
		{87B04E8E-97C3-46B7-BAB2-4DCA85ABCCA0}.Ad-Hoc|ARM.Deploy.0 = Release|ARM
		{87B04E8E-97C3-46B7-BAB2-4DCA85ABCCA0}.Ad-Hoc|iPhone.ActiveCfg = Release|x86
		{87B04E8E-97C3-46B7-BAB2-4DCA85ABCCA0}.Ad-Hoc|iPhone.Build.0 = Release|x86
		{87B04E8E-97C3-46B7-BAB2-4DCA85ABCCA0}.Ad-Hoc|iPhone.Deploy.0 = Release|x86
		{87B04E8E-97C3-46B7-BAB2-4DCA85ABCCA0}.Ad-Hoc|iPhoneSimulator.ActiveCfg = Release|x86
		{87B04E8E-97C3-46B7-BAB2-4DCA85ABCCA0}.Ad-Hoc|iPhoneSimulator.Build.0 = Release|x86
		{87B04E8E-97C3-46B7-BAB2-4DCA85ABCCA0}.Ad-Hoc|iPhoneSimulator.Deploy.0 = Release|x86
		{87B04E8E-97C3-46B7-BAB2-4DCA85ABCCA0}.Ad-Hoc|x64.ActiveCfg = Release|x64
		{87B04E8E-97C3-46B7-BAB2-4DCA85ABCCA0}.Ad-Hoc|x64.Build.0 = Release|x64
		{87B04E8E-97C3-46B7-BAB2-4DCA85ABCCA0}.Ad-Hoc|x64.Deploy.0 = Release|x64
		{87B04E8E-97C3-46B7-BAB2-4DCA85ABCCA0}.Ad-Hoc|x86.ActiveCfg = Release|x86
		{87B04E8E-97C3-46B7-BAB2-4DCA85ABCCA0}.Ad-Hoc|x86.Build.0 = Release|x86
		{87B04E8E-97C3-46B7-BAB2-4DCA85ABCCA0}.Ad-Hoc|x86.Deploy.0 = Release|x86
		{87B04E8E-97C3-46B7-BAB2-4DCA85ABCCA0}.AppStore|Any CPU.ActiveCfg = Release|x86
		{87B04E8E-97C3-46B7-BAB2-4DCA85ABCCA0}.AppStore|Any CPU.Build.0 = Release|x86
		{87B04E8E-97C3-46B7-BAB2-4DCA85ABCCA0}.AppStore|Any CPU.Deploy.0 = Release|x86
		{87B04E8E-97C3-46B7-BAB2-4DCA85ABCCA0}.AppStore|ARM.ActiveCfg = Release|ARM
		{87B04E8E-97C3-46B7-BAB2-4DCA85ABCCA0}.AppStore|ARM.Build.0 = Release|ARM
		{87B04E8E-97C3-46B7-BAB2-4DCA85ABCCA0}.AppStore|ARM.Deploy.0 = Release|ARM
		{87B04E8E-97C3-46B7-BAB2-4DCA85ABCCA0}.AppStore|iPhone.ActiveCfg = Release|x86
		{87B04E8E-97C3-46B7-BAB2-4DCA85ABCCA0}.AppStore|iPhone.Build.0 = Release|x86
		{87B04E8E-97C3-46B7-BAB2-4DCA85ABCCA0}.AppStore|iPhone.Deploy.0 = Release|x86
		{87B04E8E-97C3-46B7-BAB2-4DCA85ABCCA0}.AppStore|iPhoneSimulator.ActiveCfg = Release|x86
		{87B04E8E-97C3-46B7-BAB2-4DCA85ABCCA0}.AppStore|iPhoneSimulator.Build.0 = Release|x86
		{87B04E8E-97C3-46B7-BAB2-4DCA85ABCCA0}.AppStore|iPhoneSimulator.Deploy.0 = Release|x86
		{87B04E8E-97C3-46B7-BAB2-4DCA85ABCCA0}.AppStore|x64.ActiveCfg = Release|x64
		{87B04E8E-97C3-46B7-BAB2-4DCA85ABCCA0}.AppStore|x64.Build.0 = Release|x64
		{87B04E8E-97C3-46B7-BAB2-4DCA85ABCCA0}.AppStore|x64.Deploy.0 = Release|x64
		{87B04E8E-97C3-46B7-BAB2-4DCA85ABCCA0}.AppStore|x86.ActiveCfg = Release|x86
		{87B04E8E-97C3-46B7-BAB2-4DCA85ABCCA0}.AppStore|x86.Build.0 = Release|x86
		{87B04E8E-97C3-46B7-BAB2-4DCA85ABCCA0}.AppStore|x86.Deploy.0 = Release|x86
		{87B04E8E-97C3-46B7-BAB2-4DCA85ABCCA0}.Debug|Any CPU.ActiveCfg = Debug|x86
		{87B04E8E-97C3-46B7-BAB2-4DCA85ABCCA0}.Debug|ARM.ActiveCfg = Debug|ARM
		{87B04E8E-97C3-46B7-BAB2-4DCA85ABCCA0}.Debug|ARM.Build.0 = Debug|ARM
		{87B04E8E-97C3-46B7-BAB2-4DCA85ABCCA0}.Debug|ARM.Deploy.0 = Debug|ARM
		{87B04E8E-97C3-46B7-BAB2-4DCA85ABCCA0}.Debug|iPhone.ActiveCfg = Debug|x86
		{87B04E8E-97C3-46B7-BAB2-4DCA85ABCCA0}.Debug|iPhoneSimulator.ActiveCfg = Debug|x86
		{87B04E8E-97C3-46B7-BAB2-4DCA85ABCCA0}.Debug|x64.ActiveCfg = Debug|x64
		{87B04E8E-97C3-46B7-BAB2-4DCA85ABCCA0}.Debug|x64.Build.0 = Debug|x64
		{87B04E8E-97C3-46B7-BAB2-4DCA85ABCCA0}.Debug|x64.Deploy.0 = Debug|x64
		{87B04E8E-97C3-46B7-BAB2-4DCA85ABCCA0}.Debug|x86.ActiveCfg = Debug|x86
		{87B04E8E-97C3-46B7-BAB2-4DCA85ABCCA0}.Debug|x86.Build.0 = Debug|x86
		{87B04E8E-97C3-46B7-BAB2-4DCA85ABCCA0}.Debug|x86.Deploy.0 = Debug|x86
		{87B04E8E-97C3-46B7-BAB2-4DCA85ABCCA0}.Release|Any CPU.ActiveCfg = Release|x86
		{87B04E8E-97C3-46B7-BAB2-4DCA85ABCCA0}.Release|ARM.ActiveCfg = Release|ARM
		{87B04E8E-97C3-46B7-BAB2-4DCA85ABCCA0}.Release|ARM.Build.0 = Release|ARM
		{87B04E8E-97C3-46B7-BAB2-4DCA85ABCCA0}.Release|ARM.Deploy.0 = Release|ARM
		{87B04E8E-97C3-46B7-BAB2-4DCA85ABCCA0}.Release|iPhone.ActiveCfg = Release|x86
		{87B04E8E-97C3-46B7-BAB2-4DCA85ABCCA0}.Release|iPhoneSimulator.ActiveCfg = Release|x86
		{87B04E8E-97C3-46B7-BAB2-4DCA85ABCCA0}.Release|x64.ActiveCfg = Release|x64
		{87B04E8E-97C3-46B7-BAB2-4DCA85ABCCA0}.Release|x64.Build.0 = Release|x64
		{87B04E8E-97C3-46B7-BAB2-4DCA85ABCCA0}.Release|x64.Deploy.0 = Release|x64
		{87B04E8E-97C3-46B7-BAB2-4DCA85ABCCA0}.Release|x86.ActiveCfg = Release|x86
		{87B04E8E-97C3-46B7-BAB2-4DCA85ABCCA0}.Release|x86.Build.0 = Release|x86
		{87B04E8E-97C3-46B7-BAB2-4DCA85ABCCA0}.Release|x86.Deploy.0 = Release|x86
		{83A4877E-17D9-45CF-92A4-797E9B107BED}.Ad-Hoc|Any CPU.ActiveCfg = Release|Any CPU
		{83A4877E-17D9-45CF-92A4-797E9B107BED}.Ad-Hoc|Any CPU.Build.0 = Release|Any CPU
		{83A4877E-17D9-45CF-92A4-797E9B107BED}.Ad-Hoc|ARM.ActiveCfg = Release|Any CPU
		{83A4877E-17D9-45CF-92A4-797E9B107BED}.Ad-Hoc|ARM.Build.0 = Release|Any CPU
		{83A4877E-17D9-45CF-92A4-797E9B107BED}.Ad-Hoc|iPhone.ActiveCfg = Release|Any CPU
		{83A4877E-17D9-45CF-92A4-797E9B107BED}.Ad-Hoc|iPhone.Build.0 = Release|Any CPU
		{83A4877E-17D9-45CF-92A4-797E9B107BED}.Ad-Hoc|iPhoneSimulator.ActiveCfg = Release|Any CPU
		{83A4877E-17D9-45CF-92A4-797E9B107BED}.Ad-Hoc|iPhoneSimulator.Build.0 = Release|Any CPU
		{83A4877E-17D9-45CF-92A4-797E9B107BED}.Ad-Hoc|x64.ActiveCfg = Release|Any CPU
		{83A4877E-17D9-45CF-92A4-797E9B107BED}.Ad-Hoc|x64.Build.0 = Release|Any CPU
		{83A4877E-17D9-45CF-92A4-797E9B107BED}.Ad-Hoc|x86.ActiveCfg = Release|Any CPU
		{83A4877E-17D9-45CF-92A4-797E9B107BED}.Ad-Hoc|x86.Build.0 = Release|Any CPU
		{83A4877E-17D9-45CF-92A4-797E9B107BED}.AppStore|Any CPU.ActiveCfg = Release|Any CPU
		{83A4877E-17D9-45CF-92A4-797E9B107BED}.AppStore|Any CPU.Build.0 = Release|Any CPU
		{83A4877E-17D9-45CF-92A4-797E9B107BED}.AppStore|ARM.ActiveCfg = Release|Any CPU
		{83A4877E-17D9-45CF-92A4-797E9B107BED}.AppStore|ARM.Build.0 = Release|Any CPU
		{83A4877E-17D9-45CF-92A4-797E9B107BED}.AppStore|iPhone.ActiveCfg = Release|Any CPU
		{83A4877E-17D9-45CF-92A4-797E9B107BED}.AppStore|iPhone.Build.0 = Release|Any CPU
		{83A4877E-17D9-45CF-92A4-797E9B107BED}.AppStore|iPhoneSimulator.ActiveCfg = Release|Any CPU
		{83A4877E-17D9-45CF-92A4-797E9B107BED}.AppStore|iPhoneSimulator.Build.0 = Release|Any CPU
		{83A4877E-17D9-45CF-92A4-797E9B107BED}.AppStore|x64.ActiveCfg = Release|Any CPU
		{83A4877E-17D9-45CF-92A4-797E9B107BED}.AppStore|x64.Build.0 = Release|Any CPU
		{83A4877E-17D9-45CF-92A4-797E9B107BED}.AppStore|x86.ActiveCfg = Release|Any CPU
		{83A4877E-17D9-45CF-92A4-797E9B107BED}.AppStore|x86.Build.0 = Release|Any CPU
		{83A4877E-17D9-45CF-92A4-797E9B107BED}.Debug|Any CPU.ActiveCfg = Debug|Any CPU
		{83A4877E-17D9-45CF-92A4-797E9B107BED}.Debug|Any CPU.Build.0 = Debug|Any CPU
		{83A4877E-17D9-45CF-92A4-797E9B107BED}.Debug|ARM.ActiveCfg = Debug|Any CPU
		{83A4877E-17D9-45CF-92A4-797E9B107BED}.Debug|ARM.Build.0 = Debug|Any CPU
		{83A4877E-17D9-45CF-92A4-797E9B107BED}.Debug|iPhone.ActiveCfg = Debug|Any CPU
		{83A4877E-17D9-45CF-92A4-797E9B107BED}.Debug|iPhone.Build.0 = Debug|Any CPU
		{83A4877E-17D9-45CF-92A4-797E9B107BED}.Debug|iPhoneSimulator.ActiveCfg = Debug|Any CPU
		{83A4877E-17D9-45CF-92A4-797E9B107BED}.Debug|iPhoneSimulator.Build.0 = Debug|Any CPU
		{83A4877E-17D9-45CF-92A4-797E9B107BED}.Debug|x64.ActiveCfg = Debug|Any CPU
		{83A4877E-17D9-45CF-92A4-797E9B107BED}.Debug|x64.Build.0 = Debug|Any CPU
		{83A4877E-17D9-45CF-92A4-797E9B107BED}.Debug|x86.ActiveCfg = Debug|Any CPU
		{83A4877E-17D9-45CF-92A4-797E9B107BED}.Debug|x86.Build.0 = Debug|Any CPU
		{83A4877E-17D9-45CF-92A4-797E9B107BED}.Release|Any CPU.ActiveCfg = Release|Any CPU
		{83A4877E-17D9-45CF-92A4-797E9B107BED}.Release|Any CPU.Build.0 = Release|Any CPU
		{83A4877E-17D9-45CF-92A4-797E9B107BED}.Release|ARM.ActiveCfg = Release|Any CPU
		{83A4877E-17D9-45CF-92A4-797E9B107BED}.Release|ARM.Build.0 = Release|Any CPU
		{83A4877E-17D9-45CF-92A4-797E9B107BED}.Release|iPhone.ActiveCfg = Release|Any CPU
		{83A4877E-17D9-45CF-92A4-797E9B107BED}.Release|iPhone.Build.0 = Release|Any CPU
		{83A4877E-17D9-45CF-92A4-797E9B107BED}.Release|iPhoneSimulator.ActiveCfg = Release|Any CPU
		{83A4877E-17D9-45CF-92A4-797E9B107BED}.Release|iPhoneSimulator.Build.0 = Release|Any CPU
		{83A4877E-17D9-45CF-92A4-797E9B107BED}.Release|x64.ActiveCfg = Release|Any CPU
		{83A4877E-17D9-45CF-92A4-797E9B107BED}.Release|x64.Build.0 = Release|Any CPU
		{83A4877E-17D9-45CF-92A4-797E9B107BED}.Release|x86.ActiveCfg = Release|Any CPU
		{83A4877E-17D9-45CF-92A4-797E9B107BED}.Release|x86.Build.0 = Release|Any CPU
	EndGlobalSection
	GlobalSection(SolutionProperties) = preSolution
		HideSolutionNode = FALSE
	EndGlobalSection
EndGlobal
