
Microsoft Visual Studio Solution File, Format Version 12.00
# Visual Studio 14
VisualStudioVersion = 14.0.25123.0
MinimumVisualStudioVersion = 10.0.40219.1
Project("{FAE04EC0-301F-11D3-BF4B-00C04F79EFBC}") = "XF_HelloWorldv2.Droid", "XF_HelloWorldv2\XF_HelloWorldv2.Droid\XF_HelloWorldv2.Droid.csproj", "{78BC5247-898F-4B7B-95DF-CD70237A6088}"
EndProject
Project("{FAE04EC0-301F-11D3-BF4B-00C04F79EFBC}") = "XF_HelloWorldv2.iOS", "XF_HelloWorldv2\XF_HelloWorldv2.iOS\XF_HelloWorldv2.iOS.csproj", "{C1B1F613-5766-4A3C-BA5E-9BF1C3F720CC}"
EndProject
Project("{FAE04EC0-301F-11D3-BF4B-00C04F79EFBC}") = "XF_HelloWorldv2.WinPhone", "XF_HelloWorldv2\XF_HelloWorldv2.WinPhone\XF_HelloWorldv2.WinPhone.csproj", "{BCC1DBD8-87FF-4110-A2F2-2A551F2019AD}"
EndProject
Project("{FAE04EC0-301F-11D3-BF4B-00C04F79EFBC}") = "XF_HelloWorldv2.UWP", "XF_HelloWorldv2\XF_HelloWorldv2.UWP\XF_HelloWorldv2.UWP.csproj", "{92A33414-A361-4825-A1DD-B71E6E5C2499}"
EndProject
Project("{FAE04EC0-301F-11D3-BF4B-00C04F79EFBC}") = "XF_HelloWorldv2.Windows", "XF_HelloWorldv2\XF_HelloWorldv2.Windows\XF_HelloWorldv2.Windows.csproj", "{364785A1-AAAA-45E7-B600-DD30DAB38095}"
EndProject
Project("{FAE04EC0-301F-11D3-BF4B-00C04F79EFBC}") = "XF_HelloWorldv2", "XF_HelloWorldv2\XF_HelloWorldv2\XF_HelloWorldv2.csproj", "{6E8C6FA9-E411-4F1B-B19B-AF634B30F1B7}"
EndProject
Global
	GlobalSection(SolutionConfigurationPlatforms) = preSolution
		Ad-Hoc|Any CPU = Ad-Hoc|Any CPU
		Ad-Hoc|ARM = Ad-Hoc|ARM
		Ad-Hoc|iPhone = Ad-Hoc|iPhone
		Ad-Hoc|iPhoneSimulator = Ad-Hoc|iPhoneSimulator
		Ad-Hoc|x64 = Ad-Hoc|x64
		Ad-Hoc|x86 = Ad-Hoc|x86
		AppStore|Any CPU = AppStore|Any CPU
		AppStore|ARM = AppStore|ARM
		AppStore|iPhone = AppStore|iPhone
		AppStore|iPhoneSimulator = AppStore|iPhoneSimulator
		AppStore|x64 = AppStore|x64
		AppStore|x86 = AppStore|x86
		Debug|Any CPU = Debug|Any CPU
		Debug|ARM = Debug|ARM
		Debug|iPhone = Debug|iPhone
		Debug|iPhoneSimulator = Debug|iPhoneSimulator
		Debug|x64 = Debug|x64
		Debug|x86 = Debug|x86
		Release|Any CPU = Release|Any CPU
		Release|ARM = Release|ARM
		Release|iPhone = Release|iPhone
		Release|iPhoneSimulator = Release|iPhoneSimulator
		Release|x64 = Release|x64
		Release|x86 = Release|x86
	EndGlobalSection
	GlobalSection(ProjectConfigurationPlatforms) = postSolution
		{78BC5247-898F-4B7B-95DF-CD70237A6088}.Ad-Hoc|Any CPU.ActiveCfg = Release|Any CPU
		{78BC5247-898F-4B7B-95DF-CD70237A6088}.Ad-Hoc|Any CPU.Build.0 = Release|Any CPU
		{78BC5247-898F-4B7B-95DF-CD70237A6088}.Ad-Hoc|Any CPU.Deploy.0 = Release|Any CPU
		{78BC5247-898F-4B7B-95DF-CD70237A6088}.Ad-Hoc|ARM.ActiveCfg = Release|Any CPU
		{78BC5247-898F-4B7B-95DF-CD70237A6088}.Ad-Hoc|ARM.Build.0 = Release|Any CPU
		{78BC5247-898F-4B7B-95DF-CD70237A6088}.Ad-Hoc|ARM.Deploy.0 = Release|Any CPU
		{78BC5247-898F-4B7B-95DF-CD70237A6088}.Ad-Hoc|iPhone.ActiveCfg = Release|Any CPU
		{78BC5247-898F-4B7B-95DF-CD70237A6088}.Ad-Hoc|iPhone.Build.0 = Release|Any CPU
		{78BC5247-898F-4B7B-95DF-CD70237A6088}.Ad-Hoc|iPhone.Deploy.0 = Release|Any CPU
		{78BC5247-898F-4B7B-95DF-CD70237A6088}.Ad-Hoc|iPhoneSimulator.ActiveCfg = Release|Any CPU
		{78BC5247-898F-4B7B-95DF-CD70237A6088}.Ad-Hoc|iPhoneSimulator.Build.0 = Release|Any CPU
		{78BC5247-898F-4B7B-95DF-CD70237A6088}.Ad-Hoc|iPhoneSimulator.Deploy.0 = Release|Any CPU
		{78BC5247-898F-4B7B-95DF-CD70237A6088}.Ad-Hoc|x64.ActiveCfg = Release|Any CPU
		{78BC5247-898F-4B7B-95DF-CD70237A6088}.Ad-Hoc|x64.Build.0 = Release|Any CPU
		{78BC5247-898F-4B7B-95DF-CD70237A6088}.Ad-Hoc|x64.Deploy.0 = Release|Any CPU
		{78BC5247-898F-4B7B-95DF-CD70237A6088}.Ad-Hoc|x86.ActiveCfg = Release|Any CPU
		{78BC5247-898F-4B7B-95DF-CD70237A6088}.Ad-Hoc|x86.Build.0 = Release|Any CPU
		{78BC5247-898F-4B7B-95DF-CD70237A6088}.Ad-Hoc|x86.Deploy.0 = Release|Any CPU
		{78BC5247-898F-4B7B-95DF-CD70237A6088}.AppStore|Any CPU.ActiveCfg = Release|Any CPU
		{78BC5247-898F-4B7B-95DF-CD70237A6088}.AppStore|Any CPU.Build.0 = Release|Any CPU
		{78BC5247-898F-4B7B-95DF-CD70237A6088}.AppStore|Any CPU.Deploy.0 = Release|Any CPU
		{78BC5247-898F-4B7B-95DF-CD70237A6088}.AppStore|ARM.ActiveCfg = Release|Any CPU
		{78BC5247-898F-4B7B-95DF-CD70237A6088}.AppStore|ARM.Build.0 = Release|Any CPU
		{78BC5247-898F-4B7B-95DF-CD70237A6088}.AppStore|ARM.Deploy.0 = Release|Any CPU
		{78BC5247-898F-4B7B-95DF-CD70237A6088}.AppStore|iPhone.ActiveCfg = Release|Any CPU
		{78BC5247-898F-4B7B-95DF-CD70237A6088}.AppStore|iPhone.Build.0 = Release|Any CPU
		{78BC5247-898F-4B7B-95DF-CD70237A6088}.AppStore|iPhone.Deploy.0 = Release|Any CPU
		{78BC5247-898F-4B7B-95DF-CD70237A6088}.AppStore|iPhoneSimulator.ActiveCfg = Release|Any CPU
		{78BC5247-898F-4B7B-95DF-CD70237A6088}.AppStore|iPhoneSimulator.Build.0 = Release|Any CPU
		{78BC5247-898F-4B7B-95DF-CD70237A6088}.AppStore|iPhoneSimulator.Deploy.0 = Release|Any CPU
		{78BC5247-898F-4B7B-95DF-CD70237A6088}.AppStore|x64.ActiveCfg = Release|Any CPU
		{78BC5247-898F-4B7B-95DF-CD70237A6088}.AppStore|x64.Build.0 = Release|Any CPU
		{78BC5247-898F-4B7B-95DF-CD70237A6088}.AppStore|x64.Deploy.0 = Release|Any CPU
		{78BC5247-898F-4B7B-95DF-CD70237A6088}.AppStore|x86.ActiveCfg = Release|Any CPU
		{78BC5247-898F-4B7B-95DF-CD70237A6088}.AppStore|x86.Build.0 = Release|Any CPU
		{78BC5247-898F-4B7B-95DF-CD70237A6088}.AppStore|x86.Deploy.0 = Release|Any CPU
		{78BC5247-898F-4B7B-95DF-CD70237A6088}.Debug|Any CPU.ActiveCfg = Debug|Any CPU
		{78BC5247-898F-4B7B-95DF-CD70237A6088}.Debug|Any CPU.Build.0 = Debug|Any CPU
		{78BC5247-898F-4B7B-95DF-CD70237A6088}.Debug|Any CPU.Deploy.0 = Debug|Any CPU
		{78BC5247-898F-4B7B-95DF-CD70237A6088}.Debug|ARM.ActiveCfg = Debug|Any CPU
		{78BC5247-898F-4B7B-95DF-CD70237A6088}.Debug|ARM.Build.0 = Debug|Any CPU
		{78BC5247-898F-4B7B-95DF-CD70237A6088}.Debug|ARM.Deploy.0 = Debug|Any CPU
		{78BC5247-898F-4B7B-95DF-CD70237A6088}.Debug|iPhone.ActiveCfg = Debug|Any CPU
		{78BC5247-898F-4B7B-95DF-CD70237A6088}.Debug|iPhone.Build.0 = Debug|Any CPU
		{78BC5247-898F-4B7B-95DF-CD70237A6088}.Debug|iPhone.Deploy.0 = Debug|Any CPU
		{78BC5247-898F-4B7B-95DF-CD70237A6088}.Debug|iPhoneSimulator.ActiveCfg = Debug|Any CPU
		{78BC5247-898F-4B7B-95DF-CD70237A6088}.Debug|iPhoneSimulator.Build.0 = Debug|Any CPU
		{78BC5247-898F-4B7B-95DF-CD70237A6088}.Debug|iPhoneSimulator.Deploy.0 = Debug|Any CPU
		{78BC5247-898F-4B7B-95DF-CD70237A6088}.Debug|x64.ActiveCfg = Debug|Any CPU
		{78BC5247-898F-4B7B-95DF-CD70237A6088}.Debug|x64.Build.0 = Debug|Any CPU
		{78BC5247-898F-4B7B-95DF-CD70237A6088}.Debug|x64.Deploy.0 = Debug|Any CPU
		{78BC5247-898F-4B7B-95DF-CD70237A6088}.Debug|x86.ActiveCfg = Debug|Any CPU
		{78BC5247-898F-4B7B-95DF-CD70237A6088}.Debug|x86.Build.0 = Debug|Any CPU
		{78BC5247-898F-4B7B-95DF-CD70237A6088}.Debug|x86.Deploy.0 = Debug|Any CPU
		{78BC5247-898F-4B7B-95DF-CD70237A6088}.Release|Any CPU.ActiveCfg = Release|Any CPU
		{78BC5247-898F-4B7B-95DF-CD70237A6088}.Release|Any CPU.Build.0 = Release|Any CPU
		{78BC5247-898F-4B7B-95DF-CD70237A6088}.Release|Any CPU.Deploy.0 = Release|Any CPU
		{78BC5247-898F-4B7B-95DF-CD70237A6088}.Release|ARM.ActiveCfg = Release|Any CPU
		{78BC5247-898F-4B7B-95DF-CD70237A6088}.Release|ARM.Build.0 = Release|Any CPU
		{78BC5247-898F-4B7B-95DF-CD70237A6088}.Release|ARM.Deploy.0 = Release|Any CPU
		{78BC5247-898F-4B7B-95DF-CD70237A6088}.Release|iPhone.ActiveCfg = Release|Any CPU
		{78BC5247-898F-4B7B-95DF-CD70237A6088}.Release|iPhone.Build.0 = Release|Any CPU
		{78BC5247-898F-4B7B-95DF-CD70237A6088}.Release|iPhone.Deploy.0 = Release|Any CPU
		{78BC5247-898F-4B7B-95DF-CD70237A6088}.Release|iPhoneSimulator.ActiveCfg = Release|Any CPU
		{78BC5247-898F-4B7B-95DF-CD70237A6088}.Release|iPhoneSimulator.Build.0 = Release|Any CPU
		{78BC5247-898F-4B7B-95DF-CD70237A6088}.Release|iPhoneSimulator.Deploy.0 = Release|Any CPU
		{78BC5247-898F-4B7B-95DF-CD70237A6088}.Release|x64.ActiveCfg = Release|Any CPU
		{78BC5247-898F-4B7B-95DF-CD70237A6088}.Release|x64.Build.0 = Release|Any CPU
		{78BC5247-898F-4B7B-95DF-CD70237A6088}.Release|x64.Deploy.0 = Release|Any CPU
		{78BC5247-898F-4B7B-95DF-CD70237A6088}.Release|x86.ActiveCfg = Release|Any CPU
		{78BC5247-898F-4B7B-95DF-CD70237A6088}.Release|x86.Build.0 = Release|Any CPU
		{78BC5247-898F-4B7B-95DF-CD70237A6088}.Release|x86.Deploy.0 = Release|Any CPU
		{C1B1F613-5766-4A3C-BA5E-9BF1C3F720CC}.Ad-Hoc|Any CPU.ActiveCfg = Ad-Hoc|iPhone
		{C1B1F613-5766-4A3C-BA5E-9BF1C3F720CC}.Ad-Hoc|ARM.ActiveCfg = Ad-Hoc|iPhone
		{C1B1F613-5766-4A3C-BA5E-9BF1C3F720CC}.Ad-Hoc|iPhone.ActiveCfg = Ad-Hoc|iPhone
		{C1B1F613-5766-4A3C-BA5E-9BF1C3F720CC}.Ad-Hoc|iPhone.Build.0 = Ad-Hoc|iPhone
		{C1B1F613-5766-4A3C-BA5E-9BF1C3F720CC}.Ad-Hoc|iPhoneSimulator.ActiveCfg = Ad-Hoc|iPhoneSimulator
		{C1B1F613-5766-4A3C-BA5E-9BF1C3F720CC}.Ad-Hoc|iPhoneSimulator.Build.0 = Ad-Hoc|iPhoneSimulator
		{C1B1F613-5766-4A3C-BA5E-9BF1C3F720CC}.Ad-Hoc|x64.ActiveCfg = Ad-Hoc|iPhone
		{C1B1F613-5766-4A3C-BA5E-9BF1C3F720CC}.Ad-Hoc|x86.ActiveCfg = Ad-Hoc|iPhone
		{C1B1F613-5766-4A3C-BA5E-9BF1C3F720CC}.AppStore|Any CPU.ActiveCfg = AppStore|iPhone
		{C1B1F613-5766-4A3C-BA5E-9BF1C3F720CC}.AppStore|ARM.ActiveCfg = AppStore|iPhone
		{C1B1F613-5766-4A3C-BA5E-9BF1C3F720CC}.AppStore|iPhone.ActiveCfg = AppStore|iPhone
		{C1B1F613-5766-4A3C-BA5E-9BF1C3F720CC}.AppStore|iPhone.Build.0 = AppStore|iPhone
		{C1B1F613-5766-4A3C-BA5E-9BF1C3F720CC}.AppStore|iPhoneSimulator.ActiveCfg = AppStore|iPhoneSimulator
		{C1B1F613-5766-4A3C-BA5E-9BF1C3F720CC}.AppStore|iPhoneSimulator.Build.0 = AppStore|iPhoneSimulator
		{C1B1F613-5766-4A3C-BA5E-9BF1C3F720CC}.AppStore|x64.ActiveCfg = AppStore|iPhone
		{C1B1F613-5766-4A3C-BA5E-9BF1C3F720CC}.AppStore|x86.ActiveCfg = AppStore|iPhone
		{C1B1F613-5766-4A3C-BA5E-9BF1C3F720CC}.Debug|Any CPU.ActiveCfg = Debug|iPhone
		{C1B1F613-5766-4A3C-BA5E-9BF1C3F720CC}.Debug|ARM.ActiveCfg = Debug|iPhone
		{C1B1F613-5766-4A3C-BA5E-9BF1C3F720CC}.Debug|iPhone.ActiveCfg = Debug|iPhone
		{C1B1F613-5766-4A3C-BA5E-9BF1C3F720CC}.Debug|iPhone.Build.0 = Debug|iPhone
		{C1B1F613-5766-4A3C-BA5E-9BF1C3F720CC}.Debug|iPhoneSimulator.ActiveCfg = Debug|iPhoneSimulator
		{C1B1F613-5766-4A3C-BA5E-9BF1C3F720CC}.Debug|iPhoneSimulator.Build.0 = Debug|iPhoneSimulator
		{C1B1F613-5766-4A3C-BA5E-9BF1C3F720CC}.Debug|x64.ActiveCfg = Debug|iPhone
		{C1B1F613-5766-4A3C-BA5E-9BF1C3F720CC}.Debug|x86.ActiveCfg = Debug|iPhone
		{C1B1F613-5766-4A3C-BA5E-9BF1C3F720CC}.Release|Any CPU.ActiveCfg = Release|iPhone
		{C1B1F613-5766-4A3C-BA5E-9BF1C3F720CC}.Release|ARM.ActiveCfg = Release|iPhone
		{C1B1F613-5766-4A3C-BA5E-9BF1C3F720CC}.Release|iPhone.ActiveCfg = Release|iPhone
		{C1B1F613-5766-4A3C-BA5E-9BF1C3F720CC}.Release|iPhone.Build.0 = Release|iPhone
		{C1B1F613-5766-4A3C-BA5E-9BF1C3F720CC}.Release|iPhoneSimulator.ActiveCfg = Release|iPhoneSimulator
		{C1B1F613-5766-4A3C-BA5E-9BF1C3F720CC}.Release|iPhoneSimulator.Build.0 = Release|iPhoneSimulator
		{C1B1F613-5766-4A3C-BA5E-9BF1C3F720CC}.Release|x64.ActiveCfg = Release|iPhone
		{C1B1F613-5766-4A3C-BA5E-9BF1C3F720CC}.Release|x86.ActiveCfg = Release|iPhone
		{BCC1DBD8-87FF-4110-A2F2-2A551F2019AD}.Ad-Hoc|Any CPU.ActiveCfg = Release|Any CPU
		{BCC1DBD8-87FF-4110-A2F2-2A551F2019AD}.Ad-Hoc|Any CPU.Build.0 = Release|Any CPU
		{BCC1DBD8-87FF-4110-A2F2-2A551F2019AD}.Ad-Hoc|Any CPU.Deploy.0 = Release|Any CPU
		{BCC1DBD8-87FF-4110-A2F2-2A551F2019AD}.Ad-Hoc|ARM.ActiveCfg = Release|ARM
		{BCC1DBD8-87FF-4110-A2F2-2A551F2019AD}.Ad-Hoc|ARM.Build.0 = Release|ARM
		{BCC1DBD8-87FF-4110-A2F2-2A551F2019AD}.Ad-Hoc|ARM.Deploy.0 = Release|ARM
		{BCC1DBD8-87FF-4110-A2F2-2A551F2019AD}.Ad-Hoc|iPhone.ActiveCfg = Release|Any CPU
		{BCC1DBD8-87FF-4110-A2F2-2A551F2019AD}.Ad-Hoc|iPhone.Build.0 = Release|Any CPU
		{BCC1DBD8-87FF-4110-A2F2-2A551F2019AD}.Ad-Hoc|iPhone.Deploy.0 = Release|Any CPU
		{BCC1DBD8-87FF-4110-A2F2-2A551F2019AD}.Ad-Hoc|iPhoneSimulator.ActiveCfg = Release|Any CPU
		{BCC1DBD8-87FF-4110-A2F2-2A551F2019AD}.Ad-Hoc|iPhoneSimulator.Build.0 = Release|Any CPU
		{BCC1DBD8-87FF-4110-A2F2-2A551F2019AD}.Ad-Hoc|iPhoneSimulator.Deploy.0 = Release|Any CPU
		{BCC1DBD8-87FF-4110-A2F2-2A551F2019AD}.Ad-Hoc|x64.ActiveCfg = Release|Any CPU
		{BCC1DBD8-87FF-4110-A2F2-2A551F2019AD}.Ad-Hoc|x64.Build.0 = Release|Any CPU
		{BCC1DBD8-87FF-4110-A2F2-2A551F2019AD}.Ad-Hoc|x64.Deploy.0 = Release|Any CPU
		{BCC1DBD8-87FF-4110-A2F2-2A551F2019AD}.Ad-Hoc|x86.ActiveCfg = Release|x86
		{BCC1DBD8-87FF-4110-A2F2-2A551F2019AD}.Ad-Hoc|x86.Build.0 = Release|x86
		{BCC1DBD8-87FF-4110-A2F2-2A551F2019AD}.Ad-Hoc|x86.Deploy.0 = Release|x86
		{BCC1DBD8-87FF-4110-A2F2-2A551F2019AD}.AppStore|Any CPU.ActiveCfg = Release|Any CPU
		{BCC1DBD8-87FF-4110-A2F2-2A551F2019AD}.AppStore|Any CPU.Build.0 = Release|Any CPU
		{BCC1DBD8-87FF-4110-A2F2-2A551F2019AD}.AppStore|Any CPU.Deploy.0 = Release|Any CPU
		{BCC1DBD8-87FF-4110-A2F2-2A551F2019AD}.AppStore|ARM.ActiveCfg = Release|ARM
		{BCC1DBD8-87FF-4110-A2F2-2A551F2019AD}.AppStore|ARM.Build.0 = Release|ARM
		{BCC1DBD8-87FF-4110-A2F2-2A551F2019AD}.AppStore|ARM.Deploy.0 = Release|ARM
		{BCC1DBD8-87FF-4110-A2F2-2A551F2019AD}.AppStore|iPhone.ActiveCfg = Release|Any CPU
		{BCC1DBD8-87FF-4110-A2F2-2A551F2019AD}.AppStore|iPhone.Build.0 = Release|Any CPU
		{BCC1DBD8-87FF-4110-A2F2-2A551F2019AD}.AppStore|iPhone.Deploy.0 = Release|Any CPU
		{BCC1DBD8-87FF-4110-A2F2-2A551F2019AD}.AppStore|iPhoneSimulator.ActiveCfg = Release|Any CPU
		{BCC1DBD8-87FF-4110-A2F2-2A551F2019AD}.AppStore|iPhoneSimulator.Build.0 = Release|Any CPU
		{BCC1DBD8-87FF-4110-A2F2-2A551F2019AD}.AppStore|iPhoneSimulator.Deploy.0 = Release|Any CPU
		{BCC1DBD8-87FF-4110-A2F2-2A551F2019AD}.AppStore|x64.ActiveCfg = Release|Any CPU
		{BCC1DBD8-87FF-4110-A2F2-2A551F2019AD}.AppStore|x64.Build.0 = Release|Any CPU
		{BCC1DBD8-87FF-4110-A2F2-2A551F2019AD}.AppStore|x64.Deploy.0 = Release|Any CPU
		{BCC1DBD8-87FF-4110-A2F2-2A551F2019AD}.AppStore|x86.ActiveCfg = Release|x86
		{BCC1DBD8-87FF-4110-A2F2-2A551F2019AD}.AppStore|x86.Build.0 = Release|x86
		{BCC1DBD8-87FF-4110-A2F2-2A551F2019AD}.AppStore|x86.Deploy.0 = Release|x86
		{BCC1DBD8-87FF-4110-A2F2-2A551F2019AD}.Debug|Any CPU.ActiveCfg = Debug|Any CPU
		{BCC1DBD8-87FF-4110-A2F2-2A551F2019AD}.Debug|Any CPU.Build.0 = Debug|Any CPU
		{BCC1DBD8-87FF-4110-A2F2-2A551F2019AD}.Debug|Any CPU.Deploy.0 = Debug|Any CPU
		{BCC1DBD8-87FF-4110-A2F2-2A551F2019AD}.Debug|ARM.ActiveCfg = Debug|ARM
		{BCC1DBD8-87FF-4110-A2F2-2A551F2019AD}.Debug|ARM.Build.0 = Debug|ARM
		{BCC1DBD8-87FF-4110-A2F2-2A551F2019AD}.Debug|ARM.Deploy.0 = Debug|ARM
		{BCC1DBD8-87FF-4110-A2F2-2A551F2019AD}.Debug|iPhone.ActiveCfg = Debug|Any CPU
		{BCC1DBD8-87FF-4110-A2F2-2A551F2019AD}.Debug|iPhone.Build.0 = Debug|Any CPU
		{BCC1DBD8-87FF-4110-A2F2-2A551F2019AD}.Debug|iPhone.Deploy.0 = Debug|Any CPU
		{BCC1DBD8-87FF-4110-A2F2-2A551F2019AD}.Debug|iPhoneSimulator.ActiveCfg = Debug|Any CPU
		{BCC1DBD8-87FF-4110-A2F2-2A551F2019AD}.Debug|iPhoneSimulator.Build.0 = Debug|Any CPU
		{BCC1DBD8-87FF-4110-A2F2-2A551F2019AD}.Debug|iPhoneSimulator.Deploy.0 = Debug|Any CPU
		{BCC1DBD8-87FF-4110-A2F2-2A551F2019AD}.Debug|x64.ActiveCfg = Debug|Any CPU
		{BCC1DBD8-87FF-4110-A2F2-2A551F2019AD}.Debug|x64.Build.0 = Debug|Any CPU
		{BCC1DBD8-87FF-4110-A2F2-2A551F2019AD}.Debug|x64.Deploy.0 = Debug|Any CPU
		{BCC1DBD8-87FF-4110-A2F2-2A551F2019AD}.Debug|x86.ActiveCfg = Debug|x86
		{BCC1DBD8-87FF-4110-A2F2-2A551F2019AD}.Debug|x86.Build.0 = Debug|x86
		{BCC1DBD8-87FF-4110-A2F2-2A551F2019AD}.Debug|x86.Deploy.0 = Debug|x86
		{BCC1DBD8-87FF-4110-A2F2-2A551F2019AD}.Release|Any CPU.ActiveCfg = Release|Any CPU
		{BCC1DBD8-87FF-4110-A2F2-2A551F2019AD}.Release|Any CPU.Build.0 = Release|Any CPU
		{BCC1DBD8-87FF-4110-A2F2-2A551F2019AD}.Release|Any CPU.Deploy.0 = Release|Any CPU
		{BCC1DBD8-87FF-4110-A2F2-2A551F2019AD}.Release|ARM.ActiveCfg = Release|ARM
		{BCC1DBD8-87FF-4110-A2F2-2A551F2019AD}.Release|ARM.Build.0 = Release|ARM
		{BCC1DBD8-87FF-4110-A2F2-2A551F2019AD}.Release|ARM.Deploy.0 = Release|ARM
		{BCC1DBD8-87FF-4110-A2F2-2A551F2019AD}.Release|iPhone.ActiveCfg = Release|Any CPU
		{BCC1DBD8-87FF-4110-A2F2-2A551F2019AD}.Release|iPhone.Build.0 = Release|Any CPU
		{BCC1DBD8-87FF-4110-A2F2-2A551F2019AD}.Release|iPhone.Deploy.0 = Release|Any CPU
		{BCC1DBD8-87FF-4110-A2F2-2A551F2019AD}.Release|iPhoneSimulator.ActiveCfg = Release|Any CPU
		{BCC1DBD8-87FF-4110-A2F2-2A551F2019AD}.Release|iPhoneSimulator.Build.0 = Release|Any CPU
		{BCC1DBD8-87FF-4110-A2F2-2A551F2019AD}.Release|iPhoneSimulator.Deploy.0 = Release|Any CPU
		{BCC1DBD8-87FF-4110-A2F2-2A551F2019AD}.Release|x64.ActiveCfg = Release|Any CPU
		{BCC1DBD8-87FF-4110-A2F2-2A551F2019AD}.Release|x64.Build.0 = Release|Any CPU
		{BCC1DBD8-87FF-4110-A2F2-2A551F2019AD}.Release|x64.Deploy.0 = Release|Any CPU
		{BCC1DBD8-87FF-4110-A2F2-2A551F2019AD}.Release|x86.ActiveCfg = Release|x86
		{BCC1DBD8-87FF-4110-A2F2-2A551F2019AD}.Release|x86.Build.0 = Release|x86
		{BCC1DBD8-87FF-4110-A2F2-2A551F2019AD}.Release|x86.Deploy.0 = Release|x86
		{92A33414-A361-4825-A1DD-B71E6E5C2499}.Ad-Hoc|Any CPU.ActiveCfg = Release|x86
		{92A33414-A361-4825-A1DD-B71E6E5C2499}.Ad-Hoc|Any CPU.Build.0 = Release|x86
		{92A33414-A361-4825-A1DD-B71E6E5C2499}.Ad-Hoc|Any CPU.Deploy.0 = Release|x86
		{92A33414-A361-4825-A1DD-B71E6E5C2499}.Ad-Hoc|ARM.ActiveCfg = Release|ARM
		{92A33414-A361-4825-A1DD-B71E6E5C2499}.Ad-Hoc|ARM.Build.0 = Release|ARM
		{92A33414-A361-4825-A1DD-B71E6E5C2499}.Ad-Hoc|ARM.Deploy.0 = Release|ARM
		{92A33414-A361-4825-A1DD-B71E6E5C2499}.Ad-Hoc|iPhone.ActiveCfg = Release|x86
		{92A33414-A361-4825-A1DD-B71E6E5C2499}.Ad-Hoc|iPhone.Build.0 = Release|x86
		{92A33414-A361-4825-A1DD-B71E6E5C2499}.Ad-Hoc|iPhone.Deploy.0 = Release|x86
		{92A33414-A361-4825-A1DD-B71E6E5C2499}.Ad-Hoc|iPhoneSimulator.ActiveCfg = Release|x86
		{92A33414-A361-4825-A1DD-B71E6E5C2499}.Ad-Hoc|iPhoneSimulator.Build.0 = Release|x86
		{92A33414-A361-4825-A1DD-B71E6E5C2499}.Ad-Hoc|iPhoneSimulator.Deploy.0 = Release|x86
		{92A33414-A361-4825-A1DD-B71E6E5C2499}.Ad-Hoc|x64.ActiveCfg = Release|x64
		{92A33414-A361-4825-A1DD-B71E6E5C2499}.Ad-Hoc|x64.Build.0 = Release|x64
		{92A33414-A361-4825-A1DD-B71E6E5C2499}.Ad-Hoc|x64.Deploy.0 = Release|x64
		{92A33414-A361-4825-A1DD-B71E6E5C2499}.Ad-Hoc|x86.ActiveCfg = Release|x86
		{92A33414-A361-4825-A1DD-B71E6E5C2499}.Ad-Hoc|x86.Build.0 = Release|x86
		{92A33414-A361-4825-A1DD-B71E6E5C2499}.Ad-Hoc|x86.Deploy.0 = Release|x86
		{92A33414-A361-4825-A1DD-B71E6E5C2499}.AppStore|Any CPU.ActiveCfg = Release|x86
		{92A33414-A361-4825-A1DD-B71E6E5C2499}.AppStore|Any CPU.Build.0 = Release|x86
		{92A33414-A361-4825-A1DD-B71E6E5C2499}.AppStore|Any CPU.Deploy.0 = Release|x86
		{92A33414-A361-4825-A1DD-B71E6E5C2499}.AppStore|ARM.ActiveCfg = Release|ARM
		{92A33414-A361-4825-A1DD-B71E6E5C2499}.AppStore|ARM.Build.0 = Release|ARM
		{92A33414-A361-4825-A1DD-B71E6E5C2499}.AppStore|ARM.Deploy.0 = Release|ARM
		{92A33414-A361-4825-A1DD-B71E6E5C2499}.AppStore|iPhone.ActiveCfg = Release|x86
		{92A33414-A361-4825-A1DD-B71E6E5C2499}.AppStore|iPhone.Build.0 = Release|x86
		{92A33414-A361-4825-A1DD-B71E6E5C2499}.AppStore|iPhone.Deploy.0 = Release|x86
		{92A33414-A361-4825-A1DD-B71E6E5C2499}.AppStore|iPhoneSimulator.ActiveCfg = Release|x86
		{92A33414-A361-4825-A1DD-B71E6E5C2499}.AppStore|iPhoneSimulator.Build.0 = Release|x86
		{92A33414-A361-4825-A1DD-B71E6E5C2499}.AppStore|iPhoneSimulator.Deploy.0 = Release|x86
		{92A33414-A361-4825-A1DD-B71E6E5C2499}.AppStore|x64.ActiveCfg = Release|x64
		{92A33414-A361-4825-A1DD-B71E6E5C2499}.AppStore|x64.Build.0 = Release|x64
		{92A33414-A361-4825-A1DD-B71E6E5C2499}.AppStore|x64.Deploy.0 = Release|x64
		{92A33414-A361-4825-A1DD-B71E6E5C2499}.AppStore|x86.ActiveCfg = Release|x86
		{92A33414-A361-4825-A1DD-B71E6E5C2499}.AppStore|x86.Build.0 = Release|x86
		{92A33414-A361-4825-A1DD-B71E6E5C2499}.AppStore|x86.Deploy.0 = Release|x86
		{92A33414-A361-4825-A1DD-B71E6E5C2499}.Debug|Any CPU.ActiveCfg = Debug|x86
		{92A33414-A361-4825-A1DD-B71E6E5C2499}.Debug|ARM.ActiveCfg = Debug|ARM
		{92A33414-A361-4825-A1DD-B71E6E5C2499}.Debug|ARM.Build.0 = Debug|ARM
		{92A33414-A361-4825-A1DD-B71E6E5C2499}.Debug|ARM.Deploy.0 = Debug|ARM
		{92A33414-A361-4825-A1DD-B71E6E5C2499}.Debug|iPhone.ActiveCfg = Debug|x86
		{92A33414-A361-4825-A1DD-B71E6E5C2499}.Debug|iPhoneSimulator.ActiveCfg = Debug|x86
		{92A33414-A361-4825-A1DD-B71E6E5C2499}.Debug|x64.ActiveCfg = Debug|x64
		{92A33414-A361-4825-A1DD-B71E6E5C2499}.Debug|x64.Build.0 = Debug|x64
		{92A33414-A361-4825-A1DD-B71E6E5C2499}.Debug|x64.Deploy.0 = Debug|x64
		{92A33414-A361-4825-A1DD-B71E6E5C2499}.Debug|x86.ActiveCfg = Debug|x86
		{92A33414-A361-4825-A1DD-B71E6E5C2499}.Debug|x86.Build.0 = Debug|x86
		{92A33414-A361-4825-A1DD-B71E6E5C2499}.Debug|x86.Deploy.0 = Debug|x86
		{92A33414-A361-4825-A1DD-B71E6E5C2499}.Release|Any CPU.ActiveCfg = Release|x86
		{92A33414-A361-4825-A1DD-B71E6E5C2499}.Release|ARM.ActiveCfg = Release|ARM
		{92A33414-A361-4825-A1DD-B71E6E5C2499}.Release|ARM.Build.0 = Release|ARM
		{92A33414-A361-4825-A1DD-B71E6E5C2499}.Release|ARM.Deploy.0 = Release|ARM
		{92A33414-A361-4825-A1DD-B71E6E5C2499}.Release|iPhone.ActiveCfg = Release|x86
		{92A33414-A361-4825-A1DD-B71E6E5C2499}.Release|iPhoneSimulator.ActiveCfg = Release|x86
		{92A33414-A361-4825-A1DD-B71E6E5C2499}.Release|x64.ActiveCfg = Release|x64
		{92A33414-A361-4825-A1DD-B71E6E5C2499}.Release|x64.Build.0 = Release|x64
		{92A33414-A361-4825-A1DD-B71E6E5C2499}.Release|x64.Deploy.0 = Release|x64
		{92A33414-A361-4825-A1DD-B71E6E5C2499}.Release|x86.ActiveCfg = Release|x86
		{92A33414-A361-4825-A1DD-B71E6E5C2499}.Release|x86.Build.0 = Release|x86
		{92A33414-A361-4825-A1DD-B71E6E5C2499}.Release|x86.Deploy.0 = Release|x86
		{364785A1-AAAA-45E7-B600-DD30DAB38095}.Ad-Hoc|Any CPU.ActiveCfg = Release|Any CPU
		{364785A1-AAAA-45E7-B600-DD30DAB38095}.Ad-Hoc|Any CPU.Build.0 = Release|Any CPU
		{364785A1-AAAA-45E7-B600-DD30DAB38095}.Ad-Hoc|Any CPU.Deploy.0 = Release|Any CPU
		{364785A1-AAAA-45E7-B600-DD30DAB38095}.Ad-Hoc|ARM.ActiveCfg = Release|ARM
		{364785A1-AAAA-45E7-B600-DD30DAB38095}.Ad-Hoc|ARM.Build.0 = Release|ARM
		{364785A1-AAAA-45E7-B600-DD30DAB38095}.Ad-Hoc|ARM.Deploy.0 = Release|ARM
		{364785A1-AAAA-45E7-B600-DD30DAB38095}.Ad-Hoc|iPhone.ActiveCfg = Release|Any CPU
		{364785A1-AAAA-45E7-B600-DD30DAB38095}.Ad-Hoc|iPhone.Build.0 = Release|Any CPU
		{364785A1-AAAA-45E7-B600-DD30DAB38095}.Ad-Hoc|iPhone.Deploy.0 = Release|Any CPU
		{364785A1-AAAA-45E7-B600-DD30DAB38095}.Ad-Hoc|iPhoneSimulator.ActiveCfg = Release|Any CPU
		{364785A1-AAAA-45E7-B600-DD30DAB38095}.Ad-Hoc|iPhoneSimulator.Build.0 = Release|Any CPU
		{364785A1-AAAA-45E7-B600-DD30DAB38095}.Ad-Hoc|iPhoneSimulator.Deploy.0 = Release|Any CPU
		{364785A1-AAAA-45E7-B600-DD30DAB38095}.Ad-Hoc|x64.ActiveCfg = Release|x64
		{364785A1-AAAA-45E7-B600-DD30DAB38095}.Ad-Hoc|x64.Build.0 = Release|x64
		{364785A1-AAAA-45E7-B600-DD30DAB38095}.Ad-Hoc|x64.Deploy.0 = Release|x64
		{364785A1-AAAA-45E7-B600-DD30DAB38095}.Ad-Hoc|x86.ActiveCfg = Release|x86
		{364785A1-AAAA-45E7-B600-DD30DAB38095}.Ad-Hoc|x86.Build.0 = Release|x86
		{364785A1-AAAA-45E7-B600-DD30DAB38095}.Ad-Hoc|x86.Deploy.0 = Release|x86
		{364785A1-AAAA-45E7-B600-DD30DAB38095}.AppStore|Any CPU.ActiveCfg = Release|Any CPU
		{364785A1-AAAA-45E7-B600-DD30DAB38095}.AppStore|Any CPU.Build.0 = Release|Any CPU
		{364785A1-AAAA-45E7-B600-DD30DAB38095}.AppStore|Any CPU.Deploy.0 = Release|Any CPU
		{364785A1-AAAA-45E7-B600-DD30DAB38095}.AppStore|ARM.ActiveCfg = Release|ARM
		{364785A1-AAAA-45E7-B600-DD30DAB38095}.AppStore|ARM.Build.0 = Release|ARM
		{364785A1-AAAA-45E7-B600-DD30DAB38095}.AppStore|ARM.Deploy.0 = Release|ARM
		{364785A1-AAAA-45E7-B600-DD30DAB38095}.AppStore|iPhone.ActiveCfg = Release|Any CPU
		{364785A1-AAAA-45E7-B600-DD30DAB38095}.AppStore|iPhone.Build.0 = Release|Any CPU
		{364785A1-AAAA-45E7-B600-DD30DAB38095}.AppStore|iPhone.Deploy.0 = Release|Any CPU
		{364785A1-AAAA-45E7-B600-DD30DAB38095}.AppStore|iPhoneSimulator.ActiveCfg = Release|Any CPU
		{364785A1-AAAA-45E7-B600-DD30DAB38095}.AppStore|iPhoneSimulator.Build.0 = Release|Any CPU
		{364785A1-AAAA-45E7-B600-DD30DAB38095}.AppStore|iPhoneSimulator.Deploy.0 = Release|Any CPU
		{364785A1-AAAA-45E7-B600-DD30DAB38095}.AppStore|x64.ActiveCfg = Release|x64
		{364785A1-AAAA-45E7-B600-DD30DAB38095}.AppStore|x64.Build.0 = Release|x64
		{364785A1-AAAA-45E7-B600-DD30DAB38095}.AppStore|x64.Deploy.0 = Release|x64
		{364785A1-AAAA-45E7-B600-DD30DAB38095}.AppStore|x86.ActiveCfg = Release|x86
		{364785A1-AAAA-45E7-B600-DD30DAB38095}.AppStore|x86.Build.0 = Release|x86
		{364785A1-AAAA-45E7-B600-DD30DAB38095}.AppStore|x86.Deploy.0 = Release|x86
		{364785A1-AAAA-45E7-B600-DD30DAB38095}.Debug|Any CPU.ActiveCfg = Debug|Any CPU
		{364785A1-AAAA-45E7-B600-DD30DAB38095}.Debug|Any CPU.Build.0 = Debug|Any CPU
		{364785A1-AAAA-45E7-B600-DD30DAB38095}.Debug|Any CPU.Deploy.0 = Debug|Any CPU
		{364785A1-AAAA-45E7-B600-DD30DAB38095}.Debug|ARM.ActiveCfg = Debug|ARM
		{364785A1-AAAA-45E7-B600-DD30DAB38095}.Debug|ARM.Build.0 = Debug|ARM
		{364785A1-AAAA-45E7-B600-DD30DAB38095}.Debug|ARM.Deploy.0 = Debug|ARM
		{364785A1-AAAA-45E7-B600-DD30DAB38095}.Debug|iPhone.ActiveCfg = Debug|Any CPU
		{364785A1-AAAA-45E7-B600-DD30DAB38095}.Debug|iPhone.Build.0 = Debug|Any CPU
		{364785A1-AAAA-45E7-B600-DD30DAB38095}.Debug|iPhone.Deploy.0 = Debug|Any CPU
		{364785A1-AAAA-45E7-B600-DD30DAB38095}.Debug|iPhoneSimulator.ActiveCfg = Debug|Any CPU
		{364785A1-AAAA-45E7-B600-DD30DAB38095}.Debug|iPhoneSimulator.Build.0 = Debug|Any CPU
		{364785A1-AAAA-45E7-B600-DD30DAB38095}.Debug|iPhoneSimulator.Deploy.0 = Debug|Any CPU
		{364785A1-AAAA-45E7-B600-DD30DAB38095}.Debug|x64.ActiveCfg = Debug|x64
		{364785A1-AAAA-45E7-B600-DD30DAB38095}.Debug|x64.Build.0 = Debug|x64
		{364785A1-AAAA-45E7-B600-DD30DAB38095}.Debug|x64.Deploy.0 = Debug|x64
		{364785A1-AAAA-45E7-B600-DD30DAB38095}.Debug|x86.ActiveCfg = Debug|x86
		{364785A1-AAAA-45E7-B600-DD30DAB38095}.Debug|x86.Build.0 = Debug|x86
		{364785A1-AAAA-45E7-B600-DD30DAB38095}.Debug|x86.Deploy.0 = Debug|x86
		{364785A1-AAAA-45E7-B600-DD30DAB38095}.Release|Any CPU.ActiveCfg = Release|Any CPU
		{364785A1-AAAA-45E7-B600-DD30DAB38095}.Release|Any CPU.Build.0 = Release|Any CPU
		{364785A1-AAAA-45E7-B600-DD30DAB38095}.Release|Any CPU.Deploy.0 = Release|Any CPU
		{364785A1-AAAA-45E7-B600-DD30DAB38095}.Release|ARM.ActiveCfg = Release|ARM
		{364785A1-AAAA-45E7-B600-DD30DAB38095}.Release|ARM.Build.0 = Release|ARM
		{364785A1-AAAA-45E7-B600-DD30DAB38095}.Release|ARM.Deploy.0 = Release|ARM
		{364785A1-AAAA-45E7-B600-DD30DAB38095}.Release|iPhone.ActiveCfg = Release|Any CPU
		{364785A1-AAAA-45E7-B600-DD30DAB38095}.Release|iPhone.Build.0 = Release|Any CPU
		{364785A1-AAAA-45E7-B600-DD30DAB38095}.Release|iPhone.Deploy.0 = Release|Any CPU
		{364785A1-AAAA-45E7-B600-DD30DAB38095}.Release|iPhoneSimulator.ActiveCfg = Release|Any CPU
		{364785A1-AAAA-45E7-B600-DD30DAB38095}.Release|iPhoneSimulator.Build.0 = Release|Any CPU
		{364785A1-AAAA-45E7-B600-DD30DAB38095}.Release|iPhoneSimulator.Deploy.0 = Release|Any CPU
		{364785A1-AAAA-45E7-B600-DD30DAB38095}.Release|x64.ActiveCfg = Release|x64
		{364785A1-AAAA-45E7-B600-DD30DAB38095}.Release|x64.Build.0 = Release|x64
		{364785A1-AAAA-45E7-B600-DD30DAB38095}.Release|x64.Deploy.0 = Release|x64
		{364785A1-AAAA-45E7-B600-DD30DAB38095}.Release|x86.ActiveCfg = Release|x86
		{364785A1-AAAA-45E7-B600-DD30DAB38095}.Release|x86.Build.0 = Release|x86
		{364785A1-AAAA-45E7-B600-DD30DAB38095}.Release|x86.Deploy.0 = Release|x86
		{6E8C6FA9-E411-4F1B-B19B-AF634B30F1B7}.Ad-Hoc|Any CPU.ActiveCfg = Release|Any CPU
		{6E8C6FA9-E411-4F1B-B19B-AF634B30F1B7}.Ad-Hoc|Any CPU.Build.0 = Release|Any CPU
		{6E8C6FA9-E411-4F1B-B19B-AF634B30F1B7}.Ad-Hoc|ARM.ActiveCfg = Release|Any CPU
		{6E8C6FA9-E411-4F1B-B19B-AF634B30F1B7}.Ad-Hoc|ARM.Build.0 = Release|Any CPU
		{6E8C6FA9-E411-4F1B-B19B-AF634B30F1B7}.Ad-Hoc|iPhone.ActiveCfg = Release|Any CPU
		{6E8C6FA9-E411-4F1B-B19B-AF634B30F1B7}.Ad-Hoc|iPhone.Build.0 = Release|Any CPU
		{6E8C6FA9-E411-4F1B-B19B-AF634B30F1B7}.Ad-Hoc|iPhoneSimulator.ActiveCfg = Release|Any CPU
		{6E8C6FA9-E411-4F1B-B19B-AF634B30F1B7}.Ad-Hoc|iPhoneSimulator.Build.0 = Release|Any CPU
		{6E8C6FA9-E411-4F1B-B19B-AF634B30F1B7}.Ad-Hoc|x64.ActiveCfg = Release|Any CPU
		{6E8C6FA9-E411-4F1B-B19B-AF634B30F1B7}.Ad-Hoc|x64.Build.0 = Release|Any CPU
		{6E8C6FA9-E411-4F1B-B19B-AF634B30F1B7}.Ad-Hoc|x86.ActiveCfg = Release|Any CPU
		{6E8C6FA9-E411-4F1B-B19B-AF634B30F1B7}.Ad-Hoc|x86.Build.0 = Release|Any CPU
		{6E8C6FA9-E411-4F1B-B19B-AF634B30F1B7}.AppStore|Any CPU.ActiveCfg = Release|Any CPU
		{6E8C6FA9-E411-4F1B-B19B-AF634B30F1B7}.AppStore|Any CPU.Build.0 = Release|Any CPU
		{6E8C6FA9-E411-4F1B-B19B-AF634B30F1B7}.AppStore|ARM.ActiveCfg = Release|Any CPU
		{6E8C6FA9-E411-4F1B-B19B-AF634B30F1B7}.AppStore|ARM.Build.0 = Release|Any CPU
		{6E8C6FA9-E411-4F1B-B19B-AF634B30F1B7}.AppStore|iPhone.ActiveCfg = Release|Any CPU
		{6E8C6FA9-E411-4F1B-B19B-AF634B30F1B7}.AppStore|iPhone.Build.0 = Release|Any CPU
		{6E8C6FA9-E411-4F1B-B19B-AF634B30F1B7}.AppStore|iPhoneSimulator.ActiveCfg = Release|Any CPU
		{6E8C6FA9-E411-4F1B-B19B-AF634B30F1B7}.AppStore|iPhoneSimulator.Build.0 = Release|Any CPU
		{6E8C6FA9-E411-4F1B-B19B-AF634B30F1B7}.AppStore|x64.ActiveCfg = Release|Any CPU
		{6E8C6FA9-E411-4F1B-B19B-AF634B30F1B7}.AppStore|x64.Build.0 = Release|Any CPU
		{6E8C6FA9-E411-4F1B-B19B-AF634B30F1B7}.AppStore|x86.ActiveCfg = Release|Any CPU
		{6E8C6FA9-E411-4F1B-B19B-AF634B30F1B7}.AppStore|x86.Build.0 = Release|Any CPU
		{6E8C6FA9-E411-4F1B-B19B-AF634B30F1B7}.Debug|Any CPU.ActiveCfg = Debug|Any CPU
		{6E8C6FA9-E411-4F1B-B19B-AF634B30F1B7}.Debug|Any CPU.Build.0 = Debug|Any CPU
		{6E8C6FA9-E411-4F1B-B19B-AF634B30F1B7}.Debug|ARM.ActiveCfg = Debug|Any CPU
		{6E8C6FA9-E411-4F1B-B19B-AF634B30F1B7}.Debug|ARM.Build.0 = Debug|Any CPU
		{6E8C6FA9-E411-4F1B-B19B-AF634B30F1B7}.Debug|iPhone.ActiveCfg = Debug|Any CPU
		{6E8C6FA9-E411-4F1B-B19B-AF634B30F1B7}.Debug|iPhone.Build.0 = Debug|Any CPU
		{6E8C6FA9-E411-4F1B-B19B-AF634B30F1B7}.Debug|iPhoneSimulator.ActiveCfg = Debug|Any CPU
		{6E8C6FA9-E411-4F1B-B19B-AF634B30F1B7}.Debug|iPhoneSimulator.Build.0 = Debug|Any CPU
		{6E8C6FA9-E411-4F1B-B19B-AF634B30F1B7}.Debug|x64.ActiveCfg = Debug|Any CPU
		{6E8C6FA9-E411-4F1B-B19B-AF634B30F1B7}.Debug|x64.Build.0 = Debug|Any CPU
		{6E8C6FA9-E411-4F1B-B19B-AF634B30F1B7}.Debug|x86.ActiveCfg = Debug|Any CPU
		{6E8C6FA9-E411-4F1B-B19B-AF634B30F1B7}.Debug|x86.Build.0 = Debug|Any CPU
		{6E8C6FA9-E411-4F1B-B19B-AF634B30F1B7}.Release|Any CPU.ActiveCfg = Release|Any CPU
		{6E8C6FA9-E411-4F1B-B19B-AF634B30F1B7}.Release|Any CPU.Build.0 = Release|Any CPU
		{6E8C6FA9-E411-4F1B-B19B-AF634B30F1B7}.Release|ARM.ActiveCfg = Release|Any CPU
		{6E8C6FA9-E411-4F1B-B19B-AF634B30F1B7}.Release|ARM.Build.0 = Release|Any CPU
		{6E8C6FA9-E411-4F1B-B19B-AF634B30F1B7}.Release|iPhone.ActiveCfg = Release|Any CPU
		{6E8C6FA9-E411-4F1B-B19B-AF634B30F1B7}.Release|iPhone.Build.0 = Release|Any CPU
		{6E8C6FA9-E411-4F1B-B19B-AF634B30F1B7}.Release|iPhoneSimulator.ActiveCfg = Release|Any CPU
		{6E8C6FA9-E411-4F1B-B19B-AF634B30F1B7}.Release|iPhoneSimulator.Build.0 = Release|Any CPU
		{6E8C6FA9-E411-4F1B-B19B-AF634B30F1B7}.Release|x64.ActiveCfg = Release|Any CPU
		{6E8C6FA9-E411-4F1B-B19B-AF634B30F1B7}.Release|x64.Build.0 = Release|Any CPU
		{6E8C6FA9-E411-4F1B-B19B-AF634B30F1B7}.Release|x86.ActiveCfg = Release|Any CPU
		{6E8C6FA9-E411-4F1B-B19B-AF634B30F1B7}.Release|x86.Build.0 = Release|Any CPU
	EndGlobalSection
	GlobalSection(SolutionProperties) = preSolution
		HideSolutionNode = FALSE
	EndGlobalSection
EndGlobal
